// !$*UTF8*$!
{
	archiveVersion = 1;
	classes = {
	};
	objectVersion = 46;
	objects = {

/* Begin PBXBuildFile section */
		012349AF9B98169B9D8FDC14 /* hsp3embed.cpp in Sources */ = {isa = PBXBuildFile; fileRef = 73684732875E4B1EACC493E0 /* hsp3embed.cpp */; };
		02F249CA9D950F0CA3188AB6 /* gpcam.cpp in Sources */ = {isa = PBXBuildFile; fileRef = 2ECF48F0B3EE880A4FEC3F2D /* gpcam.cpp */; };
		03844BAD9D25B1BD02A5E0D8 /* random.h in Headers */ = {isa = PBXBuildFile; fileRef = 60F546DF81D20C8AC8DD211B /* random.h */; };
		07B54296A8C44DFC72EA88FE /* texmes.h in Headers */ = {isa = PBXBuildFile; fileRef = 9CB1474090DF3A4593016906 /* texmes.h */; };
		081946C28EF35783EFC97986 /* hsp3int.h in Headers */ = {isa = PBXBuildFile; fileRef = 416343438B3437EE9FA0EB61 /* hsp3int.h */; };
		09DB418E94126766D44A09C6 /* hsp3code.h in Headers */ = {isa = PBXBuildFile; fileRef = 2B9D4EE08335C04ED81932CC /* hsp3code.h */; };
		0DD44CA6B2F68FCE7530AFC7 /* hsp3dw.cpp in Sources */ = {isa = PBXBuildFile; fileRef = 0C38420C8205515286FC619E /* hsp3dw.cpp */; };
		12A04033813F3054DBA37296 /* fontsystem.cpp in Sources */ = {isa = PBXBuildFile; fileRef = 275A490EB2D097467D27CD39 /* fontsystem.cpp */; };
		1671457C9775A1B844F7DDDB /* stb_image.h in Headers */ = {isa = PBXBuildFile; fileRef = 4A894908BCF872BCBCD02E12 /* stb_image.h */; };
		184949948098BB720F0177B9 /* hspvar_util.h in Headers */ = {isa = PBXBuildFile; fileRef = B17C42FD8E9E443997E4F393 /* hspvar_util.h */; };
		192D4F818D2B3F4B645756DA /* hsp3gr.h in Headers */ = {isa = PBXBuildFile; fileRef = 84CE4157A533280B67B27864 /* hsp3gr.h */; };
		1E0417D3189A70E5003F87D6 /* Default-568h@2x.png in Resources */ = {isa = PBXBuildFile; fileRef = 1E0417D0189A70E5003F87D6 /* Default-568h@2x.png */; };
		1E0417D4189A70E5003F87D6 /* Default.png in Resources */ = {isa = PBXBuildFile; fileRef = 1E0417D1189A70E5003F87D6 /* Default.png */; };
		1E0417D5189A70E5003F87D6 /* Default@2x.png in Resources */ = {isa = PBXBuildFile; fileRef = 1E0417D2189A70E5003F87D6 /* Default@2x.png */; };
		1E480DAF1859C4540052A2F2 /* Foundation.framework in Frameworks */ = {isa = PBXBuildFile; fileRef = 1E480DAE1859C4540052A2F2 /* Foundation.framework */; };
		1E480DB11859C4540052A2F2 /* CoreGraphics.framework in Frameworks */ = {isa = PBXBuildFile; fileRef = 1E480DB01859C4540052A2F2 /* CoreGraphics.framework */; };
		1E480DB31859C4540052A2F2 /* UIKit.framework in Frameworks */ = {isa = PBXBuildFile; fileRef = 1E480DB21859C4540052A2F2 /* UIKit.framework */; };
		1E480DB91859C4540052A2F2 /* InfoPlist.strings in Resources */ = {isa = PBXBuildFile; fileRef = 1E480DB71859C4540052A2F2 /* InfoPlist.strings */; };
		1E480DBB1859C4540052A2F2 /* main.m in Sources */ = {isa = PBXBuildFile; fileRef = 1E480DBA1859C4540052A2F2 /* main.m */; };
		1E480DBF1859C4540052A2F2 /* AppDelegate.m in Sources */ = {isa = PBXBuildFile; fileRef = 1E480DBE1859C4540052A2F2 /* AppDelegate.m */; };
		1E480DE21859C4A60052A2F2 /* AudioToolbox.framework in Frameworks */ = {isa = PBXBuildFile; fileRef = 1E480DDD1859C4A60052A2F2 /* AudioToolbox.framework */; };
		1E480DE31859C4A60052A2F2 /* iAd.framework in Frameworks */ = {isa = PBXBuildFile; fileRef = 1E480DDE1859C4A60052A2F2 /* iAd.framework */; };
		1E480DE41859C4A60052A2F2 /* OpenAL.framework in Frameworks */ = {isa = PBXBuildFile; fileRef = 1E480DDF1859C4A60052A2F2 /* OpenAL.framework */; };
		1E480DE51859C4A60052A2F2 /* OpenGLES.framework in Frameworks */ = {isa = PBXBuildFile; fileRef = 1E480DE01859C4A60052A2F2 /* OpenGLES.framework */; };
		1E480DE61859C4A60052A2F2 /* QuartzCore.framework in Frameworks */ = {isa = PBXBuildFile; fileRef = 1E480DE11859C4A60052A2F2 /* QuartzCore.framework */; };
		1E6849631859C5D200603D88 /* hspsource.cpp in Sources */ = {isa = PBXBuildFile; fileRef = 1E6849621859C5D200603D88 /* hspsource.cpp */; };
		1EA5558F189A462D00344013 /* icon57.png in Resources */ = {isa = PBXBuildFile; fileRef = 1EA5558C189A462D00344013 /* icon57.png */; };
		1EA55590189A462D00344013 /* icon58.png in Resources */ = {isa = PBXBuildFile; fileRef = 1EA5558D189A462D00344013 /* icon58.png */; };
		1EA55591189A462D00344013 /* icon120.png in Resources */ = {isa = PBXBuildFile; fileRef = 1EA5558E189A462D00344013 /* icon120.png */; };
		20324124BB09BA9F9D73F7E5 /* gpevent.h in Headers */ = {isa = PBXBuildFile; fileRef = E6FC46E9A66B0B04D27EFDAD /* gpevent.h */; };
		206348548EEBC58E4BCCC8E1 /* webtask_ios.cpp in Sources */ = {isa = PBXBuildFile; fileRef = 29DC47CEB8BDE2FD7E6ADF40 /* webtask_ios.cpp */; };
		23264F4BB87DB01BF7F5BDDA /* geometry.cpp in Sources */ = {isa = PBXBuildFile; fileRef = F8F644E4BA116135C0E05287 /* geometry.cpp */; };
		303D42A5BEE029E0EFC14CF9 /* mmman.h in Headers */ = {isa = PBXBuildFile; fileRef = 8ECC4A1BA79325CAC4A9D930 /* mmman.h */; };
		33EE451F8AC48A1E0434A9F7 /* shader_sprite.h in Headers */ = {isa = PBXBuildFile; fileRef = 314E49FEA4777C9E8117C663 /* shader_sprite.h */; };
		36864899B0466D345CB9F00C /* stack.cpp in Sources */ = {isa = PBXBuildFile; fileRef = 486F420D91FFD79F55936B72 /* stack.cpp */; };
		37FA480989D4091312E64A45 /* random.cpp in Sources */ = {isa = PBXBuildFile; fileRef = DBE14AC4B333540156B5F90F /* random.cpp */; };
		39084912BCA1D466E9617D49 /* HspView.h in Headers */ = {isa = PBXBuildFile; fileRef = CB194D0FB3556486D7BAB237 /* HspView.h */; };
		3962449AA06E0D0D10972C17 /* hsp3debug.h in Headers */ = {isa = PBXBuildFile; fileRef = 1F6D4E9EB01E4A4EDF2D834C /* hsp3debug.h */; };
		3A154BE69BFE7D7A5E45AAA1 /* hspvar_double.cpp in Sources */ = {isa = PBXBuildFile; fileRef = 2E184873BD3867680C77BFBE /* hspvar_double.cpp */; };
		3BB6404B8BB719A890575377 /* gpmat.h in Headers */ = {isa = PBXBuildFile; fileRef = AF4048A4A8095C705B43C3FF /* gpmat.h */; };
		3C0F4A91B7ED96281C09A867 /* webtask.h in Headers */ = {isa = PBXBuildFile; fileRef = 04874E02ADAD565ED7A31AFC /* webtask.h */; };
		3C2C4BA39ECAB00C3E9D0EF4 /* geometry.h in Headers */ = {isa = PBXBuildFile; fileRef = EEAF44F79206283208E49180 /* geometry.h */; };
		3CBB421CAEB0926639305606 /* sysreq.cpp in Sources */ = {isa = PBXBuildFile; fileRef = EB0540F28B6E69D497084F93 /* sysreq.cpp */; };
		3F7848F5BF087706CFCCBC4C /* hsp3debug.cpp in Sources */ = {isa = PBXBuildFile; fileRef = CC0C47348D72DB9077497996 /* hsp3debug.cpp */; };
		44CF408BA266D4F2D0D260DA /* essprite.h in Headers */ = {isa = PBXBuildFile; fileRef = 62BE442A8374E42156A8A343 /* essprite.h */; };
		45FE43E4A77C05E518F73B20 /* gpphy.cpp in Sources */ = {isa = PBXBuildFile; fileRef = D69F4C80AF069A621D41D365 /* gpphy.cpp */; };
		49E64E9E8D1A228F338B4BCE /* supio_ios.h in Headers */ = {isa = PBXBuildFile; fileRef = 751A4B0687FDB39A02AE694E /* supio_ios.h */; };
		4B554288BE859A40191DDE61 /* PlatformiOS.mm in Sources */ = {isa = PBXBuildFile; fileRef = 24244186910E275C8A4804BB /* PlatformiOS.mm */; };
		4C4D4DF790FFEA4DAA4B9F04 /* gpphy.h in Headers */ = {isa = PBXBuildFile; fileRef = 30D5466A899432B7227D319C /* gpphy.h */; };
		4F284EE09AF61F4BFB93E1AB /* gpevent.cpp in Sources */ = {isa = PBXBuildFile; fileRef = ED7047F4BCF05A3D0F406C88 /* gpevent.cpp */; };
		517A4AAF972CA98FA376B337 /* hsp3gr_dish.h in Headers */ = {isa = PBXBuildFile; fileRef = 331E43E0B32FAEAFF017FB8D /* hsp3gr_dish.h */; };
		537E4425922C06551574F2ED /* Canvas.h in Headers */ = {isa = PBXBuildFile; fileRef = 8A35476BB73DA36D95F8F8F0 /* Canvas.h */; };
		553148DFAFEF2292FD45736C /* hspvar_core.h in Headers */ = {isa = PBXBuildFile; fileRef = E2F94039885B6EEABD81A978 /* hspvar_core.h */; };
		59604EE8BCAFE5D5B5FE4D53 /* hspvar_str.cpp in Sources */ = {isa = PBXBuildFile; fileRef = F408455CB37D502808134CD9 /* hspvar_str.cpp */; };
		59E44F8A91DACD2407C568F6 /* mmman.mm in Sources */ = {isa = PBXBuildFile; fileRef = FAE24A3DB12E0DBB7969A6AF /* mmman.mm */; };
		5B074CE5B334A1A370406721 /* hspwnd_dish.h in Headers */ = {isa = PBXBuildFile; fileRef = DDB14D08BEBAC417301D2691 /* hspwnd_dish.h */; };
		5B1040578EA1AD3AE7A73488 /* vessel.h in Headers */ = {isa = PBXBuildFile; fileRef = 7A5D4B1E9BBC6AE25C1B56F1 /* vessel.h */; };
		5C02418DA5EF17B87FD4A13F /* gplgt.h in Headers */ = {isa = PBXBuildFile; fileRef = C15A4CB48EA7F40CC3B6FE10 /* gplgt.h */; };
		5CD94DF69DC63C0BFF8330F5 /* hsp3embed.h in Headers */ = {isa = PBXBuildFile; fileRef = BDB7413399B9B88A1665F482 /* hsp3embed.h */; };
		5D3B4355A13ACE54B580DDE7 /* hspvar_label.cpp in Sources */ = {isa = PBXBuildFile; fileRef = FF57449B8F5E86BA311081EF /* hspvar_label.cpp */; };
		5F0741059C74B43A4BFD67DF /* rock.cpp in Sources */ = {isa = PBXBuildFile; fileRef = 8E96448CA482BB9958D8051B /* rock.cpp */; };
		64254026A171988BB46BA02E /* gpmat.cpp in Sources */ = {isa = PBXBuildFile; fileRef = D1974D0798728C3C0A5F5C9E /* gpmat.cpp */; };
		64CB42539DB8EEA4A091174F /* hsp3struct.h in Headers */ = {isa = PBXBuildFile; fileRef = FE2C4F9A942E652847FAF510 /* hsp3struct.h */; };
		668E43F78B1E92EC8E7DDF2D /* vessel.cpp in Sources */ = {isa = PBXBuildFile; fileRef = F63E4E0EAA64F07565CEEDBD /* vessel.cpp */; };
		683448999FC6394299885720 /* appengine.h in Headers */ = {isa = PBXBuildFile; fileRef = 0B584E45AA4FB57E413BF89C /* appengine.h */; };
		693B4EBB896C2134442D7742 /* HspViewController.h in Headers */ = {isa = PBXBuildFile; fileRef = E5EE4AAEB22CEF1D6357A595 /* HspViewController.h */; };
		697D4986A1D681D56FEFD1DB /* hspvar_core.cpp in Sources */ = {isa = PBXBuildFile; fileRef = BFFB4E2DB32E628B9CCEACFF /* hspvar_core.cpp */; };
		6C034784AA58C90F3E0D069D /* hgio.h in Headers */ = {isa = PBXBuildFile; fileRef = 641D4FE28C17AF55AE303916 /* hgio.h */; };
		6DD24DF78F29ED05DA1E87B8 /* iOSBridge.mm in Sources */ = {isa = PBXBuildFile; fileRef = 5C0B40FC96BD5BFEB5937520 /* iOSBridge.mm */; };
		6DF54BE1BDD69702229B8915 /* supio.h in Headers */ = {isa = PBXBuildFile; fileRef = 6FCD4227A8498298138BB0BA /* supio.h */; };
		6E1245C2A69FDE0A5353D947 /* hsp3gr_dish.cpp in Sources */ = {isa = PBXBuildFile; fileRef = 969C4C779F5538D8E6CE1417 /* hsp3gr_dish.cpp */; };
		6EC94F68BC2622A7D5BD3FC9 /* HspView.mm in Sources */ = {isa = PBXBuildFile; fileRef = CD9E49C19FAA954237527EF5 /* HspView.mm */; };
		716E4DB2991C4A5CBCB72E51 /* game.h in Headers */ = {isa = PBXBuildFile; fileRef = F75543F0AADB7137A07680E7 /* game.h */; };
		74D54B1F9BF0D9315AD9385D /* hsp3dw.h in Headers */ = {isa = PBXBuildFile; fileRef = DCFE4233923CD0AEAE7F5508 /* hsp3dw.h */; };
		772142249C66D9BE02F9E834 /* misc.mm in Sources */ = {isa = PBXBuildFile; fileRef = 72D34C00B9479A317245DEF5 /* misc.mm */; };
		784C4A23BAB84796EF130F8C /* strbuf.h in Headers */ = {isa = PBXBuildFile; fileRef = 75AB43E7BE06810CF942FA77 /* strbuf.h */; };
		80634A11BF9E452109FD802E /* hgtex.h in Headers */ = {isa = PBXBuildFile; fileRef = 784B417CB142187FC9CB354E /* hgtex.h */; };
		807645E1B020306D2DA278E6 /* font_data.h in Headers */ = {isa = PBXBuildFile; fileRef = 21F14D49906B63151F544434 /* font_data.h */; };
		8ABB45DDB346DFA11F1CC447 /* dpmread.h in Headers */ = {isa = PBXBuildFile; fileRef = 6EEA4E169E59233BCD0AD2CC /* dpmread.h */; };
		8B6844019F30348554D18FE8 /* hspvar_struct.cpp in Sources */ = {isa = PBXBuildFile; fileRef = C56D4B90A47A12F87DD4E576 /* hspvar_struct.cpp */; };
		8BB54F3B82463163DD302183 /* sysreq.h in Headers */ = {isa = PBXBuildFile; fileRef = 764E467BA3BDB3F195A49EC1 /* sysreq.h */; };
		8C9E4B5080C17AF5C792516E /* hsp3r.cpp in Sources */ = {isa = PBXBuildFile; fileRef = 35FC43F9A6D6895054FDE365 /* hsp3r.cpp */; };
		8F1048498A3F6E16625E0084 /* gamePhysics.h in Headers */ = {isa = PBXBuildFile; fileRef = C6124D1E8332FAB12D92DFDC /* gamePhysics.h */; };
		92D04FA0A0508C6670501A3C /* hsp3int.cpp in Sources */ = {isa = PBXBuildFile; fileRef = D2684604AA61541D8090B683 /* hsp3int.cpp */; };
		93A64C38A03E45C7CAE193E2 /* hspwnd_dish.cpp in Sources */ = {isa = PBXBuildFile; fileRef = C67E453DAC1C5FB28955A18D /* hspwnd_dish.cpp */; };
		96E242B6BB8FC9A98C2CE3E9 /* webtask_ios.h in Headers */ = {isa = PBXBuildFile; fileRef = E3874466BB20D3DA9C442BF8 /* webtask_ios.h */; };
		982B4BD3926F944F863798DE /* hspwnd_edit.cpp in Sources */ = {isa = PBXBuildFile; fileRef = 74CE47E9A422927635E1708E /* hspwnd_edit.cpp */; };
		988E434EB3DEFF5C86864CB3 /* omkedraw.h in Headers */ = {isa = PBXBuildFile; fileRef = D909454CBC820270FA0CACDD /* omkedraw.h */; };
		9901434EAB961B497A141218 /* strnote.cpp in Sources */ = {isa = PBXBuildFile; fileRef = 0E104CB89997F644D7422F6B /* strnote.cpp */; };
		99A84FAF8F821A7C359C40DE /* ptttypes.h in Headers */ = {isa = PBXBuildFile; fileRef = 4B2D4A89B423AC0E2807DAD3 /* ptttypes.h */; };
		9BB54328A77284A3EF769F86 /* hgiox.cpp in Sources */ = {isa = PBXBuildFile; fileRef = 3F0A4B33B0046B36989CCB8D /* hgiox.cpp */; };
		9D604E1E9C1ACB42A5D26A28 /* gpcam.h in Headers */ = {isa = PBXBuildFile; fileRef = 21A644D292C10A66FD921DAA /* gpcam.h */; };
		9F244DEEB848355D172FB9BD /* Image.mm in Sources */ = {isa = PBXBuildFile; fileRef = 74D84BACBCB48187101797F5 /* Image.mm */; };
		A06C43248A14CFDFA7ADE7C4 /* hsp3ext.h in Headers */ = {isa = PBXBuildFile; fileRef = 32FE4810A2A4406D38F83791 /* hsp3ext.h */; };
		A130471A9146B7F8FFAE6BCB /* iOSgpBridge.mm in Sources */ = {isa = PBXBuildFile; fileRef = 2D534010BC70D5703282C05D /* iOSgpBridge.mm */; };
		A19B4FA58606AE6D3E3E359B /* strnote.h in Headers */ = {isa = PBXBuildFile; fileRef = 47F24384BA9F33587EEF40D1 /* strnote.h */; };
		A2544C68BE41D061E162A424 /* supio_ios.cpp in Sources */ = {isa = PBXBuildFile; fileRef = 5D9046EDBC6414468746647E /* supio_ios.cpp */; };
		A4814C419494FE053B6EF139 /* fontsystem.h in Headers */ = {isa = PBXBuildFile; fileRef = 20034CA7AEB96407ABC72966 /* fontsystem.h */; };
		A72C42FF89BD06B6C6B2AE8D /* rock.h in Headers */ = {isa = PBXBuildFile; fileRef = 79E04C1BB8FA536B2CCE1491 /* rock.h */; };
		ABE646D69A31884F923EDB47 /* iOSBridge.h in Headers */ = {isa = PBXBuildFile; fileRef = 1A324C10B267F9F8E046CC1E /* iOSBridge.h */; };
		AEDA49A8966B9024A1C853EB /* essprite.cpp in Sources */ = {isa = PBXBuildFile; fileRef = F32F48DB9D82C524816F5F9B /* essprite.cpp */; };
		B00249B78674B9D8949192D3 /* hspwnd_obj.cpp in Sources */ = {isa = PBXBuildFile; fileRef = 39EB4BF3867270E8D3D8C7A6 /* hspwnd_obj.cpp */; };
		B34D436DB3EC7820CCE06FB3 /* gamehsp.h in Headers */ = {isa = PBXBuildFile; fileRef = FADC4999918F0D96905C85FD /* gamehsp.h */; };
		B80643FE8B381E1B70386C9E /* Image.h in Headers */ = {isa = PBXBuildFile; fileRef = F1B942DFB79DDB7D7DBE23DD /* Image.h */; };
		B95C432BB2D64A698D4B46E8 /* misc.h in Headers */ = {isa = PBXBuildFile; fileRef = 47B3426480C06706469F2E44 /* misc.h */; };
		BC4A436BBACD927972D66C97 /* hsp3config.h in Headers */ = {isa = PBXBuildFile; fileRef = 596D4722983E513FA591C2EB /* hsp3config.h */; };
		BD9F430F84B27A1FAE72D916 /* gplgt.cpp in Sources */ = {isa = PBXBuildFile; fileRef = 9F694E5D93267C2A51E64E37 /* gplgt.cpp */; };
		C2934DCB94D04B8EB62C65D5 /* OBAQlicense.txt in Resources */ = {isa = PBXBuildFile; fileRef = 3A234508AF39D66A8D10C04F /* OBAQlicense.txt */; };
		C3C64C8693E6E7F1BDF54AB9 /* Graphics.mm in Sources */ = {isa = PBXBuildFile; fileRef = 21894E3BA59C2D672D057F70 /* Graphics.mm */; };
		C6834057B7C40D3AB1A3066C /* gamehsp.cpp in Sources */ = {isa = PBXBuildFile; fileRef = 7FC945488EF23AE04C49794E /* gamehsp.cpp */; };
		C71645B2BF2409F694853238 /* strbuf.cpp in Sources */ = {isa = PBXBuildFile; fileRef = CE0B43CD962D32F569340A70 /* strbuf.cpp */; };
		CD844747B962D6211946BD91 /* hsp3ext_ios.h in Headers */ = {isa = PBXBuildFile; fileRef = C8234B6AB1B6C5BA393162FD /* hsp3ext_ios.h */; };
		D1BE4BA0B1576E60E4FB4FC4 /* hsp3ext_ios.cpp in Sources */ = {isa = PBXBuildFile; fileRef = 3DD944E59850B38BAC47D590 /* hsp3ext_ios.cpp */; };
		D2114F12B5842DF30D3F00A5 /* hspvar_util.cpp in Sources */ = {isa = PBXBuildFile; fileRef = A0E248BD87F744C4AD6EA55B /* hspvar_util.cpp */; };
		D9BD431ABA0E4893891C79E4 /* texmes.cpp in Sources */ = {isa = PBXBuildFile; fileRef = 6D454F69AC9605D7DB8D39D5 /* texmes.cpp */; };
		DC01410597A705C349F0B2B3 /* hgiox.h in Headers */ = {isa = PBXBuildFile; fileRef = 1B624CACB58D3447970BD0DD /* hgiox.h */; };
		DD8641C19736E6FA6B1FFE06 /* stack.h in Headers */ = {isa = PBXBuildFile; fileRef = CD0A4E1087FD58E6EEB04710 /* stack.h */; };
		E05B47CC885225850CE112EF /* HspViewController.mm in Sources */ = {isa = PBXBuildFile; fileRef = 917944D89133CEA1532B6330 /* HspViewController.mm */; };
		E6124FC09933D81E62D026F3 /* hspvar_int.cpp in Sources */ = {isa = PBXBuildFile; fileRef = 3BFF42E693126E214BDB0FE0 /* hspvar_int.cpp */; };
		E6A241A2873FEAD323FE7426 /* stb_image.c in Sources */ = {isa = PBXBuildFile; fileRef = 959C409A98F92FE097C63F3F /* stb_image.c */; };
		E8CC4171B248661AEA491B85 /* dpmread.cpp in Sources */ = {isa = PBXBuildFile; fileRef = 41F34017A0CF8C8BB8AF5FC2 /* dpmread.cpp */; };
		EBA9422485B2EDA49A3855D2 /* Canvas.mm in Sources */ = {isa = PBXBuildFile; fileRef = C2DA4EB3A9888DBAEF28D548 /* Canvas.mm */; };
		EC3346E0B266766085644CC2 /* Graphics.h in Headers */ = {isa = PBXBuildFile; fileRef = 915E485EAA375FE6F5D6653B /* Graphics.h */; };
		F4DD43FDBDD4FDF17A3BF64F /* hspvar_label.h in Headers */ = {isa = PBXBuildFile; fileRef = 8E3645F39ECF2B199F154AC5 /* hspvar_label.h */; };
		F5BF42FA89879ECF598B9006 /* game.cpp in Sources */ = {isa = PBXBuildFile; fileRef = DA0D48A69AFE1A01F73E0B07 /* game.cpp */; };
		F606472FB1227AE22244EDAE /* hsp3code.cpp in Sources */ = {isa = PBXBuildFile; fileRef = 5E5B42F99BA5387CC918C737 /* hsp3code.cpp */; };
		F63443D4978F305D9250410D /* hsp3r.h in Headers */ = {isa = PBXBuildFile; fileRef = C7A14D7BB286D30574F0D563 /* hsp3r.h */; };
		F8234D3B9C59AA0A251439A6 /* omkedraw.cpp in Sources */ = {isa = PBXBuildFile; fileRef = 342442C49BA20E05A7EE1987 /* omkedraw.cpp */; };
		FBBE405A82CF22916DD45EFA /* hgtex.cpp in Sources */ = {isa = PBXBuildFile; fileRef = C6CE49F499654DCD25C365FF /* hgtex.cpp */; };
		FE1B42F79304D8E6ED2B1136 /* hspwnd.h in Headers */ = {isa = PBXBuildFile; fileRef = 977C44C183C7A406735E6CF8 /* hspwnd.h */; };
		FE2D46DA8254DBBD6CDADCCF /* iOSgpBridge.h in Headers */ = {isa = PBXBuildFile; fileRef = 228049D4AB1A4163FB81652C /* iOSgpBridge.h */; };
/* End PBXBuildFile section */

/* Begin PBXFileReference section */
		04874E02ADAD565ED7A31AFC /* webtask.h */ = {isa = PBXFileReference; lastKnownFileType = sourcecode.c.h; name = webtask.h; path = iHSP30/hsp3/webtask.h; sourceTree = SOURCE_ROOT; };
		0B584E45AA4FB57E413BF89C /* appengine.h */ = {isa = PBXFileReference; lastKnownFileType = sourcecode.c.h; name = appengine.h; path = iHSP30/hsp3/ios/appengine.h; sourceTree = SOURCE_ROOT; };
		0C38420C8205515286FC619E /* hsp3dw.cpp */ = {isa = PBXFileReference; lastKnownFileType = sourcecode.cpp.cpp; name = hsp3dw.cpp; path = iHSP30/hsp3/obaq/hsp3dw.cpp; sourceTree = SOURCE_ROOT; };
		0E104CB89997F644D7422F6B /* strnote.cpp */ = {isa = PBXFileReference; lastKnownFileType = sourcecode.cpp.cpp; name = strnote.cpp; path = iHSP30/hsp3/strnote.cpp; sourceTree = SOURCE_ROOT; };
		1A324C10B267F9F8E046CC1E /* iOSBridge.h */ = {isa = PBXFileReference; lastKnownFileType = sourcecode.c.h; name = iOSBridge.h; path = iHSP30/Classes/iOSBridge.h; sourceTree = SOURCE_ROOT; };
		1B624CACB58D3447970BD0DD /* hgiox.h */ = {isa = PBXFileReference; lastKnownFileType = sourcecode.c.h; name = hgiox.h; path = iHSP30/hsp3/iosgp/hgiox.h; sourceTree = SOURCE_ROOT; };
		1E0417D0189A70E5003F87D6 /* Default-568h@2x.png */ = {isa = PBXFileReference; lastKnownFileType = image.png; path = "Default-568h@2x.png"; sourceTree = "<group>"; };
		1E0417D1189A70E5003F87D6 /* Default.png */ = {isa = PBXFileReference; lastKnownFileType = image.png; path = Default.png; sourceTree = "<group>"; };
		1E0417D2189A70E5003F87D6 /* Default@2x.png */ = {isa = PBXFileReference; lastKnownFileType = image.png; path = "Default@2x.png"; sourceTree = "<group>"; };
		1E480DAB1859C4540052A2F2 /* hspproj.app */ = {isa = PBXFileReference; explicitFileType = wrapper.application; includeInIndex = 0; path = hspproj.app; sourceTree = BUILT_PRODUCTS_DIR; };
		1E480DAE1859C4540052A2F2 /* Foundation.framework */ = {isa = PBXFileReference; lastKnownFileType = wrapper.framework; name = Foundation.framework; path = System/Library/Frameworks/Foundation.framework; sourceTree = SDKROOT; };
		1E480DB01859C4540052A2F2 /* CoreGraphics.framework */ = {isa = PBXFileReference; lastKnownFileType = wrapper.framework; name = CoreGraphics.framework; path = System/Library/Frameworks/CoreGraphics.framework; sourceTree = SDKROOT; };
		1E480DB21859C4540052A2F2 /* UIKit.framework */ = {isa = PBXFileReference; lastKnownFileType = wrapper.framework; name = UIKit.framework; path = System/Library/Frameworks/UIKit.framework; sourceTree = SDKROOT; };
		1E480DB61859C4540052A2F2 /* hspproj-Info.plist */ = {isa = PBXFileReference; lastKnownFileType = text.plist.xml; path = "hspproj-Info.plist"; sourceTree = "<group>"; };
		1E480DB81859C4540052A2F2 /* en */ = {isa = PBXFileReference; lastKnownFileType = text.plist.strings; name = en; path = en.lproj/InfoPlist.strings; sourceTree = "<group>"; };
		1E480DBA1859C4540052A2F2 /* main.m */ = {isa = PBXFileReference; lastKnownFileType = sourcecode.c.objc; path = main.m; sourceTree = "<group>"; };
		1E480DBC1859C4540052A2F2 /* hspproj-Prefix.pch */ = {isa = PBXFileReference; lastKnownFileType = sourcecode.c.h; path = "hspproj-Prefix.pch"; sourceTree = "<group>"; };
		1E480DBD1859C4540052A2F2 /* AppDelegate.h */ = {isa = PBXFileReference; lastKnownFileType = sourcecode.c.h; path = AppDelegate.h; sourceTree = "<group>"; };
		1E480DBE1859C4540052A2F2 /* AppDelegate.m */ = {isa = PBXFileReference; lastKnownFileType = sourcecode.c.objc; path = AppDelegate.m; sourceTree = "<group>"; };
		1E480DDD1859C4A60052A2F2 /* AudioToolbox.framework */ = {isa = PBXFileReference; lastKnownFileType = wrapper.framework; name = AudioToolbox.framework; path = System/Library/Frameworks/AudioToolbox.framework; sourceTree = SDKROOT; };
		1E480DDE1859C4A60052A2F2 /* iAd.framework */ = {isa = PBXFileReference; lastKnownFileType = wrapper.framework; name = iAd.framework; path = System/Library/Frameworks/iAd.framework; sourceTree = SDKROOT; };
		1E480DDF1859C4A60052A2F2 /* OpenAL.framework */ = {isa = PBXFileReference; lastKnownFileType = wrapper.framework; name = OpenAL.framework; path = System/Library/Frameworks/OpenAL.framework; sourceTree = SDKROOT; };
		1E480DE01859C4A60052A2F2 /* OpenGLES.framework */ = {isa = PBXFileReference; lastKnownFileType = wrapper.framework; name = OpenGLES.framework; path = System/Library/Frameworks/OpenGLES.framework; sourceTree = SDKROOT; };
		1E480DE11859C4A60052A2F2 /* QuartzCore.framework */ = {isa = PBXFileReference; lastKnownFileType = wrapper.framework; name = QuartzCore.framework; path = System/Library/Frameworks/QuartzCore.framework; sourceTree = SDKROOT; };
		1E63B6F2185B17B600E311DC /* ja */ = {isa = PBXFileReference; lastKnownFileType = text.plist.strings; name = ja; path = ja.lproj/InfoPlist.strings; sourceTree = "<group>"; };
		1E6849621859C5D200603D88 /* hspsource.cpp */ = {isa = PBXFileReference; fileEncoding = 4; lastKnownFileType = sourcecode.cpp.cpp; path = hspsource.cpp; sourceTree = "<group>"; };
		1EA5558C189A462D00344013 /* icon57.png */ = {isa = PBXFileReference; lastKnownFileType = image.png; path = icon57.png; sourceTree = "<group>"; };
		1EA5558D189A462D00344013 /* icon58.png */ = {isa = PBXFileReference; lastKnownFileType = image.png; path = icon58.png; sourceTree = "<group>"; };
		1EA5558E189A462D00344013 /* icon120.png */ = {isa = PBXFileReference; lastKnownFileType = image.png; path = icon120.png; sourceTree = "<group>"; };
		1F6D4E9EB01E4A4EDF2D834C /* hsp3debug.h */ = {isa = PBXFileReference; lastKnownFileType = sourcecode.c.h; name = hsp3debug.h; path = iHSP30/hsp3/hsp3debug.h; sourceTree = SOURCE_ROOT; };
		20034CA7AEB96407ABC72966 /* fontsystem.h */ = {isa = PBXFileReference; lastKnownFileType = sourcecode.c.h; name = fontsystem.h; path = iHSP30/hsp3/ios/fontsystem.h; sourceTree = SOURCE_ROOT; };
		21894E3BA59C2D672D057F70 /* Graphics.mm */ = {isa = PBXFileReference; lastKnownFileType = sourcecode.cpp.objcpp; name = Graphics.mm; path = iHSP30/Classes/Graphics.mm; sourceTree = SOURCE_ROOT; };
		21A644D292C10A66FD921DAA /* gpcam.h */ = {isa = PBXFileReference; lastKnownFileType = sourcecode.c.h; name = gpcam.h; path = iHSP30/hsp3/iosgp/gpcam.h; sourceTree = SOURCE_ROOT; };
		21F14D49906B63151F544434 /* font_data.h */ = {isa = PBXFileReference; lastKnownFileType = sourcecode.c.h; name = font_data.h; path = iHSP30/hsp3/ios/font_data.h; sourceTree = SOURCE_ROOT; };
		228049D4AB1A4163FB81652C /* iOSgpBridge.h */ = {isa = PBXFileReference; lastKnownFileType = sourcecode.c.h; name = iOSgpBridge.h; path = iHSP30/Classes/iOSgpBridge.h; sourceTree = SOURCE_ROOT; };
		24244186910E275C8A4804BB /* PlatformiOS.mm */ = {isa = PBXFileReference; lastKnownFileType = sourcecode.cpp.objcpp; name = PlatformiOS.mm; path = iHSP30/Classes/PlatformiOS.mm; sourceTree = SOURCE_ROOT; };
		275A490EB2D097467D27CD39 /* fontsystem.cpp */ = {isa = PBXFileReference; lastKnownFileType = sourcecode.cpp.cpp; name = fontsystem.cpp; path = iHSP30/hsp3/ios/fontsystem.cpp; sourceTree = SOURCE_ROOT; };
		29DC47CEB8BDE2FD7E6ADF40 /* webtask_ios.cpp */ = {isa = PBXFileReference; lastKnownFileType = sourcecode.cpp.cpp; name = webtask_ios.cpp; path = iHSP30/hsp3/iosgp/webtask_ios.cpp; sourceTree = SOURCE_ROOT; };
		2B9D4EE08335C04ED81932CC /* hsp3code.h */ = {isa = PBXFileReference; lastKnownFileType = sourcecode.c.h; name = hsp3code.h; path = iHSP30/hsp3/hsp3code.h; sourceTree = SOURCE_ROOT; };
		2D534010BC70D5703282C05D /* iOSgpBridge.mm */ = {isa = PBXFileReference; lastKnownFileType = sourcecode.cpp.objcpp; name = iOSgpBridge.mm; path = iHSP30/Classes/iOSgpBridge.mm; sourceTree = SOURCE_ROOT; };
		2E184873BD3867680C77BFBE /* hspvar_double.cpp */ = {isa = PBXFileReference; lastKnownFileType = sourcecode.cpp.cpp; name = hspvar_double.cpp; path = iHSP30/hsp3/hspvar_double.cpp; sourceTree = SOURCE_ROOT; };
		2ECF48F0B3EE880A4FEC3F2D /* gpcam.cpp */ = {isa = PBXFileReference; lastKnownFileType = sourcecode.cpp.cpp; name = gpcam.cpp; path = iHSP30/hsp3/iosgp/gpcam.cpp; sourceTree = SOURCE_ROOT; };
		30D5466A899432B7227D319C /* gpphy.h */ = {isa = PBXFileReference; lastKnownFileType = sourcecode.c.h; name = gpphy.h; path = iHSP30/hsp3/iosgp/gpphy.h; sourceTree = SOURCE_ROOT; };
		314E49FEA4777C9E8117C663 /* shader_sprite.h */ = {isa = PBXFileReference; lastKnownFileType = sourcecode.c.h; name = shader_sprite.h; path = iHSP30/hsp3/iosgp/shader_sprite.h; sourceTree = SOURCE_ROOT; };
		32FE4810A2A4406D38F83791 /* hsp3ext.h */ = {isa = PBXFileReference; lastKnownFileType = sourcecode.c.h; name = hsp3ext.h; path = iHSP30/hsp3/hsp3ext.h; sourceTree = SOURCE_ROOT; };
		331E43E0B32FAEAFF017FB8D /* hsp3gr_dish.h */ = {isa = PBXFileReference; lastKnownFileType = sourcecode.c.h; name = hsp3gr_dish.h; path = iHSP30/hsp3/hsp3gr_dish.h; sourceTree = SOURCE_ROOT; };
		342442C49BA20E05A7EE1987 /* omkedraw.cpp */ = {isa = PBXFileReference; lastKnownFileType = sourcecode.cpp.cpp; name = omkedraw.cpp; path = iHSP30/hsp3/obaq/omkedraw.cpp; sourceTree = SOURCE_ROOT; };
		35FC43F9A6D6895054FDE365 /* hsp3r.cpp */ = {isa = PBXFileReference; lastKnownFileType = sourcecode.cpp.cpp; name = hsp3r.cpp; path = iHSP30/hsp3embed/hsp3r.cpp; sourceTree = SOURCE_ROOT; };
		39EB4BF3867270E8D3D8C7A6 /* hspwnd_obj.cpp */ = {isa = PBXFileReference; lastKnownFileType = sourcecode.cpp.cpp; name = hspwnd_obj.cpp; path = iHSP30/hsp3/hspwnd_obj.cpp; sourceTree = SOURCE_ROOT; };
		3A234508AF39D66A8D10C04F /* OBAQlicense.txt */ = {isa = PBXFileReference; lastKnownFileType = text; name = OBAQlicense.txt; path = iHSP30/obaq/physics/OBAQlicense.txt; sourceTree = SOURCE_ROOT; };
		3BFF42E693126E214BDB0FE0 /* hspvar_int.cpp */ = {isa = PBXFileReference; lastKnownFileType = sourcecode.cpp.cpp; name = hspvar_int.cpp; path = iHSP30/hsp3/hspvar_int.cpp; sourceTree = SOURCE_ROOT; };
		3DD944E59850B38BAC47D590 /* hsp3ext_ios.cpp */ = {isa = PBXFileReference; lastKnownFileType = sourcecode.cpp.cpp; name = hsp3ext_ios.cpp; path = iHSP30/hsp3/ios/hsp3ext_ios.cpp; sourceTree = SOURCE_ROOT; };
		3F0A4B33B0046B36989CCB8D /* hgiox.cpp */ = {isa = PBXFileReference; lastKnownFileType = sourcecode.cpp.cpp; name = hgiox.cpp; path = iHSP30/hsp3/iosgp/hgiox.cpp; sourceTree = SOURCE_ROOT; };
		416343438B3437EE9FA0EB61 /* hsp3int.h */ = {isa = PBXFileReference; lastKnownFileType = sourcecode.c.h; name = hsp3int.h; path = iHSP30/hsp3/hsp3int.h; sourceTree = SOURCE_ROOT; };
		41F34017A0CF8C8BB8AF5FC2 /* dpmread.cpp */ = {isa = PBXFileReference; lastKnownFileType = sourcecode.cpp.cpp; name = dpmread.cpp; path = iHSP30/hsp3/dpmread.cpp; sourceTree = SOURCE_ROOT; };
		47B3426480C06706469F2E44 /* misc.h */ = {isa = PBXFileReference; lastKnownFileType = sourcecode.c.h; name = misc.h; path = iHSP30/hsp3embed/misc.h; sourceTree = SOURCE_ROOT; };
		47F24384BA9F33587EEF40D1 /* strnote.h */ = {isa = PBXFileReference; lastKnownFileType = sourcecode.c.h; name = strnote.h; path = iHSP30/hsp3/strnote.h; sourceTree = SOURCE_ROOT; };
		486F420D91FFD79F55936B72 /* stack.cpp */ = {isa = PBXFileReference; lastKnownFileType = sourcecode.cpp.cpp; name = stack.cpp; path = iHSP30/hsp3/stack.cpp; sourceTree = SOURCE_ROOT; };
		4A894908BCF872BCBCD02E12 /* stb_image.h */ = {isa = PBXFileReference; lastKnownFileType = sourcecode.c.h; name = stb_image.h; path = iHSP30/hsp3/ios/stb_image.h; sourceTree = SOURCE_ROOT; };
		4B2D4A89B423AC0E2807DAD3 /* ptttypes.h */ = {isa = PBXFileReference; lastKnownFileType = sourcecode.c.h; name = ptttypes.h; path = iHSP30/obaq/physics/ptttypes.h; sourceTree = SOURCE_ROOT; };
		596D4722983E513FA591C2EB /* hsp3config.h */ = {isa = PBXFileReference; lastKnownFileType = sourcecode.c.h; name = hsp3config.h; path = iHSP30/hsp3/hsp3config.h; sourceTree = SOURCE_ROOT; };
		5C0B40FC96BD5BFEB5937520 /* iOSBridge.mm */ = {isa = PBXFileReference; lastKnownFileType = sourcecode.cpp.objcpp; name = iOSBridge.mm; path = iHSP30/Classes/iOSBridge.mm; sourceTree = SOURCE_ROOT; };
		5D9046EDBC6414468746647E /* supio_ios.cpp */ = {isa = PBXFileReference; lastKnownFileType = sourcecode.cpp.cpp; name = supio_ios.cpp; path = iHSP30/hsp3/ios/supio_ios.cpp; sourceTree = SOURCE_ROOT; };
		5E5B42F99BA5387CC918C737 /* hsp3code.cpp */ = {isa = PBXFileReference; lastKnownFileType = sourcecode.cpp.cpp; name = hsp3code.cpp; path = iHSP30/hsp3embed/hsp3code.cpp; sourceTree = SOURCE_ROOT; };
		60F546DF81D20C8AC8DD211B /* random.h */ = {isa = PBXFileReference; lastKnownFileType = sourcecode.c.h; name = random.h; path = iHSP30/hsp3/random.h; sourceTree = SOURCE_ROOT; };
		62BE442A8374E42156A8A343 /* essprite.h */ = {isa = PBXFileReference; lastKnownFileType = sourcecode.c.h; name = essprite.h; path = iHSP30/hsp3/essprite.h; sourceTree = SOURCE_ROOT; };
		641D4FE28C17AF55AE303916 /* hgio.h */ = {isa = PBXFileReference; lastKnownFileType = sourcecode.c.h; name = hgio.h; path = iHSP30/hsp3/hgio.h; sourceTree = SOURCE_ROOT; };
		6D454F69AC9605D7DB8D39D5 /* texmes.cpp */ = {isa = PBXFileReference; lastKnownFileType = sourcecode.cpp.cpp; name = texmes.cpp; path = iHSP30/hsp3/texmes.cpp; sourceTree = SOURCE_ROOT; };
		6EEA4E169E59233BCD0AD2CC /* dpmread.h */ = {isa = PBXFileReference; lastKnownFileType = sourcecode.c.h; name = dpmread.h; path = iHSP30/hsp3/dpmread.h; sourceTree = SOURCE_ROOT; };
		6FCD4227A8498298138BB0BA /* supio.h */ = {isa = PBXFileReference; lastKnownFileType = sourcecode.c.h; name = supio.h; path = iHSP30/hsp3/supio.h; sourceTree = SOURCE_ROOT; };
		72D34C00B9479A317245DEF5 /* misc.mm */ = {isa = PBXFileReference; lastKnownFileType = sourcecode.cpp.objcpp; name = misc.mm; path = iHSP30/hsp3embed/misc.mm; sourceTree = SOURCE_ROOT; };
		73684732875E4B1EACC493E0 /* hsp3embed.cpp */ = {isa = PBXFileReference; lastKnownFileType = sourcecode.cpp.cpp; name = hsp3embed.cpp; path = iHSP30/hsp3embed/hsp3embed.cpp; sourceTree = SOURCE_ROOT; };
		74CE47E9A422927635E1708E /* hspwnd_edit.cpp */ = {isa = PBXFileReference; lastKnownFileType = sourcecode.cpp.cpp; name = hspwnd_edit.cpp; path = iHSP30/hsp3/hspwnd_edit.cpp; sourceTree = SOURCE_ROOT; };
		74D84BACBCB48187101797F5 /* Image.mm */ = {isa = PBXFileReference; lastKnownFileType = sourcecode.cpp.objcpp; name = Image.mm; path = iHSP30/Classes/Image.mm; sourceTree = SOURCE_ROOT; };
		751A4B0687FDB39A02AE694E /* supio_ios.h */ = {isa = PBXFileReference; lastKnownFileType = sourcecode.c.h; name = supio_ios.h; path = iHSP30/hsp3/ios/supio_ios.h; sourceTree = SOURCE_ROOT; };
		75AB43E7BE06810CF942FA77 /* strbuf.h */ = {isa = PBXFileReference; lastKnownFileType = sourcecode.c.h; name = strbuf.h; path = iHSP30/hsp3/strbuf.h; sourceTree = SOURCE_ROOT; };
		764E467BA3BDB3F195A49EC1 /* sysreq.h */ = {isa = PBXFileReference; lastKnownFileType = sourcecode.c.h; name = sysreq.h; path = iHSP30/hsp3/sysreq.h; sourceTree = SOURCE_ROOT; };
		784B417CB142187FC9CB354E /* hgtex.h */ = {isa = PBXFileReference; lastKnownFileType = sourcecode.c.h; name = hgtex.h; path = iHSP30/hsp3/ios/hgtex.h; sourceTree = SOURCE_ROOT; };
		79E04C1BB8FA536B2CCE1491 /* rock.h */ = {isa = PBXFileReference; lastKnownFileType = sourcecode.c.h; name = rock.h; path = iHSP30/obaq/physics/rock.h; sourceTree = SOURCE_ROOT; };
		7A5D4B1E9BBC6AE25C1B56F1 /* vessel.h */ = {isa = PBXFileReference; lastKnownFileType = sourcecode.c.h; name = vessel.h; path = iHSP30/obaq/physics/vessel.h; sourceTree = SOURCE_ROOT; };
		7FC945488EF23AE04C49794E /* gamehsp.cpp */ = {isa = PBXFileReference; lastKnownFileType = sourcecode.cpp.cpp; name = gamehsp.cpp; path = iHSP30/hsp3/iosgp/gamehsp.cpp; sourceTree = SOURCE_ROOT; };
		84CE4157A533280B67B27864 /* hsp3gr.h */ = {isa = PBXFileReference; lastKnownFileType = sourcecode.c.h; name = hsp3gr.h; path = iHSP30/hsp3/hsp3gr.h; sourceTree = SOURCE_ROOT; };
		8A35476BB73DA36D95F8F8F0 /* Canvas.h */ = {isa = PBXFileReference; lastKnownFileType = sourcecode.c.h; name = Canvas.h; path = iHSP30/Classes/Canvas.h; sourceTree = SOURCE_ROOT; };
		8E3645F39ECF2B199F154AC5 /* hspvar_label.h */ = {isa = PBXFileReference; lastKnownFileType = sourcecode.c.h; name = hspvar_label.h; path = iHSP30/hsp3/hspvar_label.h; sourceTree = SOURCE_ROOT; };
		8E96448CA482BB9958D8051B /* rock.cpp */ = {isa = PBXFileReference; lastKnownFileType = sourcecode.cpp.cpp; name = rock.cpp; path = iHSP30/obaq/physics/rock.cpp; sourceTree = SOURCE_ROOT; };
		8ECC4A1BA79325CAC4A9D930 /* mmman.h */ = {isa = PBXFileReference; lastKnownFileType = sourcecode.c.h; name = mmman.h; path = iHSP30/hsp3/ios/mmman.h; sourceTree = SOURCE_ROOT; };
		915E485EAA375FE6F5D6653B /* Graphics.h */ = {isa = PBXFileReference; lastKnownFileType = sourcecode.c.h; name = Graphics.h; path = iHSP30/Classes/Graphics.h; sourceTree = SOURCE_ROOT; };
		917944D89133CEA1532B6330 /* HspViewController.mm */ = {isa = PBXFileReference; lastKnownFileType = sourcecode.cpp.objcpp; name = HspViewController.mm; path = iHSP30/Classes/HspViewController.mm; sourceTree = SOURCE_ROOT; };
		959C409A98F92FE097C63F3F /* stb_image.c */ = {isa = PBXFileReference; lastKnownFileType = sourcecode.c.c; name = stb_image.c; path = iHSP30/hsp3/ios/stb_image.c; sourceTree = SOURCE_ROOT; };
		969C4C779F5538D8E6CE1417 /* hsp3gr_dish.cpp */ = {isa = PBXFileReference; lastKnownFileType = sourcecode.cpp.cpp; name = hsp3gr_dish.cpp; path = iHSP30/hsp3/hsp3gr_dish.cpp; sourceTree = SOURCE_ROOT; };
		977C44C183C7A406735E6CF8 /* hspwnd.h */ = {isa = PBXFileReference; lastKnownFileType = sourcecode.c.h; name = hspwnd.h; path = iHSP30/hsp3/hspwnd.h; sourceTree = SOURCE_ROOT; };
		9CB1474090DF3A4593016906 /* texmes.h */ = {isa = PBXFileReference; lastKnownFileType = sourcecode.c.h; name = texmes.h; path = iHSP30/hsp3/texmes.h; sourceTree = SOURCE_ROOT; };
		9F694E5D93267C2A51E64E37 /* gplgt.cpp */ = {isa = PBXFileReference; lastKnownFileType = sourcecode.cpp.cpp; name = gplgt.cpp; path = iHSP30/hsp3/iosgp/gplgt.cpp; sourceTree = SOURCE_ROOT; };
		A0E248BD87F744C4AD6EA55B /* hspvar_util.cpp */ = {isa = PBXFileReference; lastKnownFileType = sourcecode.cpp.cpp; name = hspvar_util.cpp; path = iHSP30/hsp3embed/hspvar_util.cpp; sourceTree = SOURCE_ROOT; };
		AF4048A4A8095C705B43C3FF /* gpmat.h */ = {isa = PBXFileReference; lastKnownFileType = sourcecode.c.h; name = gpmat.h; path = iHSP30/hsp3/iosgp/gpmat.h; sourceTree = SOURCE_ROOT; };
		B17C42FD8E9E443997E4F393 /* hspvar_util.h */ = {isa = PBXFileReference; lastKnownFileType = sourcecode.c.h; name = hspvar_util.h; path = iHSP30/hsp3embed/hspvar_util.h; sourceTree = SOURCE_ROOT; };
		BDB7413399B9B88A1665F482 /* hsp3embed.h */ = {isa = PBXFileReference; lastKnownFileType = sourcecode.c.h; name = hsp3embed.h; path = iHSP30/hsp3embed/hsp3embed.h; sourceTree = SOURCE_ROOT; };
		BFFB4E2DB32E628B9CCEACFF /* hspvar_core.cpp */ = {isa = PBXFileReference; lastKnownFileType = sourcecode.cpp.cpp; name = hspvar_core.cpp; path = iHSP30/hsp3/hspvar_core.cpp; sourceTree = SOURCE_ROOT; };
		C15A4CB48EA7F40CC3B6FE10 /* gplgt.h */ = {isa = PBXFileReference; lastKnownFileType = sourcecode.c.h; name = gplgt.h; path = iHSP30/hsp3/iosgp/gplgt.h; sourceTree = SOURCE_ROOT; };
		C2DA4EB3A9888DBAEF28D548 /* Canvas.mm */ = {isa = PBXFileReference; lastKnownFileType = sourcecode.cpp.objcpp; name = Canvas.mm; path = iHSP30/Classes/Canvas.mm; sourceTree = SOURCE_ROOT; };
		C56D4B90A47A12F87DD4E576 /* hspvar_struct.cpp */ = {isa = PBXFileReference; lastKnownFileType = sourcecode.cpp.cpp; name = hspvar_struct.cpp; path = iHSP30/hsp3/hspvar_struct.cpp; sourceTree = SOURCE_ROOT; };
		C6124D1E8332FAB12D92DFDC /* gamePhysics.h */ = {isa = PBXFileReference; lastKnownFileType = sourcecode.c.h; name = gamePhysics.h; path = iHSP30/obaq/physics/gamePhysics.h; sourceTree = SOURCE_ROOT; };
		C67E453DAC1C5FB28955A18D /* hspwnd_dish.cpp */ = {isa = PBXFileReference; lastKnownFileType = sourcecode.cpp.cpp; name = hspwnd_dish.cpp; path = iHSP30/hsp3/hspwnd_dish.cpp; sourceTree = SOURCE_ROOT; };
		C6CE49F499654DCD25C365FF /* hgtex.cpp */ = {isa = PBXFileReference; lastKnownFileType = sourcecode.cpp.cpp; name = hgtex.cpp; path = iHSP30/hsp3/ios/hgtex.cpp; sourceTree = SOURCE_ROOT; };
		C7A14D7BB286D30574F0D563 /* hsp3r.h */ = {isa = PBXFileReference; lastKnownFileType = sourcecode.c.h; name = hsp3r.h; path = iHSP30/hsp3embed/hsp3r.h; sourceTree = SOURCE_ROOT; };
		C8234B6AB1B6C5BA393162FD /* hsp3ext_ios.h */ = {isa = PBXFileReference; lastKnownFileType = sourcecode.c.h; name = hsp3ext_ios.h; path = iHSP30/hsp3/ios/hsp3ext_ios.h; sourceTree = SOURCE_ROOT; };
		CB194D0FB3556486D7BAB237 /* HspView.h */ = {isa = PBXFileReference; lastKnownFileType = sourcecode.c.h; name = HspView.h; path = iHSP30/Classes/HspView.h; sourceTree = SOURCE_ROOT; };
		CC0C47348D72DB9077497996 /* hsp3debug.cpp */ = {isa = PBXFileReference; lastKnownFileType = sourcecode.cpp.cpp; name = hsp3debug.cpp; path = iHSP30/hsp3/hsp3debug.cpp; sourceTree = SOURCE_ROOT; };
		CD0A4E1087FD58E6EEB04710 /* stack.h */ = {isa = PBXFileReference; lastKnownFileType = sourcecode.c.h; name = stack.h; path = iHSP30/hsp3/stack.h; sourceTree = SOURCE_ROOT; };
		CD9E49C19FAA954237527EF5 /* HspView.mm */ = {isa = PBXFileReference; lastKnownFileType = sourcecode.cpp.objcpp; name = HspView.mm; path = iHSP30/Classes/HspView.mm; sourceTree = SOURCE_ROOT; };
		CE0B43CD962D32F569340A70 /* strbuf.cpp */ = {isa = PBXFileReference; lastKnownFileType = sourcecode.cpp.cpp; name = strbuf.cpp; path = iHSP30/hsp3/strbuf.cpp; sourceTree = SOURCE_ROOT; };
		D1974D0798728C3C0A5F5C9E /* gpmat.cpp */ = {isa = PBXFileReference; lastKnownFileType = sourcecode.cpp.cpp; name = gpmat.cpp; path = iHSP30/hsp3/iosgp/gpmat.cpp; sourceTree = SOURCE_ROOT; };
		D2684604AA61541D8090B683 /* hsp3int.cpp */ = {isa = PBXFileReference; lastKnownFileType = sourcecode.cpp.cpp; name = hsp3int.cpp; path = iHSP30/hsp3/hsp3int.cpp; sourceTree = SOURCE_ROOT; };
		D69F4C80AF069A621D41D365 /* gpphy.cpp */ = {isa = PBXFileReference; lastKnownFileType = sourcecode.cpp.cpp; name = gpphy.cpp; path = iHSP30/hsp3/iosgp/gpphy.cpp; sourceTree = SOURCE_ROOT; };
		D909454CBC820270FA0CACDD /* omkedraw.h */ = {isa = PBXFileReference; lastKnownFileType = sourcecode.c.h; name = omkedraw.h; path = iHSP30/hsp3/obaq/omkedraw.h; sourceTree = SOURCE_ROOT; };
		DA0D48A69AFE1A01F73E0B07 /* game.cpp */ = {isa = PBXFileReference; lastKnownFileType = sourcecode.cpp.cpp; name = game.cpp; path = iHSP30/hsp3/obaq/game.cpp; sourceTree = SOURCE_ROOT; };
		DBE14AC4B333540156B5F90F /* random.cpp */ = {isa = PBXFileReference; lastKnownFileType = sourcecode.cpp.cpp; name = random.cpp; path = iHSP30/hsp3/random.cpp; sourceTree = SOURCE_ROOT; };
		DCFE4233923CD0AEAE7F5508 /* hsp3dw.h */ = {isa = PBXFileReference; lastKnownFileType = sourcecode.c.h; name = hsp3dw.h; path = iHSP30/hsp3/obaq/hsp3dw.h; sourceTree = SOURCE_ROOT; };
		DDB14D08BEBAC417301D2691 /* hspwnd_dish.h */ = {isa = PBXFileReference; lastKnownFileType = sourcecode.c.h; name = hspwnd_dish.h; path = iHSP30/hsp3/hspwnd_dish.h; sourceTree = SOURCE_ROOT; };
		E2F94039885B6EEABD81A978 /* hspvar_core.h */ = {isa = PBXFileReference; lastKnownFileType = sourcecode.c.h; name = hspvar_core.h; path = iHSP30/hsp3/hspvar_core.h; sourceTree = SOURCE_ROOT; };
		E3874466BB20D3DA9C442BF8 /* webtask_ios.h */ = {isa = PBXFileReference; lastKnownFileType = sourcecode.c.h; name = webtask_ios.h; path = iHSP30/hsp3/iosgp/webtask_ios.h; sourceTree = SOURCE_ROOT; };
		E5EE4AAEB22CEF1D6357A595 /* HspViewController.h */ = {isa = PBXFileReference; lastKnownFileType = sourcecode.c.h; name = HspViewController.h; path = iHSP30/Classes/HspViewController.h; sourceTree = SOURCE_ROOT; };
		E6FC46E9A66B0B04D27EFDAD /* gpevent.h */ = {isa = PBXFileReference; lastKnownFileType = sourcecode.c.h; name = gpevent.h; path = iHSP30/hsp3/iosgp/gpevent.h; sourceTree = SOURCE_ROOT; };
		EB0540F28B6E69D497084F93 /* sysreq.cpp */ = {isa = PBXFileReference; lastKnownFileType = sourcecode.cpp.cpp; name = sysreq.cpp; path = iHSP30/hsp3/sysreq.cpp; sourceTree = SOURCE_ROOT; };
		ED7047F4BCF05A3D0F406C88 /* gpevent.cpp */ = {isa = PBXFileReference; lastKnownFileType = sourcecode.cpp.cpp; name = gpevent.cpp; path = iHSP30/hsp3/iosgp/gpevent.cpp; sourceTree = SOURCE_ROOT; };
		EEAF44F79206283208E49180 /* geometry.h */ = {isa = PBXFileReference; lastKnownFileType = sourcecode.c.h; name = geometry.h; path = iHSP30/hsp3/geometry.h; sourceTree = SOURCE_ROOT; };
		F1B942DFB79DDB7D7DBE23DD /* Image.h */ = {isa = PBXFileReference; lastKnownFileType = sourcecode.c.h; name = Image.h; path = iHSP30/Classes/Image.h; sourceTree = SOURCE_ROOT; };
		F32F48DB9D82C524816F5F9B /* essprite.cpp */ = {isa = PBXFileReference; lastKnownFileType = sourcecode.cpp.cpp; name = essprite.cpp; path = iHSP30/hsp3/essprite.cpp; sourceTree = SOURCE_ROOT; };
		F408455CB37D502808134CD9 /* hspvar_str.cpp */ = {isa = PBXFileReference; lastKnownFileType = sourcecode.cpp.cpp; name = hspvar_str.cpp; path = iHSP30/hsp3/hspvar_str.cpp; sourceTree = SOURCE_ROOT; };
		F63E4E0EAA64F07565CEEDBD /* vessel.cpp */ = {isa = PBXFileReference; lastKnownFileType = sourcecode.cpp.cpp; name = vessel.cpp; path = iHSP30/obaq/physics/vessel.cpp; sourceTree = SOURCE_ROOT; };
		F75543F0AADB7137A07680E7 /* game.h */ = {isa = PBXFileReference; lastKnownFileType = sourcecode.c.h; name = game.h; path = iHSP30/hsp3/obaq/game.h; sourceTree = SOURCE_ROOT; };
		F8F644E4BA116135C0E05287 /* geometry.cpp */ = {isa = PBXFileReference; lastKnownFileType = sourcecode.cpp.cpp; name = geometry.cpp; path = iHSP30/hsp3/geometry.cpp; sourceTree = SOURCE_ROOT; };
		FADC4999918F0D96905C85FD /* gamehsp.h */ = {isa = PBXFileReference; lastKnownFileType = sourcecode.c.h; name = gamehsp.h; path = iHSP30/hsp3/iosgp/gamehsp.h; sourceTree = SOURCE_ROOT; };
		FAE24A3DB12E0DBB7969A6AF /* mmman.mm */ = {isa = PBXFileReference; lastKnownFileType = sourcecode.cpp.objcpp; name = mmman.mm; path = iHSP30/hsp3/ios/mmman.mm; sourceTree = SOURCE_ROOT; };
		FE2C4F9A942E652847FAF510 /* hsp3struct.h */ = {isa = PBXFileReference; lastKnownFileType = sourcecode.c.h; name = hsp3struct.h; path = iHSP30/hsp3/hsp3struct.h; sourceTree = SOURCE_ROOT; };
		FF57449B8F5E86BA311081EF /* hspvar_label.cpp */ = {isa = PBXFileReference; lastKnownFileType = sourcecode.cpp.cpp; name = hspvar_label.cpp; path = iHSP30/hsp3/hspvar_label.cpp; sourceTree = SOURCE_ROOT; };
/* End PBXFileReference section */

/* Begin PBXFrameworksBuildPhase section */
		1E480DA81859C4540052A2F2 /* Frameworks */ = {
			isa = PBXFrameworksBuildPhase;
			buildActionMask = 2147483647;
			files = (
				1E480DE21859C4A60052A2F2 /* AudioToolbox.framework in Frameworks */,
				1E480DE31859C4A60052A2F2 /* iAd.framework in Frameworks */,
				1E480DE41859C4A60052A2F2 /* OpenAL.framework in Frameworks */,
				1E480DE51859C4A60052A2F2 /* OpenGLES.framework in Frameworks */,
				1E480DE61859C4A60052A2F2 /* QuartzCore.framework in Frameworks */,
				1E480DB11859C4540052A2F2 /* CoreGraphics.framework in Frameworks */,
				1E480DB31859C4540052A2F2 /* UIKit.framework in Frameworks */,
				1E480DAF1859C4540052A2F2 /* Foundation.framework in Frameworks */,
			);
			runOnlyForDeploymentPostprocessing = 0;
		};
/* End PBXFrameworksBuildPhase section */

/* Begin PBXGroup section */
		1E480DA21859C4540052A2F2 = {
			isa = PBXGroup;
			children = (
				1E4AFEA625E00F4700213810 /* iHSP30 */,
				1E480DB41859C4540052A2F2 /* hspproj */,
				1E480DAD1859C4540052A2F2 /* Frameworks */,
				1E480DAC1859C4540052A2F2 /* Products */,
				8A35476BB73DA36D95F8F8F0 /* Canvas.h */,
				C2DA4EB3A9888DBAEF28D548 /* Canvas.mm */,
				915E485EAA375FE6F5D6653B /* Graphics.h */,
				21894E3BA59C2D672D057F70 /* Graphics.mm */,
				CB194D0FB3556486D7BAB237 /* HspView.h */,
				CD9E49C19FAA954237527EF5 /* HspView.mm */,
				E5EE4AAEB22CEF1D6357A595 /* HspViewController.h */,
				917944D89133CEA1532B6330 /* HspViewController.mm */,
				F1B942DFB79DDB7D7DBE23DD /* Image.h */,
				74D84BACBCB48187101797F5 /* Image.mm */,
				1A324C10B267F9F8E046CC1E /* iOSBridge.h */,
				5C0B40FC96BD5BFEB5937520 /* iOSBridge.mm */,
				228049D4AB1A4163FB81652C /* iOSgpBridge.h */,
				2D534010BC70D5703282C05D /* iOSgpBridge.mm */,
				24244186910E275C8A4804BB /* PlatformiOS.mm */,
				41F34017A0CF8C8BB8AF5FC2 /* dpmread.cpp */,
				6EEA4E169E59233BCD0AD2CC /* dpmread.h */,
				F32F48DB9D82C524816F5F9B /* essprite.cpp */,
				62BE442A8374E42156A8A343 /* essprite.h */,
				F8F644E4BA116135C0E05287 /* geometry.cpp */,
				EEAF44F79206283208E49180 /* geometry.h */,
				641D4FE28C17AF55AE303916 /* hgio.h */,
				2B9D4EE08335C04ED81932CC /* hsp3code.h */,
				596D4722983E513FA591C2EB /* hsp3config.h */,
				CC0C47348D72DB9077497996 /* hsp3debug.cpp */,
				1F6D4E9EB01E4A4EDF2D834C /* hsp3debug.h */,
				32FE4810A2A4406D38F83791 /* hsp3ext.h */,
				84CE4157A533280B67B27864 /* hsp3gr.h */,
				969C4C779F5538D8E6CE1417 /* hsp3gr_dish.cpp */,
				331E43E0B32FAEAFF017FB8D /* hsp3gr_dish.h */,
				D2684604AA61541D8090B683 /* hsp3int.cpp */,
				416343438B3437EE9FA0EB61 /* hsp3int.h */,
				FE2C4F9A942E652847FAF510 /* hsp3struct.h */,
				BFFB4E2DB32E628B9CCEACFF /* hspvar_core.cpp */,
				E2F94039885B6EEABD81A978 /* hspvar_core.h */,
				2E184873BD3867680C77BFBE /* hspvar_double.cpp */,
				3BFF42E693126E214BDB0FE0 /* hspvar_int.cpp */,
				FF57449B8F5E86BA311081EF /* hspvar_label.cpp */,
				8E3645F39ECF2B199F154AC5 /* hspvar_label.h */,
				F408455CB37D502808134CD9 /* hspvar_str.cpp */,
				C56D4B90A47A12F87DD4E576 /* hspvar_struct.cpp */,
				977C44C183C7A406735E6CF8 /* hspwnd.h */,
				C67E453DAC1C5FB28955A18D /* hspwnd_dish.cpp */,
				DDB14D08BEBAC417301D2691 /* hspwnd_dish.h */,
				74CE47E9A422927635E1708E /* hspwnd_edit.cpp */,
				39EB4BF3867270E8D3D8C7A6 /* hspwnd_obj.cpp */,
				DBE14AC4B333540156B5F90F /* random.cpp */,
				60F546DF81D20C8AC8DD211B /* random.h */,
				486F420D91FFD79F55936B72 /* stack.cpp */,
				CD0A4E1087FD58E6EEB04710 /* stack.h */,
				CE0B43CD962D32F569340A70 /* strbuf.cpp */,
				75AB43E7BE06810CF942FA77 /* strbuf.h */,
				0E104CB89997F644D7422F6B /* strnote.cpp */,
				47F24384BA9F33587EEF40D1 /* strnote.h */,
				6FCD4227A8498298138BB0BA /* supio.h */,
				EB0540F28B6E69D497084F93 /* sysreq.cpp */,
				764E467BA3BDB3F195A49EC1 /* sysreq.h */,
				6D454F69AC9605D7DB8D39D5 /* texmes.cpp */,
				9CB1474090DF3A4593016906 /* texmes.h */,
				04874E02ADAD565ED7A31AFC /* webtask.h */,
				0B584E45AA4FB57E413BF89C /* appengine.h */,
				275A490EB2D097467D27CD39 /* fontsystem.cpp */,
				20034CA7AEB96407ABC72966 /* fontsystem.h */,
				21F14D49906B63151F544434 /* font_data.h */,
				C6CE49F499654DCD25C365FF /* hgtex.cpp */,
				784B417CB142187FC9CB354E /* hgtex.h */,
				3DD944E59850B38BAC47D590 /* hsp3ext_ios.cpp */,
				C8234B6AB1B6C5BA393162FD /* hsp3ext_ios.h */,
				8ECC4A1BA79325CAC4A9D930 /* mmman.h */,
				FAE24A3DB12E0DBB7969A6AF /* mmman.mm */,
				959C409A98F92FE097C63F3F /* stb_image.c */,
				4A894908BCF872BCBCD02E12 /* stb_image.h */,
				5D9046EDBC6414468746647E /* supio_ios.cpp */,
				751A4B0687FDB39A02AE694E /* supio_ios.h */,
				7FC945488EF23AE04C49794E /* gamehsp.cpp */,
				FADC4999918F0D96905C85FD /* gamehsp.h */,
				2ECF48F0B3EE880A4FEC3F2D /* gpcam.cpp */,
				21A644D292C10A66FD921DAA /* gpcam.h */,
				ED7047F4BCF05A3D0F406C88 /* gpevent.cpp */,
				E6FC46E9A66B0B04D27EFDAD /* gpevent.h */,
				9F694E5D93267C2A51E64E37 /* gplgt.cpp */,
				C15A4CB48EA7F40CC3B6FE10 /* gplgt.h */,
				D1974D0798728C3C0A5F5C9E /* gpmat.cpp */,
				AF4048A4A8095C705B43C3FF /* gpmat.h */,
				D69F4C80AF069A621D41D365 /* gpphy.cpp */,
				30D5466A899432B7227D319C /* gpphy.h */,
				3F0A4B33B0046B36989CCB8D /* hgiox.cpp */,
				1B624CACB58D3447970BD0DD /* hgiox.h */,
				314E49FEA4777C9E8117C663 /* shader_sprite.h */,
				29DC47CEB8BDE2FD7E6ADF40 /* webtask_ios.cpp */,
				E3874466BB20D3DA9C442BF8 /* webtask_ios.h */,
				DA0D48A69AFE1A01F73E0B07 /* game.cpp */,
				F75543F0AADB7137A07680E7 /* game.h */,
				0C38420C8205515286FC619E /* hsp3dw.cpp */,
				DCFE4233923CD0AEAE7F5508 /* hsp3dw.h */,
				342442C49BA20E05A7EE1987 /* omkedraw.cpp */,
				D909454CBC820270FA0CACDD /* omkedraw.h */,
				5E5B42F99BA5387CC918C737 /* hsp3code.cpp */,
				73684732875E4B1EACC493E0 /* hsp3embed.cpp */,
				BDB7413399B9B88A1665F482 /* hsp3embed.h */,
				35FC43F9A6D6895054FDE365 /* hsp3r.cpp */,
				C7A14D7BB286D30574F0D563 /* hsp3r.h */,
				A0E248BD87F744C4AD6EA55B /* hspvar_util.cpp */,
				B17C42FD8E9E443997E4F393 /* hspvar_util.h */,
				47B3426480C06706469F2E44 /* misc.h */,
				72D34C00B9479A317245DEF5 /* misc.mm */,
				C6124D1E8332FAB12D92DFDC /* gamePhysics.h */,
				3A234508AF39D66A8D10C04F /* OBAQlicense.txt */,
				4B2D4A89B423AC0E2807DAD3 /* ptttypes.h */,
				8E96448CA482BB9958D8051B /* rock.cpp */,
				79E04C1BB8FA536B2CCE1491 /* rock.h */,
				F63E4E0EAA64F07565CEEDBD /* vessel.cpp */,
				7A5D4B1E9BBC6AE25C1B56F1 /* vessel.h */,
			);
			sourceTree = "<group>";
		};
		1E480DAC1859C4540052A2F2 /* Products */ = {
			isa = PBXGroup;
			children = (
				1E480DAB1859C4540052A2F2 /* hspproj.app */,
			);
			name = Products;
			sourceTree = "<group>";
		};
		1E480DAD1859C4540052A2F2 /* Frameworks */ = {
			isa = PBXGroup;
			children = (
				1E480DDD1859C4A60052A2F2 /* AudioToolbox.framework */,
				1E480DDE1859C4A60052A2F2 /* iAd.framework */,
				1E480DDF1859C4A60052A2F2 /* OpenAL.framework */,
				1E480DE01859C4A60052A2F2 /* OpenGLES.framework */,
				1E480DE11859C4A60052A2F2 /* QuartzCore.framework */,
				1E480DAE1859C4540052A2F2 /* Foundation.framework */,
				1E480DB01859C4540052A2F2 /* CoreGraphics.framework */,
				1E480DB21859C4540052A2F2 /* UIKit.framework */,
			);
			name = Frameworks;
			sourceTree = "<group>";
		};
		1E480DB41859C4540052A2F2 /* hspproj */ = {
			isa = PBXGroup;
			children = (
				1E0417D0189A70E5003F87D6 /* Default-568h@2x.png */,
				1E0417D1189A70E5003F87D6 /* Default.png */,
				1E0417D2189A70E5003F87D6 /* Default@2x.png */,
				1EA5558C189A462D00344013 /* icon57.png */,
				1EA5558D189A462D00344013 /* icon58.png */,
				1EA5558E189A462D00344013 /* icon120.png */,
				1E63B6F3185B189D00E311DC /* Resources */,
				1E6849621859C5D200603D88 /* hspsource.cpp */,
				1E480DBD1859C4540052A2F2 /* AppDelegate.h */,
				1E480DBE1859C4540052A2F2 /* AppDelegate.m */,
				1E480DB51859C4540052A2F2 /* Supporting Files */,
			);
			path = hspproj;
			sourceTree = "<group>";
		};
		1E480DB51859C4540052A2F2 /* Supporting Files */ = {
			isa = PBXGroup;
			children = (
				1E480DB61859C4540052A2F2 /* hspproj-Info.plist */,
				1E480DB71859C4540052A2F2 /* InfoPlist.strings */,
				1E480DBA1859C4540052A2F2 /* main.m */,
				1E480DBC1859C4540052A2F2 /* hspproj-Prefix.pch */,
			);
			name = "Supporting Files";
			sourceTree = "<group>";
		};
		1E4AFEA625E00F4700213810 /* iHSP30 */ = {
			isa = PBXGroup;
			children = (
				1E4AFEA725E00F4700213810 /* obaq */,
				1E4AFEB025E00F4700213810 /* Classes */,
				1E4AFEC025E00F4700213810 /* hsp3embed */,
				1E4AFECA25E00F4700213810 /* hsp3 */,
			);
			name = iHSP30;
			path = ../iHSP30;
			sourceTree = "<group>";
		};
		1E4AFEA725E00F4700213810 /* obaq */ = {
			isa = PBXGroup;
			children = (
				1E4AFEA825E00F4700213810 /* physics */,
			);
			path = obaq;
			sourceTree = "<group>";
		};
		1E4AFEA825E00F4700213810 /* physics */ = {
			isa = PBXGroup;
			children = (
			);
			path = physics;
			sourceTree = "<group>";
		};
		1E4AFEB025E00F4700213810 /* Classes */ = {
			isa = PBXGroup;
			children = (
			);
			path = Classes;
			sourceTree = "<group>";
		};
		1E4AFEC025E00F4700213810 /* hsp3embed */ = {
			isa = PBXGroup;
			children = (
			);
			path = hsp3embed;
			sourceTree = "<group>";
		};
		1E4AFECA25E00F4700213810 /* hsp3 */ = {
			isa = PBXGroup;
			children = (
				1E4AFED225E00F4700213810 /* obaq */,
				1E4AFEE725E00F4700213810 /* ios */,
			);
			path = hsp3;
			sourceTree = "<group>";
		};
		1E4AFED225E00F4700213810 /* obaq */ = {
			isa = PBXGroup;
			children = (
			);
			path = obaq;
			sourceTree = "<group>";
		};
		1E4AFEE725E00F4700213810 /* ios */ = {
			isa = PBXGroup;
			children = (
			);
			path = ios;
			sourceTree = "<group>";
		};
		1E63B6F3185B189D00E311DC /* Resources */ = {
			isa = PBXGroup;
			children = (
			);
			path = Resources;
			sourceTree = "<group>";
		};
/* End PBXGroup section */

/* Begin PBXHeadersBuildPhase section */
		72D64B1CA86D4F057D051B4B /* Headers */ = {
			isa = PBXHeadersBuildPhase;
			buildActionMask = 2147483647;
			files = (
				537E4425922C06551574F2ED /* Canvas.h in Headers */,
				EC3346E0B266766085644CC2 /* Graphics.h in Headers */,
				39084912BCA1D466E9617D49 /* HspView.h in Headers */,
				693B4EBB896C2134442D7742 /* HspViewController.h in Headers */,
				B80643FE8B381E1B70386C9E /* Image.h in Headers */,
				ABE646D69A31884F923EDB47 /* iOSBridge.h in Headers */,
				FE2D46DA8254DBBD6CDADCCF /* iOSgpBridge.h in Headers */,
				8ABB45DDB346DFA11F1CC447 /* dpmread.h in Headers */,
				44CF408BA266D4F2D0D260DA /* essprite.h in Headers */,
				3C2C4BA39ECAB00C3E9D0EF4 /* geometry.h in Headers */,
				6C034784AA58C90F3E0D069D /* hgio.h in Headers */,
				09DB418E94126766D44A09C6 /* hsp3code.h in Headers */,
				BC4A436BBACD927972D66C97 /* hsp3config.h in Headers */,
				3962449AA06E0D0D10972C17 /* hsp3debug.h in Headers */,
				A06C43248A14CFDFA7ADE7C4 /* hsp3ext.h in Headers */,
				192D4F818D2B3F4B645756DA /* hsp3gr.h in Headers */,
				517A4AAF972CA98FA376B337 /* hsp3gr_dish.h in Headers */,
				081946C28EF35783EFC97986 /* hsp3int.h in Headers */,
				64CB42539DB8EEA4A091174F /* hsp3struct.h in Headers */,
				553148DFAFEF2292FD45736C /* hspvar_core.h in Headers */,
				F4DD43FDBDD4FDF17A3BF64F /* hspvar_label.h in Headers */,
				FE1B42F79304D8E6ED2B1136 /* hspwnd.h in Headers */,
				5B074CE5B334A1A370406721 /* hspwnd_dish.h in Headers */,
				03844BAD9D25B1BD02A5E0D8 /* random.h in Headers */,
				DD8641C19736E6FA6B1FFE06 /* stack.h in Headers */,
				784C4A23BAB84796EF130F8C /* strbuf.h in Headers */,
				A19B4FA58606AE6D3E3E359B /* strnote.h in Headers */,
				6DF54BE1BDD69702229B8915 /* supio.h in Headers */,
				8BB54F3B82463163DD302183 /* sysreq.h in Headers */,
				07B54296A8C44DFC72EA88FE /* texmes.h in Headers */,
				3C0F4A91B7ED96281C09A867 /* webtask.h in Headers */,
				683448999FC6394299885720 /* appengine.h in Headers */,
				A4814C419494FE053B6EF139 /* fontsystem.h in Headers */,
				807645E1B020306D2DA278E6 /* font_data.h in Headers */,
				80634A11BF9E452109FD802E /* hgtex.h in Headers */,
				CD844747B962D6211946BD91 /* hsp3ext_ios.h in Headers */,
				303D42A5BEE029E0EFC14CF9 /* mmman.h in Headers */,
				1671457C9775A1B844F7DDDB /* stb_image.h in Headers */,
				49E64E9E8D1A228F338B4BCE /* supio_ios.h in Headers */,
				B34D436DB3EC7820CCE06FB3 /* gamehsp.h in Headers */,
				9D604E1E9C1ACB42A5D26A28 /* gpcam.h in Headers */,
				20324124BB09BA9F9D73F7E5 /* gpevent.h in Headers */,
				5C02418DA5EF17B87FD4A13F /* gplgt.h in Headers */,
				3BB6404B8BB719A890575377 /* gpmat.h in Headers */,
				4C4D4DF790FFEA4DAA4B9F04 /* gpphy.h in Headers */,
				DC01410597A705C349F0B2B3 /* hgiox.h in Headers */,
				33EE451F8AC48A1E0434A9F7 /* shader_sprite.h in Headers */,
				96E242B6BB8FC9A98C2CE3E9 /* webtask_ios.h in Headers */,
				716E4DB2991C4A5CBCB72E51 /* game.h in Headers */,
				74D54B1F9BF0D9315AD9385D /* hsp3dw.h in Headers */,
				988E434EB3DEFF5C86864CB3 /* omkedraw.h in Headers */,
				5CD94DF69DC63C0BFF8330F5 /* hsp3embed.h in Headers */,
				F63443D4978F305D9250410D /* hsp3r.h in Headers */,
				184949948098BB720F0177B9 /* hspvar_util.h in Headers */,
				B95C432BB2D64A698D4B46E8 /* misc.h in Headers */,
				8F1048498A3F6E16625E0084 /* gamePhysics.h in Headers */,
				99A84FAF8F821A7C359C40DE /* ptttypes.h in Headers */,
				A72C42FF89BD06B6C6B2AE8D /* rock.h in Headers */,
				5B1040578EA1AD3AE7A73488 /* vessel.h in Headers */,
			);
			runOnlyForDeploymentPostprocessing = 0;
		};
/* End PBXHeadersBuildPhase section */

/* Begin PBXNativeTarget section */
		1E480DAA1859C4540052A2F2 /* iosBuildTest */ = {
			isa = PBXNativeTarget;
			buildConfigurationList = 1E480DD71859C4540052A2F2 /* Build configuration list for PBXNativeTarget "iosBuildTest" */;
			buildPhases = (
				1E480DA71859C4540052A2F2 /* Sources */,
				1E480DA81859C4540052A2F2 /* Frameworks */,
				1E480DA91859C4540052A2F2 /* Resources */,
				72D64B1CA86D4F057D051B4B /* Headers */,
			);
			buildRules = (
			);
			dependencies = (
			);
			name = iosBuildTest;
			productName = iosBuildTest;
			productReference = 1E480DAB1859C4540052A2F2 /* hspproj.app */;
			productType = "com.apple.product-type.application";
		};
/* End PBXNativeTarget section */

/* Begin PBXProject section */
		1E480DA31859C4540052A2F2 /* Project object */ = {
			isa = PBXProject;
			attributes = {
				LastUpgradeCheck = 0500;
				ORGANIZATIONNAME = nennneko5787;
				TargetAttributes = {
					1E480DAA1859C4540052A2F2 = {
						DevelopmentTeam = 5FH2J53M7P;
						ProvisioningStyle = Automatic;
					};
				};
			};
			buildConfigurationList = 1E480DA61859C4540052A2F2 /* Build configuration list for PBXProject "iosBuildTest" */;
			compatibilityVersion = "Xcode 3.2";
			developmentRegion = English;
			hasScannedForEncodings = 0;
			knownRegions = (
				English,
				en,
				ja,
			);
			mainGroup = 1E480DA21859C4540052A2F2;
			productRefGroup = 1E480DAC1859C4540052A2F2 /* Products */;
			projectDirPath = "";
			projectRoot = "";
			targets = (
				1E480DAA1859C4540052A2F2 /* iosBuildTest */,
			);
		};
/* End PBXProject section */

/* Begin PBXResourcesBuildPhase section */
		1E480DA91859C4540052A2F2 /* Resources */ = {
			isa = PBXResourcesBuildPhase;
			buildActionMask = 2147483647;
			files = (
				1EA55590189A462D00344013 /* icon58.png in Resources */,
				1E0417D4189A70E5003F87D6 /* Default.png in Resources */,
				1EA5558F189A462D00344013 /* icon57.png in Resources */,
				1EA55591189A462D00344013 /* icon120.png in Resources */,
				1E0417D3189A70E5003F87D6 /* Default-568h@2x.png in Resources */,
				1E0417D5189A70E5003F87D6 /* Default@2x.png in Resources */,
				1E480DB91859C4540052A2F2 /* InfoPlist.strings in Resources */,
				C2934DCB94D04B8EB62C65D5 /* OBAQlicense.txt in Resources */,
			);
			runOnlyForDeploymentPostprocessing = 0;
		};
/* End PBXResourcesBuildPhase section */

/* Begin PBXSourcesBuildPhase section */
		1E480DA71859C4540052A2F2 /* Sources */ = {
			isa = PBXSourcesBuildPhase;
			buildActionMask = 2147483647;
			files = (
				1E480DBF1859C4540052A2F2 /* AppDelegate.m in Sources */,
				1E6849631859C5D200603D88 /* hspsource.cpp in Sources */,
				1E480DBB1859C4540052A2F2 /* main.m in Sources */,
				EBA9422485B2EDA49A3855D2 /* Canvas.mm in Sources */,
				C3C64C8693E6E7F1BDF54AB9 /* Graphics.mm in Sources */,
				6EC94F68BC2622A7D5BD3FC9 /* HspView.mm in Sources */,
				E05B47CC885225850CE112EF /* HspViewController.mm in Sources */,
				9F244DEEB848355D172FB9BD /* Image.mm in Sources */,
				6DD24DF78F29ED05DA1E87B8 /* iOSBridge.mm in Sources */,
				A130471A9146B7F8FFAE6BCB /* iOSgpBridge.mm in Sources */,
				4B554288BE859A40191DDE61 /* PlatformiOS.mm in Sources */,
				E8CC4171B248661AEA491B85 /* dpmread.cpp in Sources */,
				AEDA49A8966B9024A1C853EB /* essprite.cpp in Sources */,
				23264F4BB87DB01BF7F5BDDA /* geometry.cpp in Sources */,
				3F7848F5BF087706CFCCBC4C /* hsp3debug.cpp in Sources */,
				6E1245C2A69FDE0A5353D947 /* hsp3gr_dish.cpp in Sources */,
				92D04FA0A0508C6670501A3C /* hsp3int.cpp in Sources */,
				697D4986A1D681D56FEFD1DB /* hspvar_core.cpp in Sources */,
				3A154BE69BFE7D7A5E45AAA1 /* hspvar_double.cpp in Sources */,
				E6124FC09933D81E62D026F3 /* hspvar_int.cpp in Sources */,
				5D3B4355A13ACE54B580DDE7 /* hspvar_label.cpp in Sources */,
				59604EE8BCAFE5D5B5FE4D53 /* hspvar_str.cpp in Sources */,
				8B6844019F30348554D18FE8 /* hspvar_struct.cpp in Sources */,
				93A64C38A03E45C7CAE193E2 /* hspwnd_dish.cpp in Sources */,
				982B4BD3926F944F863798DE /* hspwnd_edit.cpp in Sources */,
				B00249B78674B9D8949192D3 /* hspwnd_obj.cpp in Sources */,
				37FA480989D4091312E64A45 /* random.cpp in Sources */,
				36864899B0466D345CB9F00C /* stack.cpp in Sources */,
				C71645B2BF2409F694853238 /* strbuf.cpp in Sources */,
				9901434EAB961B497A141218 /* strnote.cpp in Sources */,
				3CBB421CAEB0926639305606 /* sysreq.cpp in Sources */,
				D9BD431ABA0E4893891C79E4 /* texmes.cpp in Sources */,
				12A04033813F3054DBA37296 /* fontsystem.cpp in Sources */,
				FBBE405A82CF22916DD45EFA /* hgtex.cpp in Sources */,
				D1BE4BA0B1576E60E4FB4FC4 /* hsp3ext_ios.cpp in Sources */,
				59E44F8A91DACD2407C568F6 /* mmman.mm in Sources */,
				E6A241A2873FEAD323FE7426 /* stb_image.c in Sources */,
				A2544C68BE41D061E162A424 /* supio_ios.cpp in Sources */,
				C6834057B7C40D3AB1A3066C /* gamehsp.cpp in Sources */,
				02F249CA9D950F0CA3188AB6 /* gpcam.cpp in Sources */,
				4F284EE09AF61F4BFB93E1AB /* gpevent.cpp in Sources */,
				BD9F430F84B27A1FAE72D916 /* gplgt.cpp in Sources */,
				64254026A171988BB46BA02E /* gpmat.cpp in Sources */,
				45FE43E4A77C05E518F73B20 /* gpphy.cpp in Sources */,
				9BB54328A77284A3EF769F86 /* hgiox.cpp in Sources */,
				206348548EEBC58E4BCCC8E1 /* webtask_ios.cpp in Sources */,
				F5BF42FA89879ECF598B9006 /* game.cpp in Sources */,
				0DD44CA6B2F68FCE7530AFC7 /* hsp3dw.cpp in Sources */,
				F8234D3B9C59AA0A251439A6 /* omkedraw.cpp in Sources */,
				F606472FB1227AE22244EDAE /* hsp3code.cpp in Sources */,
				012349AF9B98169B9D8FDC14 /* hsp3embed.cpp in Sources */,
				8C9E4B5080C17AF5C792516E /* hsp3r.cpp in Sources */,
				D2114F12B5842DF30D3F00A5 /* hspvar_util.cpp in Sources */,
				772142249C66D9BE02F9E834 /* misc.mm in Sources */,
				5F0741059C74B43A4BFD67DF /* rock.cpp in Sources */,
				668E43F78B1E92EC8E7DDF2D /* vessel.cpp in Sources */,
			);
			runOnlyForDeploymentPostprocessing = 0;
		};
/* End PBXSourcesBuildPhase section */

/* Begin PBXVariantGroup section */
		1E480DB71859C4540052A2F2 /* InfoPlist.strings */ = {
			isa = PBXVariantGroup;
			children = (
				1E480DB81859C4540052A2F2 /* en */,
				1E63B6F2185B17B600E311DC /* ja */,
			);
			name = InfoPlist.strings;
			sourceTree = "<group>";
		};
/* End PBXVariantGroup section */

/* Begin XCBuildConfiguration section */
		1E480DD51859C4540052A2F2 /* Debug */ = {
			isa = XCBuildConfiguration;
			buildSettings = {
				ALWAYS_SEARCH_USER_PATHS = NO;
				ARCHS = "$(ARCHS_STANDARD)";
				CLANG_CXX_LANGUAGE_STANDARD = "gnu++0x";
				CLANG_CXX_LIBRARY = "libc++";
				CLANG_ENABLE_MODULES = YES;
				CLANG_ENABLE_OBJC_ARC = YES;
				CLANG_WARN_BOOL_CONVERSION = YES;
				CLANG_WARN_CONSTANT_CONVERSION = YES;
				CLANG_WARN_DIRECT_OBJC_ISA_USAGE = YES_ERROR;
				CLANG_WARN_EMPTY_BODY = YES;
				CLANG_WARN_ENUM_CONVERSION = YES;
				CLANG_WARN_INT_CONVERSION = YES;
				CLANG_WARN_OBJC_ROOT_CLASS = YES_ERROR;
				CLANG_WARN__DUPLICATE_METHOD_MATCH = YES;
				CODE_SIGN_IDENTITY = "iPhone Developer";
				"CODE_SIGN_IDENTITY[sdk=iphoneos*]" = "iPhone Developer: Yasushi Takeda (WZR8TP57UZ)";
				COPY_PHASE_STRIP = NO;
				GCC_C_LANGUAGE_STANDARD = gnu99;
				GCC_DYNAMIC_NO_PIC = NO;
				GCC_OPTIMIZATION_LEVEL = 0;
				GCC_PREPROCESSOR_DEFINITIONS = (
					"DEBUG=1",
					"$(inherited)",
				);
				GCC_SYMBOLS_PRIVATE_EXTERN = NO;
				GCC_WARN_64_TO_32_BIT_CONVERSION = YES;
				GCC_WARN_ABOUT_RETURN_TYPE = YES_ERROR;
				GCC_WARN_UNDECLARED_SELECTOR = YES;
				GCC_WARN_UNINITIALIZED_AUTOS = YES;
				GCC_WARN_UNUSED_FUNCTION = YES;
				GCC_WARN_UNUSED_VARIABLE = YES;
				IPHONEOS_DEPLOYMENT_TARGET = 12.0;
				ONLY_ACTIVE_ARCH = YES;
				SDKROOT = iphoneos;
			};
			name = Debug;
		};
		1E480DD61859C4540052A2F2 /* Release */ = {
			isa = XCBuildConfiguration;
			buildSettings = {
				ALWAYS_SEARCH_USER_PATHS = NO;
				ARCHS = "$(ARCHS_STANDARD)";
				CLANG_CXX_LANGUAGE_STANDARD = "gnu++0x";
				CLANG_CXX_LIBRARY = "libc++";
				CLANG_ENABLE_MODULES = YES;
				CLANG_ENABLE_OBJC_ARC = YES;
				CLANG_WARN_BOOL_CONVERSION = YES;
				CLANG_WARN_CONSTANT_CONVERSION = YES;
				CLANG_WARN_DIRECT_OBJC_ISA_USAGE = YES_ERROR;
				CLANG_WARN_EMPTY_BODY = YES;
				CLANG_WARN_ENUM_CONVERSION = YES;
				CLANG_WARN_INT_CONVERSION = YES;
				CLANG_WARN_OBJC_ROOT_CLASS = YES_ERROR;
				CLANG_WARN__DUPLICATE_METHOD_MATCH = YES;
				CODE_SIGN_IDENTITY = "iPhone Developer";
				"CODE_SIGN_IDENTITY[sdk=iphoneos*]" = "iPhone Developer: Yasushi Takeda (WZR8TP57UZ)";
				COPY_PHASE_STRIP = YES;
				ENABLE_NS_ASSERTIONS = NO;
				GCC_C_LANGUAGE_STANDARD = gnu99;
				GCC_WARN_64_TO_32_BIT_CONVERSION = YES;
				GCC_WARN_ABOUT_RETURN_TYPE = YES_ERROR;
				GCC_WARN_UNDECLARED_SELECTOR = YES;
				GCC_WARN_UNINITIALIZED_AUTOS = YES;
				GCC_WARN_UNUSED_FUNCTION = YES;
				GCC_WARN_UNUSED_VARIABLE = YES;
				IPHONEOS_DEPLOYMENT_TARGET = 12.0;
				SDKROOT = iphoneos;
				VALIDATE_PRODUCT = YES;
			};
			name = Release;
		};
		1E480DD81859C4540052A2F2 /* Debug */ = {
			isa = XCBuildConfiguration;
			buildSettings = {
				ARCHS = "$(ARCHS_STANDARD)";
				CLANG_CXX_LANGUAGE_STANDARD = "compiler-default";
				CLANG_CXX_LIBRARY = "compiler-default";
				CLANG_ENABLE_MODULES = NO;
				CLANG_ENABLE_OBJC_ARC = NO;
				CODE_SIGN_IDENTITY = "iPhone Developer";
				CODE_SIGN_STYLE = Automatic;
				COMPRESS_PNG_FILES = NO;
				DEVELOPMENT_TEAM = 5FH2J53M7P;
				GCC_PRECOMPILE_PREFIX_HEADER = YES;
				GCC_PREFIX_HEADER = "hspproj/hspproj-Prefix.pch";
				GCC_PREPROCESSOR_DEFINITIONS = (
					"DEBUG=1",
					HSPIOS,
					HSPDISH,
					HSPEMBED,
					USE_OBAQ,
				);
				INFOPLIST_FILE = "hspproj/hspproj-Info.plist";
				IPHONEOS_DEPLOYMENT_TARGET = 12.0;
				LIBRARY_SEARCH_PATHS = (
					"$(inherited)",
					../iHSP27/lib,
				);
				ONLY_ACTIVE_ARCH = YES;
				PRODUCT_BUNDLE_IDENTIFIER = onionsoftware.hsptv.hspproj;
				PRODUCT_NAME = hspproj;
				PROVISIONING_PROFILE_SPECIFIER = "";
				TARGETED_DEVICE_FAMILY = "1,2";
				TVOS_DEPLOYMENT_TARGET = 12.0;
				VALID_ARCHS = "armv7 armv7s arm64";
				WRAPPER_EXTENSION = app;
			};
			name = Debug;
		};
		1E480DD91859C4540052A2F2 /* Release */ = {
			isa = XCBuildConfiguration;
			buildSettings = {
				ARCHS = "$(ARCHS_STANDARD)";
				CLANG_CXX_LANGUAGE_STANDARD = "compiler-default";
				CLANG_CXX_LIBRARY = "compiler-default";
				CLANG_ENABLE_MODULES = NO;
				CLANG_ENABLE_OBJC_ARC = NO;
				CODE_SIGN_IDENTITY = "iPhone Developer";
				CODE_SIGN_STYLE = Automatic;
				COMPRESS_PNG_FILES = NO;
				DEVELOPMENT_TEAM = 5FH2J53M7P;
				GCC_PRECOMPILE_PREFIX_HEADER = YES;
				GCC_PREFIX_HEADER = "hspproj/hspproj-Prefix.pch";
				GCC_PREPROCESSOR_DEFINITIONS = (
					USE_OBAQ,
					HSPEMBED,
					HSPDISH,
					HSPIOS,
				);
				INFOPLIST_FILE = "hspproj/hspproj-Info.plist";
				IPHONEOS_DEPLOYMENT_TARGET = 12.0;
				LIBRARY_SEARCH_PATHS = (
					"$(inherited)",
					../iHSP27/lib,
				);
				ONLY_ACTIVE_ARCH = YES;
				PRODUCT_BUNDLE_IDENTIFIER = onionsoftware.hsptv.hspproj;
				PRODUCT_NAME = hspproj;
				PROVISIONING_PROFILE_SPECIFIER = "";
				TARGETED_DEVICE_FAMILY = "1,2";
				TVOS_DEPLOYMENT_TARGET = 12.0;
				VALID_ARCHS = "armv7 armv7s arm64";
				WRAPPER_EXTENSION = app;
			};
			name = Release;
		};
/* End XCBuildConfiguration section */

/* Begin XCConfigurationList section */
		1E480DA61859C4540052A2F2 /* Build configuration list for PBXProject "iosBuildTest" */ = {
			isa = XCConfigurationList;
			buildConfigurations = (
				1E480DD51859C4540052A2F2 /* Debug */,
				1E480DD61859C4540052A2F2 /* Release */,
			);
			defaultConfigurationIsVisible = 0;
			defaultConfigurationName = Release;
		};
		1E480DD71859C4540052A2F2 /* Build configuration list for PBXNativeTarget "iosBuildTest" */ = {
			isa = XCConfigurationList;
			buildConfigurations = (
				1E480DD81859C4540052A2F2 /* Debug */,
				1E480DD91859C4540052A2F2 /* Release */,
			);
			defaultConfigurationIsVisible = 0;
			defaultConfigurationName = Release;
		};
/* End XCConfigurationList section */
	};
	rootObject = 1E480DA31859C4540052A2F2 /* Project object */;
}
