// !$*UTF8*$!
{
	archiveVersion = 1;
	classes = {
	};
	objectVersion = 46;
	objects = {

/* Begin PBXBuildFile section */
		03C948A48C27AE807A2DB438 /* supio_ios.cpp in Sources */ = {isa = PBXBuildFile; fileRef = B6C64E2FB8C4E2FA45B9EC50 /* supio_ios.cpp */; };
		03D443E7917C9A43E380A81D /* hsp3debug.h in Headers */ = {isa = PBXBuildFile; fileRef = 9B094900B9A3770EFFBDCCCA /* hsp3debug.h */; };
		06A0449EB9ED5B9D1EB37283 /* hspvar_double.cpp in Sources */ = {isa = PBXBuildFile; fileRef = E6D647F0806C0A900FF16F0B /* hspvar_double.cpp */; };
		0757400895453E9015903F53 /* font_data.h in Headers */ = {isa = PBXBuildFile; fileRef = 6FFA4CA992EFEC016C22448E /* font_data.h */; };
		07E7440FBFCF72BA8C75500A /* vessel.cpp in Sources */ = {isa = PBXBuildFile; fileRef = 91084CDFA5D72DFB10F87F51 /* vessel.cpp */; };
		080F4A5580608B3B45A99106 /* hspvar_label.h in Headers */ = {isa = PBXBuildFile; fileRef = E8B34CEEB9BB9132C2657CF7 /* hspvar_label.h */; };
		176647D1896290BE8F4A4DC5 /* misc.mm in Sources */ = {isa = PBXBuildFile; fileRef = 3DBF40AEBF5B9995BC1FD983 /* misc.mm */; };
		1A0D4ED49F2B456D6A3F4587 /* Image.mm in Sources */ = {isa = PBXBuildFile; fileRef = 6B63464ABDDB528C62293A53 /* Image.mm */; };
		1CF44711B4D08802D0FCAC1C /* hsp3dw.cpp in Sources */ = {isa = PBXBuildFile; fileRef = 2E3F485B94F43FA39C28CB6D /* hsp3dw.cpp */; };
		1E0417D3189A70E5003F87D6 /* Default-568h@2x.png in Resources */ = {isa = PBXBuildFile; fileRef = 1E0417D0189A70E5003F87D6 /* Default-568h@2x.png */; };
		1E0417D4189A70E5003F87D6 /* Default.png in Resources */ = {isa = PBXBuildFile; fileRef = 1E0417D1189A70E5003F87D6 /* Default.png */; };
		1E0417D5189A70E5003F87D6 /* Default@2x.png in Resources */ = {isa = PBXBuildFile; fileRef = 1E0417D2189A70E5003F87D6 /* Default@2x.png */; };
		1E480DAF1859C4540052A2F2 /* Foundation.framework in Frameworks */ = {isa = PBXBuildFile; fileRef = 1E480DAE1859C4540052A2F2 /* Foundation.framework */; };
		1E480DB11859C4540052A2F2 /* CoreGraphics.framework in Frameworks */ = {isa = PBXBuildFile; fileRef = 1E480DB01859C4540052A2F2 /* CoreGraphics.framework */; };
		1E480DB31859C4540052A2F2 /* UIKit.framework in Frameworks */ = {isa = PBXBuildFile; fileRef = 1E480DB21859C4540052A2F2 /* UIKit.framework */; };
		1E480DB91859C4540052A2F2 /* InfoPlist.strings in Resources */ = {isa = PBXBuildFile; fileRef = 1E480DB71859C4540052A2F2 /* InfoPlist.strings */; };
		1E480DBB1859C4540052A2F2 /* main.m in Sources */ = {isa = PBXBuildFile; fileRef = 1E480DBA1859C4540052A2F2 /* main.m */; };
		1E480DBF1859C4540052A2F2 /* AppDelegate.m in Sources */ = {isa = PBXBuildFile; fileRef = 1E480DBE1859C4540052A2F2 /* AppDelegate.m */; };
		1E480DE21859C4A60052A2F2 /* AudioToolbox.framework in Frameworks */ = {isa = PBXBuildFile; fileRef = 1E480DDD1859C4A60052A2F2 /* AudioToolbox.framework */; };
		1E480DE31859C4A60052A2F2 /* iAd.framework in Frameworks */ = {isa = PBXBuildFile; fileRef = 1E480DDE1859C4A60052A2F2 /* iAd.framework */; };
		1E480DE41859C4A60052A2F2 /* OpenAL.framework in Frameworks */ = {isa = PBXBuildFile; fileRef = 1E480DDF1859C4A60052A2F2 /* OpenAL.framework */; };
		1E480DE51859C4A60052A2F2 /* OpenGLES.framework in Frameworks */ = {isa = PBXBuildFile; fileRef = 1E480DE01859C4A60052A2F2 /* OpenGLES.framework */; };
		1E480DE61859C4A60052A2F2 /* QuartzCore.framework in Frameworks */ = {isa = PBXBuildFile; fileRef = 1E480DE11859C4A60052A2F2 /* QuartzCore.framework */; };
		1E6849631859C5D200603D88 /* hspsource.cpp in Sources */ = {isa = PBXBuildFile; fileRef = 1E6849621859C5D200603D88 /* hspsource.cpp */; };
		1E7044C29B96A008F92F613C /* iOSgpBridge.h in Headers */ = {isa = PBXBuildFile; fileRef = A9BA40BEA2FCFFE4B5CAC2D4 /* iOSgpBridge.h */; };
		1EA5558F189A462D00344013 /* icon57.png in Resources */ = {isa = PBXBuildFile; fileRef = 1EA5558C189A462D00344013 /* icon57.png */; };
		1EA55590189A462D00344013 /* icon58.png in Resources */ = {isa = PBXBuildFile; fileRef = 1EA5558D189A462D00344013 /* icon58.png */; };
		1EA55591189A462D00344013 /* icon120.png in Resources */ = {isa = PBXBuildFile; fileRef = 1EA5558E189A462D00344013 /* icon120.png */; };
		1ED34015B8ADDB4F685D5A83 /* random.h in Headers */ = {isa = PBXBuildFile; fileRef = 6E6547FF97431224901783A7 /* random.h */; };
		1EE84634AA9D1FAFE01B3C4B /* hgio.h in Headers */ = {isa = PBXBuildFile; fileRef = 6F6348628131B29C92B07EB5 /* hgio.h */; };
		22B345BFA87A2D55586F0E56 /* omkedraw.cpp in Sources */ = {isa = PBXBuildFile; fileRef = CCCD4C408E056BB053A66163 /* omkedraw.cpp */; };
		22FA4D5B91122F775292530C /* HspView.h in Headers */ = {isa = PBXBuildFile; fileRef = 5C46433493203D473B66D9D1 /* HspView.h */; };
		23E849A6A4B9E068865C0AB0 /* geometry.cpp in Sources */ = {isa = PBXBuildFile; fileRef = 6E1D4115BD70A020F28FEF62 /* geometry.cpp */; };
		24914E48BC8AD30E9D36B0D2 /* hspwnd_obj.cpp in Sources */ = {isa = PBXBuildFile; fileRef = 177A445A88B4F73686BB3C14 /* hspwnd_obj.cpp */; };
		24CA439795D3459DC6D12823 /* hsp3int.h in Headers */ = {isa = PBXBuildFile; fileRef = 02AC418D835E7331FB202386 /* hsp3int.h */; };
		27354AA2882E035E4996AF12 /* hsp3code.cpp in Sources */ = {isa = PBXBuildFile; fileRef = 6F05442F9A0AB09137A82B86 /* hsp3code.cpp */; };
		2F5E4DA59475A5169B5CC277 /* game.h in Headers */ = {isa = PBXBuildFile; fileRef = D7C243B1AB5DCBBCF1AD26B8 /* game.h */; };
		30134E9DB3715ED4DFE91DB3 /* hspvar_str.cpp in Sources */ = {isa = PBXBuildFile; fileRef = F09B48FAA27C94FDC7D67830 /* hspvar_str.cpp */; };
		301E417899666C201AEEB93C /* HspView.mm in Sources */ = {isa = PBXBuildFile; fileRef = 437842539D098841C6761CD7 /* HspView.mm */; };
		314D4378BFF8C6C45C4C6A73 /* hgtex.cpp in Sources */ = {isa = PBXBuildFile; fileRef = 08F54F3FA1C73B0733D23036 /* hgtex.cpp */; };
		351E4DE9A04AF59861FEC669 /* hspvar_core.h in Headers */ = {isa = PBXBuildFile; fileRef = FE8B46EF995921927DB047F6 /* hspvar_core.h */; };
		355644499663F75A3097EC0C /* rock.cpp in Sources */ = {isa = PBXBuildFile; fileRef = 9820455388E95665554FF533 /* rock.cpp */; };
		38D14D5BA5213AE622C8DF71 /* hsp3dw.h in Headers */ = {isa = PBXBuildFile; fileRef = E6CF4179B03CD50FD173BDC1 /* hsp3dw.h */; };
		3B7A4A04B13CAFD3D6E02602 /* HspViewController.mm in Sources */ = {isa = PBXBuildFile; fileRef = 68E14AEDAA011A71D47B07C2 /* HspViewController.mm */; };
		3BE542A287C047B5621347CF /* geometry.h in Headers */ = {isa = PBXBuildFile; fileRef = C6894DC08279FB4E87388039 /* geometry.h */; };
		3D1E4EB4A7413A2136AA7B0E /* essprite.cpp in Sources */ = {isa = PBXBuildFile; fileRef = C23B47DA9EAC866D0774FF25 /* essprite.cpp */; };
		4041422389DB627C297FC58D /* PlatformiOS.mm in Sources */ = {isa = PBXBuildFile; fileRef = 78A545FD82E784DFC41694EE /* PlatformiOS.mm */; };
		448E460BAE4C9A88B49A73D3 /* mmman.h in Headers */ = {isa = PBXBuildFile; fileRef = DABB479A9FD7932D3E97E796 /* mmman.h */; };
		44BC47B6B2D922168DC8AA7B /* vessel.h in Headers */ = {isa = PBXBuildFile; fileRef = 22EA4C55A50757A568C5C5CF /* vessel.h */; };
		48F24C3F93DC9E44DCFD13EC /* hsp3embed.cpp in Sources */ = {isa = PBXBuildFile; fileRef = 40994EE496C23F76667B5403 /* hsp3embed.cpp */; };
		4FC546198B29027681790DC7 /* misc.h in Headers */ = {isa = PBXBuildFile; fileRef = 182547A19E5335A3D487B5A4 /* misc.h */; };
		5B61415BA13D3B5CB7299620 /* Image.h in Headers */ = {isa = PBXBuildFile; fileRef = 97564323B3A20F1F7DF37444 /* Image.h */; };
		610A45B98E5AF370BE8FF0E6 /* hgtex.h in Headers */ = {isa = PBXBuildFile; fileRef = C40A4C22BC53695DF720371D /* hgtex.h */; };
		62F9439DB1EBFC666E48DD38 /* hspvar_core.cpp in Sources */ = {isa = PBXBuildFile; fileRef = D3B54E7EAE05209C8D8AF619 /* hspvar_core.cpp */; };
		637C46E0A69BE65D2600D4B9 /* hsp3ext_ios.h in Headers */ = {isa = PBXBuildFile; fileRef = 0F6F45EF960A37C032A0419C /* hsp3ext_ios.h */; };
		66CF4827A1DF2254DFDF721A /* fontsystem.cpp in Sources */ = {isa = PBXBuildFile; fileRef = 89B440D9BF95E10F77B232E5 /* fontsystem.cpp */; };
		694646A59A5A8B37C10AC5CD /* dpmread.cpp in Sources */ = {isa = PBXBuildFile; fileRef = 2C694557A6D9E5091D365B01 /* dpmread.cpp */; };
		6B724FB1B49A4AE2D1C66807 /* stack.h in Headers */ = {isa = PBXBuildFile; fileRef = C451474B81512BBCFE9E1674 /* stack.h */; };
		6B974A75A4BF9656106F1CA4 /* Graphics.h in Headers */ = {isa = PBXBuildFile; fileRef = AFCF4AB9975BA4E7F03A0727 /* Graphics.h */; };
		6BE746DBBAB9B7CC2BC32F66 /* game.cpp in Sources */ = {isa = PBXBuildFile; fileRef = C239464DA3F9398E20343B24 /* game.cpp */; };
		6F3E483D972E461B04662762 /* random.cpp in Sources */ = {isa = PBXBuildFile; fileRef = 444D49358F3061C78C916AFE /* random.cpp */; };
		769C4085AE1F79C89CDDBF6A /* hsp3config.h in Headers */ = {isa = PBXBuildFile; fileRef = D66741B8BDC770221069C75B /* hsp3config.h */; };
		803842D3A956885C5BB0567C /* omkedraw.h in Headers */ = {isa = PBXBuildFile; fileRef = 2D9840168090E82E4FB44D7B /* omkedraw.h */; };
		81BF43F897C6CDB045D261D1 /* hsp3ext_ios.cpp in Sources */ = {isa = PBXBuildFile; fileRef = 0A0041F896930F89494DAF35 /* hsp3ext_ios.cpp */; };
		835B4E269E9971C591C74E90 /* hsp3r.h in Headers */ = {isa = PBXBuildFile; fileRef = E1D5428B9F08DE1CD74189B2 /* hsp3r.h */; };
		86124230B6EBAE0B0F8B85A0 /* iOSBridge.mm in Sources */ = {isa = PBXBuildFile; fileRef = 576C440088695789BF84BCC7 /* iOSBridge.mm */; };
		89FF43349B304C046626922D /* hsp3code.h in Headers */ = {isa = PBXBuildFile; fileRef = DC1043F5A1EC7BDE46CF68DE /* hsp3code.h */; };
		8B2446DB97103ADFFAF3946E /* supio.h in Headers */ = {isa = PBXBuildFile; fileRef = B9B9430E863D38078BA6DA62 /* supio.h */; };
		8B7F4080B1622884C9059F83 /* hsp3embed.h in Headers */ = {isa = PBXBuildFile; fileRef = 4FF4474BBBAA4A52CE99E88E /* hsp3embed.h */; };
		90C94CC18BE3BF3D87C1EF74 /* hsp3debug.cpp in Sources */ = {isa = PBXBuildFile; fileRef = C5024E49948D3A6F29DCEED9 /* hsp3debug.cpp */; };
		926E4C6E8B3639F3C8D96983 /* hsp3int.cpp in Sources */ = {isa = PBXBuildFile; fileRef = D3B94E03AD69054AAE3F1C73 /* hsp3int.cpp */; };
		936A4052B269844243D57E41 /* sysreq.cpp in Sources */ = {isa = PBXBuildFile; fileRef = C0B340259F2EDAA919C35159 /* sysreq.cpp */; };
		97434E7DB50EEE54A3F6779C /* strnote.cpp in Sources */ = {isa = PBXBuildFile; fileRef = 09884E6CA071DBB8DA305B2E /* strnote.cpp */; };
		97A540E085FBA70D1A727401 /* hsp3r.cpp in Sources */ = {isa = PBXBuildFile; fileRef = 18894477B9621CB712CE6476 /* hsp3r.cpp */; };
		99784EFD90AEA7FB309BD821 /* gamePhysics.h in Headers */ = {isa = PBXBuildFile; fileRef = 052E4BD898F2AE601DF053C8 /* gamePhysics.h */; };
		9D4A434B8A4469890ACE5B4D /* essprite.h in Headers */ = {isa = PBXBuildFile; fileRef = 4294405CBB41294735DCBC44 /* essprite.h */; };
		9DF14C619EA8C4A26DB61644 /* hspvar_struct.cpp in Sources */ = {isa = PBXBuildFile; fileRef = C34C49929FCD17D8E56536C3 /* hspvar_struct.cpp */; };
		9E82458F8918F416D058A265 /* stack.cpp in Sources */ = {isa = PBXBuildFile; fileRef = FACA4CD0B7DEFD90EE35A197 /* stack.cpp */; };
		A06C44A194C39FDDE2ADE329 /* texmes.h in Headers */ = {isa = PBXBuildFile; fileRef = F59943CC8889294E1A3B9F40 /* texmes.h */; };
		A10748128A1D8D9BF226D472 /* strbuf.cpp in Sources */ = {isa = PBXBuildFile; fileRef = D9AA444FBD6FA4C08D950FCC /* strbuf.cpp */; };
		A1D04056BF24663222B63239 /* Canvas.h in Headers */ = {isa = PBXBuildFile; fileRef = 51F1482BAD67E227D1241872 /* Canvas.h */; };
		A47147638845720C92648D56 /* iOSgpBridge.mm in Sources */ = {isa = PBXBuildFile; fileRef = B52C4917854E56049CB3BC5F /* iOSgpBridge.mm */; };
		A5D64A629C009FE41975BC55 /* OBAQlicense.txt in Resources */ = {isa = PBXBuildFile; fileRef = 2D0B45508F399BEC888D5A56 /* OBAQlicense.txt */; };
		A72D4BE8B67A311EBF3EF3F7 /* hspvar_util.h in Headers */ = {isa = PBXBuildFile; fileRef = 40BA4F568FED60422A33E152 /* hspvar_util.h */; };
		AFDE499D83C03D87BA25701A /* strbuf.h in Headers */ = {isa = PBXBuildFile; fileRef = 90834AA895BD95FFEA04770D /* strbuf.h */; };
		B01F43DA967AB68C2331E42B /* hspwnd_dish.h in Headers */ = {isa = PBXBuildFile; fileRef = B94741CBBC439DBD33AF81A4 /* hspwnd_dish.h */; };
		B5B04792BF61CE0183BF52C7 /* iOSBridge.h in Headers */ = {isa = PBXBuildFile; fileRef = 2BB34BAAA8B5C92E7C450651 /* iOSBridge.h */; };
		B77C499CAFC924206DD320E1 /* stb_image.h in Headers */ = {isa = PBXBuildFile; fileRef = CEA34D8581CFD9D13C980A24 /* stb_image.h */; };
		BE1D4780BB9CB12D93449257 /* hsp3ext.h in Headers */ = {isa = PBXBuildFile; fileRef = 568A46088CF14ED2A778C544 /* hsp3ext.h */; };
		BE394D32AC1ECC92B394FD24 /* hsp3gr_dish.h in Headers */ = {isa = PBXBuildFile; fileRef = 89D64878B340238565DDEFD0 /* hsp3gr_dish.h */; };
		C33E4BEBAC5A55E6FE438E35 /* appengine.h in Headers */ = {isa = PBXBuildFile; fileRef = B04241EB8184EB8C1B1C641A /* appengine.h */; };
		C47F43CFAAEA1E8BE1AF4DE2 /* hspvar_label.cpp in Sources */ = {isa = PBXBuildFile; fileRef = EFFD462198CFD4A062953E29 /* hspvar_label.cpp */; };
		C5FD4C4F9CBCA1FBAE4D16DD /* hspvar_util.cpp in Sources */ = {isa = PBXBuildFile; fileRef = 6F454AD0993D4BF3BC129266 /* hspvar_util.cpp */; };
		C7CE4A4EAA216EC807EBB05B /* Graphics.mm in Sources */ = {isa = PBXBuildFile; fileRef = 48C84D04A97CFA48F4A0DF12 /* Graphics.mm */; };
		C88342DBBB828FCCF5882A7A /* webtask.h in Headers */ = {isa = PBXBuildFile; fileRef = 98154407B249631A9B191755 /* webtask.h */; };
		D29C48D597A07FD8176CDECA /* hspwnd_dish.cpp in Sources */ = {isa = PBXBuildFile; fileRef = 681345B1B8AB2BAC01DF8A1A /* hspwnd_dish.cpp */; };
		D6DD4FCD99C250CEE42EA60B /* dpmread.h in Headers */ = {isa = PBXBuildFile; fileRef = 189D44B194EC5A852100A38D /* dpmread.h */; };
		DB824DB8866F79D92446B51C /* hsp3struct.h in Headers */ = {isa = PBXBuildFile; fileRef = BC2F412A892F4C7C39336174 /* hsp3struct.h */; };
		DF824E70A247DA6A57AD2699 /* Canvas.mm in Sources */ = {isa = PBXBuildFile; fileRef = 8DCA4DD8AC32E3E004457638 /* Canvas.mm */; };
		E0D84280A919C5C3735AD700 /* sysreq.h in Headers */ = {isa = PBXBuildFile; fileRef = 015648599B385BAD48470425 /* sysreq.h */; };
		E3BF4D169DB5ED11F8923EDD /* texmes.cpp in Sources */ = {isa = PBXBuildFile; fileRef = 6D074F79AE9DCE2B6C4A4CF3 /* texmes.cpp */; };
		EB9B49438A71BFCEB673E24C /* stb_image.c in Sources */ = {isa = PBXBuildFile; fileRef = 18DC420594491EBFB676679D /* stb_image.c */; };
		EE6E4ED5A07FC48DFD629377 /* HspViewController.h in Headers */ = {isa = PBXBuildFile; fileRef = 73404C0E948A2DE0C1CDFC47 /* HspViewController.h */; };
		F05946568F5D217558638B34 /* hsp3gr_dish.cpp in Sources */ = {isa = PBXBuildFile; fileRef = C1B94A50A14C34CB4765B8B1 /* hsp3gr_dish.cpp */; };
		F08943C38903E364C68EE9E0 /* hspvar_int.cpp in Sources */ = {isa = PBXBuildFile; fileRef = 31A84B5FAB082A5C7DE4E40F /* hspvar_int.cpp */; };
		F0E94313B9006C5FB4206B25 /* rock.h in Headers */ = {isa = PBXBuildFile; fileRef = 41834F1A86E1AA4311D1FB83 /* rock.h */; };
		F0F346CEADE93ADC7FD38002 /* fontsystem.h in Headers */ = {isa = PBXBuildFile; fileRef = A2F54AC0981EF0E7AFF3C271 /* fontsystem.h */; };
		F26D42849419CA7977D49BCD /* hspwnd_edit.cpp in Sources */ = {isa = PBXBuildFile; fileRef = 3FE149DCA6AC3923F9E75936 /* hspwnd_edit.cpp */; };
		F58F4A7DA41964A587C08465 /* strnote.h in Headers */ = {isa = PBXBuildFile; fileRef = EA334E08A960BAC9CFD6A399 /* strnote.h */; };
		F6AD4435A2429FC7606918E5 /* hspwnd.h in Headers */ = {isa = PBXBuildFile; fileRef = 4E96412C9C9DE45DCB6BA6D8 /* hspwnd.h */; };
		FAB24AA2B00FD48373643AA3 /* hsp3gr.h in Headers */ = {isa = PBXBuildFile; fileRef = 3E494386AA73FC1DDEB7FCA6 /* hsp3gr.h */; };
		FB584469B8C650A84C867257 /* supio_ios.h in Headers */ = {isa = PBXBuildFile; fileRef = F3E6420DBBF55544D8BEE839 /* supio_ios.h */; };
		FBF74EF0A4BF09B2D877D33E /* mmman.mm in Sources */ = {isa = PBXBuildFile; fileRef = F9EA4B44B00CF588B6490DF0 /* mmman.mm */; };
		FE634FB3BF8F1BE4A94D5368 /* ptttypes.h in Headers */ = {isa = PBXBuildFile; fileRef = 0D11442A9FA5DF591B7086CE /* ptttypes.h */; };
/* End PBXBuildFile section */

/* Begin PBXFileReference section */
		015648599B385BAD48470425 /* sysreq.h */ = {isa = PBXFileReference; lastKnownFileType = sourcecode.c.h; name = sysreq.h; path = iHSP30/hsp3/sysreq.h; sourceTree = SOURCE_ROOT; };
		02AC418D835E7331FB202386 /* hsp3int.h */ = {isa = PBXFileReference; lastKnownFileType = sourcecode.c.h; name = hsp3int.h; path = iHSP30/hsp3/hsp3int.h; sourceTree = SOURCE_ROOT; };
		052E4BD898F2AE601DF053C8 /* gamePhysics.h */ = {isa = PBXFileReference; lastKnownFileType = sourcecode.c.h; name = gamePhysics.h; path = iHSP30/obaq/physics/gamePhysics.h; sourceTree = SOURCE_ROOT; };
		08F54F3FA1C73B0733D23036 /* hgtex.cpp */ = {isa = PBXFileReference; lastKnownFileType = sourcecode.cpp.cpp; name = hgtex.cpp; path = iHSP30/hsp3/ios/hgtex.cpp; sourceTree = SOURCE_ROOT; };
		09884E6CA071DBB8DA305B2E /* strnote.cpp */ = {isa = PBXFileReference; lastKnownFileType = sourcecode.cpp.cpp; name = strnote.cpp; path = iHSP30/hsp3/strnote.cpp; sourceTree = SOURCE_ROOT; };
		0A0041F896930F89494DAF35 /* hsp3ext_ios.cpp */ = {isa = PBXFileReference; lastKnownFileType = sourcecode.cpp.cpp; name = hsp3ext_ios.cpp; path = iHSP30/hsp3/ios/hsp3ext_ios.cpp; sourceTree = SOURCE_ROOT; };
		0D11442A9FA5DF591B7086CE /* ptttypes.h */ = {isa = PBXFileReference; lastKnownFileType = sourcecode.c.h; name = ptttypes.h; path = iHSP30/obaq/physics/ptttypes.h; sourceTree = SOURCE_ROOT; };
		0F6F45EF960A37C032A0419C /* hsp3ext_ios.h */ = {isa = PBXFileReference; lastKnownFileType = sourcecode.c.h; name = hsp3ext_ios.h; path = iHSP30/hsp3/ios/hsp3ext_ios.h; sourceTree = SOURCE_ROOT; };
		177A445A88B4F73686BB3C14 /* hspwnd_obj.cpp */ = {isa = PBXFileReference; lastKnownFileType = sourcecode.cpp.cpp; name = hspwnd_obj.cpp; path = iHSP30/hsp3/hspwnd_obj.cpp; sourceTree = SOURCE_ROOT; };
		182547A19E5335A3D487B5A4 /* misc.h */ = {isa = PBXFileReference; lastKnownFileType = sourcecode.c.h; name = misc.h; path = iHSP30/hsp3embed/misc.h; sourceTree = SOURCE_ROOT; };
		18894477B9621CB712CE6476 /* hsp3r.cpp */ = {isa = PBXFileReference; lastKnownFileType = sourcecode.cpp.cpp; name = hsp3r.cpp; path = iHSP30/hsp3embed/hsp3r.cpp; sourceTree = SOURCE_ROOT; };
		189D44B194EC5A852100A38D /* dpmread.h */ = {isa = PBXFileReference; lastKnownFileType = sourcecode.c.h; name = dpmread.h; path = iHSP30/hsp3/dpmread.h; sourceTree = SOURCE_ROOT; };
		18DC420594491EBFB676679D /* stb_image.c */ = {isa = PBXFileReference; lastKnownFileType = sourcecode.c.c; name = stb_image.c; path = iHSP30/hsp3/ios/stb_image.c; sourceTree = SOURCE_ROOT; };
		1E0417D0189A70E5003F87D6 /* Default-568h@2x.png */ = {isa = PBXFileReference; lastKnownFileType = image.png; path = "Default-568h@2x.png"; sourceTree = "<group>"; };
		1E0417D1189A70E5003F87D6 /* Default.png */ = {isa = PBXFileReference; lastKnownFileType = image.png; path = Default.png; sourceTree = "<group>"; };
		1E0417D2189A70E5003F87D6 /* Default@2x.png */ = {isa = PBXFileReference; lastKnownFileType = image.png; path = "Default@2x.png"; sourceTree = "<group>"; };
		1E480DAB1859C4540052A2F2 /* hspproj.app */ = {isa = PBXFileReference; explicitFileType = wrapper.application; includeInIndex = 0; path = hspproj.app; sourceTree = BUILT_PRODUCTS_DIR; };
		1E480DAE1859C4540052A2F2 /* Foundation.framework */ = {isa = PBXFileReference; lastKnownFileType = wrapper.framework; name = Foundation.framework; path = System/Library/Frameworks/Foundation.framework; sourceTree = SDKROOT; };
		1E480DB01859C4540052A2F2 /* CoreGraphics.framework */ = {isa = PBXFileReference; lastKnownFileType = wrapper.framework; name = CoreGraphics.framework; path = System/Library/Frameworks/CoreGraphics.framework; sourceTree = SDKROOT; };
		1E480DB21859C4540052A2F2 /* UIKit.framework */ = {isa = PBXFileReference; lastKnownFileType = wrapper.framework; name = UIKit.framework; path = System/Library/Frameworks/UIKit.framework; sourceTree = SDKROOT; };
		1E480DB61859C4540052A2F2 /* hspproj-Info.plist */ = {isa = PBXFileReference; lastKnownFileType = text.plist.xml; path = "hspproj-Info.plist"; sourceTree = "<group>"; };
		1E480DB81859C4540052A2F2 /* en */ = {isa = PBXFileReference; lastKnownFileType = text.plist.strings; name = en; path = en.lproj/InfoPlist.strings; sourceTree = "<group>"; };
		1E480DBA1859C4540052A2F2 /* main.m */ = {isa = PBXFileReference; lastKnownFileType = sourcecode.c.objc; path = main.m; sourceTree = "<group>"; };
		1E480DBC1859C4540052A2F2 /* hspproj-Prefix.pch */ = {isa = PBXFileReference; lastKnownFileType = sourcecode.c.h; path = "hspproj-Prefix.pch"; sourceTree = "<group>"; };
		1E480DBD1859C4540052A2F2 /* AppDelegate.h */ = {isa = PBXFileReference; lastKnownFileType = sourcecode.c.h; path = AppDelegate.h; sourceTree = "<group>"; };
		1E480DBE1859C4540052A2F2 /* AppDelegate.m */ = {isa = PBXFileReference; lastKnownFileType = sourcecode.c.objc; path = AppDelegate.m; sourceTree = "<group>"; };
		1E480DDD1859C4A60052A2F2 /* AudioToolbox.framework */ = {isa = PBXFileReference; lastKnownFileType = wrapper.framework; name = AudioToolbox.framework; path = System/Library/Frameworks/AudioToolbox.framework; sourceTree = SDKROOT; };
		1E480DDE1859C4A60052A2F2 /* iAd.framework */ = {isa = PBXFileReference; lastKnownFileType = wrapper.framework; name = iAd.framework; path = System/Library/Frameworks/iAd.framework; sourceTree = SDKROOT; };
		1E480DDF1859C4A60052A2F2 /* OpenAL.framework */ = {isa = PBXFileReference; lastKnownFileType = wrapper.framework; name = OpenAL.framework; path = System/Library/Frameworks/OpenAL.framework; sourceTree = SDKROOT; };
		1E480DE01859C4A60052A2F2 /* OpenGLES.framework */ = {isa = PBXFileReference; lastKnownFileType = wrapper.framework; name = OpenGLES.framework; path = System/Library/Frameworks/OpenGLES.framework; sourceTree = SDKROOT; };
		1E480DE11859C4A60052A2F2 /* QuartzCore.framework */ = {isa = PBXFileReference; lastKnownFileType = wrapper.framework; name = QuartzCore.framework; path = System/Library/Frameworks/QuartzCore.framework; sourceTree = SDKROOT; };
		1E63B6F2185B17B600E311DC /* ja */ = {isa = PBXFileReference; lastKnownFileType = text.plist.strings; name = ja; path = ja.lproj/InfoPlist.strings; sourceTree = "<group>"; };
		1E6849621859C5D200603D88 /* hspsource.cpp */ = {isa = PBXFileReference; fileEncoding = 4; lastKnownFileType = sourcecode.cpp.cpp; path = hspsource.cpp; sourceTree = "<group>"; };
		1EA5558C189A462D00344013 /* icon57.png */ = {isa = PBXFileReference; lastKnownFileType = image.png; path = icon57.png; sourceTree = "<group>"; };
		1EA5558D189A462D00344013 /* icon58.png */ = {isa = PBXFileReference; lastKnownFileType = image.png; path = icon58.png; sourceTree = "<group>"; };
		1EA5558E189A462D00344013 /* icon120.png */ = {isa = PBXFileReference; lastKnownFileType = image.png; path = icon120.png; sourceTree = "<group>"; };
		22EA4C55A50757A568C5C5CF /* vessel.h */ = {isa = PBXFileReference; lastKnownFileType = sourcecode.c.h; name = vessel.h; path = iHSP30/obaq/physics/vessel.h; sourceTree = SOURCE_ROOT; };
		2BB34BAAA8B5C92E7C450651 /* iOSBridge.h */ = {isa = PBXFileReference; lastKnownFileType = sourcecode.c.h; name = iOSBridge.h; path = iHSP30/Classes/iOSBridge.h; sourceTree = SOURCE_ROOT; };
		2C694557A6D9E5091D365B01 /* dpmread.cpp */ = {isa = PBXFileReference; lastKnownFileType = sourcecode.cpp.cpp; name = dpmread.cpp; path = iHSP30/hsp3/dpmread.cpp; sourceTree = SOURCE_ROOT; };
		2D0B45508F399BEC888D5A56 /* OBAQlicense.txt */ = {isa = PBXFileReference; lastKnownFileType = text; name = OBAQlicense.txt; path = iHSP30/obaq/physics/OBAQlicense.txt; sourceTree = SOURCE_ROOT; };
		2D9840168090E82E4FB44D7B /* omkedraw.h */ = {isa = PBXFileReference; lastKnownFileType = sourcecode.c.h; name = omkedraw.h; path = iHSP30/hsp3/obaq/omkedraw.h; sourceTree = SOURCE_ROOT; };
		2E3F485B94F43FA39C28CB6D /* hsp3dw.cpp */ = {isa = PBXFileReference; lastKnownFileType = sourcecode.cpp.cpp; name = hsp3dw.cpp; path = iHSP30/hsp3/obaq/hsp3dw.cpp; sourceTree = SOURCE_ROOT; };
		31A84B5FAB082A5C7DE4E40F /* hspvar_int.cpp */ = {isa = PBXFileReference; lastKnownFileType = sourcecode.cpp.cpp; name = hspvar_int.cpp; path = iHSP30/hsp3/hspvar_int.cpp; sourceTree = SOURCE_ROOT; };
		3DBF40AEBF5B9995BC1FD983 /* misc.mm */ = {isa = PBXFileReference; lastKnownFileType = sourcecode.cpp.objcpp; name = misc.mm; path = iHSP30/hsp3embed/misc.mm; sourceTree = SOURCE_ROOT; };
		3E494386AA73FC1DDEB7FCA6 /* hsp3gr.h */ = {isa = PBXFileReference; lastKnownFileType = sourcecode.c.h; name = hsp3gr.h; path = iHSP30/hsp3/hsp3gr.h; sourceTree = SOURCE_ROOT; };
		3FE149DCA6AC3923F9E75936 /* hspwnd_edit.cpp */ = {isa = PBXFileReference; lastKnownFileType = sourcecode.cpp.cpp; name = hspwnd_edit.cpp; path = iHSP30/hsp3/hspwnd_edit.cpp; sourceTree = SOURCE_ROOT; };
		40994EE496C23F76667B5403 /* hsp3embed.cpp */ = {isa = PBXFileReference; lastKnownFileType = sourcecode.cpp.cpp; name = hsp3embed.cpp; path = iHSP30/hsp3embed/hsp3embed.cpp; sourceTree = SOURCE_ROOT; };
		40BA4F568FED60422A33E152 /* hspvar_util.h */ = {isa = PBXFileReference; lastKnownFileType = sourcecode.c.h; name = hspvar_util.h; path = iHSP30/hsp3embed/hspvar_util.h; sourceTree = SOURCE_ROOT; };
		41834F1A86E1AA4311D1FB83 /* rock.h */ = {isa = PBXFileReference; lastKnownFileType = sourcecode.c.h; name = rock.h; path = iHSP30/obaq/physics/rock.h; sourceTree = SOURCE_ROOT; };
		4294405CBB41294735DCBC44 /* essprite.h */ = {isa = PBXFileReference; lastKnownFileType = sourcecode.c.h; name = essprite.h; path = iHSP30/hsp3/essprite.h; sourceTree = SOURCE_ROOT; };
		437842539D098841C6761CD7 /* HspView.mm */ = {isa = PBXFileReference; lastKnownFileType = sourcecode.cpp.objcpp; name = HspView.mm; path = iHSP30/Classes/HspView.mm; sourceTree = SOURCE_ROOT; };
		444D49358F3061C78C916AFE /* random.cpp */ = {isa = PBXFileReference; lastKnownFileType = sourcecode.cpp.cpp; name = random.cpp; path = iHSP30/hsp3/random.cpp; sourceTree = SOURCE_ROOT; };
		48C84D04A97CFA48F4A0DF12 /* Graphics.mm */ = {isa = PBXFileReference; lastKnownFileType = sourcecode.cpp.objcpp; name = Graphics.mm; path = iHSP30/Classes/Graphics.mm; sourceTree = SOURCE_ROOT; };
		4E96412C9C9DE45DCB6BA6D8 /* hspwnd.h */ = {isa = PBXFileReference; lastKnownFileType = sourcecode.c.h; name = hspwnd.h; path = iHSP30/hsp3/hspwnd.h; sourceTree = SOURCE_ROOT; };
		4FF4474BBBAA4A52CE99E88E /* hsp3embed.h */ = {isa = PBXFileReference; lastKnownFileType = sourcecode.c.h; name = hsp3embed.h; path = iHSP30/hsp3embed/hsp3embed.h; sourceTree = SOURCE_ROOT; };
		51F1482BAD67E227D1241872 /* Canvas.h */ = {isa = PBXFileReference; lastKnownFileType = sourcecode.c.h; name = Canvas.h; path = iHSP30/Classes/Canvas.h; sourceTree = SOURCE_ROOT; };
		568A46088CF14ED2A778C544 /* hsp3ext.h */ = {isa = PBXFileReference; lastKnownFileType = sourcecode.c.h; name = hsp3ext.h; path = iHSP30/hsp3/hsp3ext.h; sourceTree = SOURCE_ROOT; };
		576C440088695789BF84BCC7 /* iOSBridge.mm */ = {isa = PBXFileReference; lastKnownFileType = sourcecode.cpp.objcpp; name = iOSBridge.mm; path = iHSP30/Classes/iOSBridge.mm; sourceTree = SOURCE_ROOT; };
		5C46433493203D473B66D9D1 /* HspView.h */ = {isa = PBXFileReference; lastKnownFileType = sourcecode.c.h; name = HspView.h; path = iHSP30/Classes/HspView.h; sourceTree = SOURCE_ROOT; };
		681345B1B8AB2BAC01DF8A1A /* hspwnd_dish.cpp */ = {isa = PBXFileReference; lastKnownFileType = sourcecode.cpp.cpp; name = hspwnd_dish.cpp; path = iHSP30/hsp3/hspwnd_dish.cpp; sourceTree = SOURCE_ROOT; };
		68E14AEDAA011A71D47B07C2 /* HspViewController.mm */ = {isa = PBXFileReference; lastKnownFileType = sourcecode.cpp.objcpp; name = HspViewController.mm; path = iHSP30/Classes/HspViewController.mm; sourceTree = SOURCE_ROOT; };
		6B63464ABDDB528C62293A53 /* Image.mm */ = {isa = PBXFileReference; lastKnownFileType = sourcecode.cpp.objcpp; name = Image.mm; path = iHSP30/Classes/Image.mm; sourceTree = SOURCE_ROOT; };
		6D074F79AE9DCE2B6C4A4CF3 /* texmes.cpp */ = {isa = PBXFileReference; lastKnownFileType = sourcecode.cpp.cpp; name = texmes.cpp; path = iHSP30/hsp3/texmes.cpp; sourceTree = SOURCE_ROOT; };
		6E1D4115BD70A020F28FEF62 /* geometry.cpp */ = {isa = PBXFileReference; lastKnownFileType = sourcecode.cpp.cpp; name = geometry.cpp; path = iHSP30/hsp3/geometry.cpp; sourceTree = SOURCE_ROOT; };
		6E6547FF97431224901783A7 /* random.h */ = {isa = PBXFileReference; lastKnownFileType = sourcecode.c.h; name = random.h; path = iHSP30/hsp3/random.h; sourceTree = SOURCE_ROOT; };
		6F05442F9A0AB09137A82B86 /* hsp3code.cpp */ = {isa = PBXFileReference; lastKnownFileType = sourcecode.cpp.cpp; name = hsp3code.cpp; path = iHSP30/hsp3embed/hsp3code.cpp; sourceTree = SOURCE_ROOT; };
		6F454AD0993D4BF3BC129266 /* hspvar_util.cpp */ = {isa = PBXFileReference; lastKnownFileType = sourcecode.cpp.cpp; name = hspvar_util.cpp; path = iHSP30/hsp3embed/hspvar_util.cpp; sourceTree = SOURCE_ROOT; };
		6F6348628131B29C92B07EB5 /* hgio.h */ = {isa = PBXFileReference; lastKnownFileType = sourcecode.c.h; name = hgio.h; path = iHSP30/hsp3/hgio.h; sourceTree = SOURCE_ROOT; };
		6FFA4CA992EFEC016C22448E /* font_data.h */ = {isa = PBXFileReference; lastKnownFileType = sourcecode.c.h; name = font_data.h; path = iHSP30/hsp3/ios/font_data.h; sourceTree = SOURCE_ROOT; };
		73404C0E948A2DE0C1CDFC47 /* HspViewController.h */ = {isa = PBXFileReference; lastKnownFileType = sourcecode.c.h; name = HspViewController.h; path = iHSP30/Classes/HspViewController.h; sourceTree = SOURCE_ROOT; };
		78A545FD82E784DFC41694EE /* PlatformiOS.mm */ = {isa = PBXFileReference; lastKnownFileType = sourcecode.cpp.objcpp; name = PlatformiOS.mm; path = iHSP30/Classes/PlatformiOS.mm; sourceTree = SOURCE_ROOT; };
		89B440D9BF95E10F77B232E5 /* fontsystem.cpp */ = {isa = PBXFileReference; lastKnownFileType = sourcecode.cpp.cpp; name = fontsystem.cpp; path = iHSP30/hsp3/ios/fontsystem.cpp; sourceTree = SOURCE_ROOT; };
		89D64878B340238565DDEFD0 /* hsp3gr_dish.h */ = {isa = PBXFileReference; lastKnownFileType = sourcecode.c.h; name = hsp3gr_dish.h; path = iHSP30/hsp3/hsp3gr_dish.h; sourceTree = SOURCE_ROOT; };
		8DCA4DD8AC32E3E004457638 /* Canvas.mm */ = {isa = PBXFileReference; lastKnownFileType = sourcecode.cpp.objcpp; name = Canvas.mm; path = iHSP30/Classes/Canvas.mm; sourceTree = SOURCE_ROOT; };
		90834AA895BD95FFEA04770D /* strbuf.h */ = {isa = PBXFileReference; lastKnownFileType = sourcecode.c.h; name = strbuf.h; path = iHSP30/hsp3/strbuf.h; sourceTree = SOURCE_ROOT; };
		91084CDFA5D72DFB10F87F51 /* vessel.cpp */ = {isa = PBXFileReference; lastKnownFileType = sourcecode.cpp.cpp; name = vessel.cpp; path = iHSP30/obaq/physics/vessel.cpp; sourceTree = SOURCE_ROOT; };
		97564323B3A20F1F7DF37444 /* Image.h */ = {isa = PBXFileReference; lastKnownFileType = sourcecode.c.h; name = Image.h; path = iHSP30/Classes/Image.h; sourceTree = SOURCE_ROOT; };
		98154407B249631A9B191755 /* webtask.h */ = {isa = PBXFileReference; lastKnownFileType = sourcecode.c.h; name = webtask.h; path = iHSP30/hsp3/webtask.h; sourceTree = SOURCE_ROOT; };
		9820455388E95665554FF533 /* rock.cpp */ = {isa = PBXFileReference; lastKnownFileType = sourcecode.cpp.cpp; name = rock.cpp; path = iHSP30/obaq/physics/rock.cpp; sourceTree = SOURCE_ROOT; };
		9B094900B9A3770EFFBDCCCA /* hsp3debug.h */ = {isa = PBXFileReference; lastKnownFileType = sourcecode.c.h; name = hsp3debug.h; path = iHSP30/hsp3/hsp3debug.h; sourceTree = SOURCE_ROOT; };
		A2F54AC0981EF0E7AFF3C271 /* fontsystem.h */ = {isa = PBXFileReference; lastKnownFileType = sourcecode.c.h; name = fontsystem.h; path = iHSP30/hsp3/ios/fontsystem.h; sourceTree = SOURCE_ROOT; };
		A9BA40BEA2FCFFE4B5CAC2D4 /* iOSgpBridge.h */ = {isa = PBXFileReference; lastKnownFileType = sourcecode.c.h; name = iOSgpBridge.h; path = iHSP30/Classes/iOSgpBridge.h; sourceTree = SOURCE_ROOT; };
		AFCF4AB9975BA4E7F03A0727 /* Graphics.h */ = {isa = PBXFileReference; lastKnownFileType = sourcecode.c.h; name = Graphics.h; path = iHSP30/Classes/Graphics.h; sourceTree = SOURCE_ROOT; };
		B04241EB8184EB8C1B1C641A /* appengine.h */ = {isa = PBXFileReference; lastKnownFileType = sourcecode.c.h; name = appengine.h; path = iHSP30/hsp3/ios/appengine.h; sourceTree = SOURCE_ROOT; };
		B52C4917854E56049CB3BC5F /* iOSgpBridge.mm */ = {isa = PBXFileReference; lastKnownFileType = sourcecode.cpp.objcpp; name = iOSgpBridge.mm; path = iHSP30/Classes/iOSgpBridge.mm; sourceTree = SOURCE_ROOT; };
		B6C64E2FB8C4E2FA45B9EC50 /* supio_ios.cpp */ = {isa = PBXFileReference; lastKnownFileType = sourcecode.cpp.cpp; name = supio_ios.cpp; path = iHSP30/hsp3/ios/supio_ios.cpp; sourceTree = SOURCE_ROOT; };
		B94741CBBC439DBD33AF81A4 /* hspwnd_dish.h */ = {isa = PBXFileReference; lastKnownFileType = sourcecode.c.h; name = hspwnd_dish.h; path = iHSP30/hsp3/hspwnd_dish.h; sourceTree = SOURCE_ROOT; };
		B9B9430E863D38078BA6DA62 /* supio.h */ = {isa = PBXFileReference; lastKnownFileType = sourcecode.c.h; name = supio.h; path = iHSP30/hsp3/supio.h; sourceTree = SOURCE_ROOT; };
		BC2F412A892F4C7C39336174 /* hsp3struct.h */ = {isa = PBXFileReference; lastKnownFileType = sourcecode.c.h; name = hsp3struct.h; path = iHSP30/hsp3/hsp3struct.h; sourceTree = SOURCE_ROOT; };
		C0B340259F2EDAA919C35159 /* sysreq.cpp */ = {isa = PBXFileReference; lastKnownFileType = sourcecode.cpp.cpp; name = sysreq.cpp; path = iHSP30/hsp3/sysreq.cpp; sourceTree = SOURCE_ROOT; };
		C1B94A50A14C34CB4765B8B1 /* hsp3gr_dish.cpp */ = {isa = PBXFileReference; lastKnownFileType = sourcecode.cpp.cpp; name = hsp3gr_dish.cpp; path = iHSP30/hsp3/hsp3gr_dish.cpp; sourceTree = SOURCE_ROOT; };
		C239464DA3F9398E20343B24 /* game.cpp */ = {isa = PBXFileReference; lastKnownFileType = sourcecode.cpp.cpp; name = game.cpp; path = iHSP30/hsp3/obaq/game.cpp; sourceTree = SOURCE_ROOT; };
		C23B47DA9EAC866D0774FF25 /* essprite.cpp */ = {isa = PBXFileReference; lastKnownFileType = sourcecode.cpp.cpp; name = essprite.cpp; path = iHSP30/hsp3/essprite.cpp; sourceTree = SOURCE_ROOT; };
		C34C49929FCD17D8E56536C3 /* hspvar_struct.cpp */ = {isa = PBXFileReference; lastKnownFileType = sourcecode.cpp.cpp; name = hspvar_struct.cpp; path = iHSP30/hsp3/hspvar_struct.cpp; sourceTree = SOURCE_ROOT; };
		C40A4C22BC53695DF720371D /* hgtex.h */ = {isa = PBXFileReference; lastKnownFileType = sourcecode.c.h; name = hgtex.h; path = iHSP30/hsp3/ios/hgtex.h; sourceTree = SOURCE_ROOT; };
		C451474B81512BBCFE9E1674 /* stack.h */ = {isa = PBXFileReference; lastKnownFileType = sourcecode.c.h; name = stack.h; path = iHSP30/hsp3/stack.h; sourceTree = SOURCE_ROOT; };
		C5024E49948D3A6F29DCEED9 /* hsp3debug.cpp */ = {isa = PBXFileReference; lastKnownFileType = sourcecode.cpp.cpp; name = hsp3debug.cpp; path = iHSP30/hsp3/hsp3debug.cpp; sourceTree = SOURCE_ROOT; };
		C6894DC08279FB4E87388039 /* geometry.h */ = {isa = PBXFileReference; lastKnownFileType = sourcecode.c.h; name = geometry.h; path = iHSP30/hsp3/geometry.h; sourceTree = SOURCE_ROOT; };
		CCCD4C408E056BB053A66163 /* omkedraw.cpp */ = {isa = PBXFileReference; lastKnownFileType = sourcecode.cpp.cpp; name = omkedraw.cpp; path = iHSP30/hsp3/obaq/omkedraw.cpp; sourceTree = SOURCE_ROOT; };
		CEA34D8581CFD9D13C980A24 /* stb_image.h */ = {isa = PBXFileReference; lastKnownFileType = sourcecode.c.h; name = stb_image.h; path = iHSP30/hsp3/ios/stb_image.h; sourceTree = SOURCE_ROOT; };
		D3B54E7EAE05209C8D8AF619 /* hspvar_core.cpp */ = {isa = PBXFileReference; lastKnownFileType = sourcecode.cpp.cpp; name = hspvar_core.cpp; path = iHSP30/hsp3/hspvar_core.cpp; sourceTree = SOURCE_ROOT; };
		D3B94E03AD69054AAE3F1C73 /* hsp3int.cpp */ = {isa = PBXFileReference; lastKnownFileType = sourcecode.cpp.cpp; name = hsp3int.cpp; path = iHSP30/hsp3/hsp3int.cpp; sourceTree = SOURCE_ROOT; };
		D66741B8BDC770221069C75B /* hsp3config.h */ = {isa = PBXFileReference; lastKnownFileType = sourcecode.c.h; name = hsp3config.h; path = iHSP30/hsp3/hsp3config.h; sourceTree = SOURCE_ROOT; };
		D7C243B1AB5DCBBCF1AD26B8 /* game.h */ = {isa = PBXFileReference; lastKnownFileType = sourcecode.c.h; name = game.h; path = iHSP30/hsp3/obaq/game.h; sourceTree = SOURCE_ROOT; };
		D9AA444FBD6FA4C08D950FCC /* strbuf.cpp */ = {isa = PBXFileReference; lastKnownFileType = sourcecode.cpp.cpp; name = strbuf.cpp; path = iHSP30/hsp3/strbuf.cpp; sourceTree = SOURCE_ROOT; };
		DABB479A9FD7932D3E97E796 /* mmman.h */ = {isa = PBXFileReference; lastKnownFileType = sourcecode.c.h; name = mmman.h; path = iHSP30/hsp3/ios/mmman.h; sourceTree = SOURCE_ROOT; };
		DC1043F5A1EC7BDE46CF68DE /* hsp3code.h */ = {isa = PBXFileReference; lastKnownFileType = sourcecode.c.h; name = hsp3code.h; path = iHSP30/hsp3/hsp3code.h; sourceTree = SOURCE_ROOT; };
		E1D5428B9F08DE1CD74189B2 /* hsp3r.h */ = {isa = PBXFileReference; lastKnownFileType = sourcecode.c.h; name = hsp3r.h; path = iHSP30/hsp3embed/hsp3r.h; sourceTree = SOURCE_ROOT; };
		E6CF4179B03CD50FD173BDC1 /* hsp3dw.h */ = {isa = PBXFileReference; lastKnownFileType = sourcecode.c.h; name = hsp3dw.h; path = iHSP30/hsp3/obaq/hsp3dw.h; sourceTree = SOURCE_ROOT; };
		E6D647F0806C0A900FF16F0B /* hspvar_double.cpp */ = {isa = PBXFileReference; lastKnownFileType = sourcecode.cpp.cpp; name = hspvar_double.cpp; path = iHSP30/hsp3/hspvar_double.cpp; sourceTree = SOURCE_ROOT; };
		E8B34CEEB9BB9132C2657CF7 /* hspvar_label.h */ = {isa = PBXFileReference; lastKnownFileType = sourcecode.c.h; name = hspvar_label.h; path = iHSP30/hsp3/hspvar_label.h; sourceTree = SOURCE_ROOT; };
		EA334E08A960BAC9CFD6A399 /* strnote.h */ = {isa = PBXFileReference; lastKnownFileType = sourcecode.c.h; name = strnote.h; path = iHSP30/hsp3/strnote.h; sourceTree = SOURCE_ROOT; };
		EFFD462198CFD4A062953E29 /* hspvar_label.cpp */ = {isa = PBXFileReference; lastKnownFileType = sourcecode.cpp.cpp; name = hspvar_label.cpp; path = iHSP30/hsp3/hspvar_label.cpp; sourceTree = SOURCE_ROOT; };
		F09B48FAA27C94FDC7D67830 /* hspvar_str.cpp */ = {isa = PBXFileReference; lastKnownFileType = sourcecode.cpp.cpp; name = hspvar_str.cpp; path = iHSP30/hsp3/hspvar_str.cpp; sourceTree = SOURCE_ROOT; };
		F3E6420DBBF55544D8BEE839 /* supio_ios.h */ = {isa = PBXFileReference; lastKnownFileType = sourcecode.c.h; name = supio_ios.h; path = iHSP30/hsp3/ios/supio_ios.h; sourceTree = SOURCE_ROOT; };
		F59943CC8889294E1A3B9F40 /* texmes.h */ = {isa = PBXFileReference; lastKnownFileType = sourcecode.c.h; name = texmes.h; path = iHSP30/hsp3/texmes.h; sourceTree = SOURCE_ROOT; };
		F9EA4B44B00CF588B6490DF0 /* mmman.mm */ = {isa = PBXFileReference; lastKnownFileType = sourcecode.cpp.objcpp; name = mmman.mm; path = iHSP30/hsp3/ios/mmman.mm; sourceTree = SOURCE_ROOT; };
		FACA4CD0B7DEFD90EE35A197 /* stack.cpp */ = {isa = PBXFileReference; lastKnownFileType = sourcecode.cpp.cpp; name = stack.cpp; path = iHSP30/hsp3/stack.cpp; sourceTree = SOURCE_ROOT; };
		FE8B46EF995921927DB047F6 /* hspvar_core.h */ = {isa = PBXFileReference; lastKnownFileType = sourcecode.c.h; name = hspvar_core.h; path = iHSP30/hsp3/hspvar_core.h; sourceTree = SOURCE_ROOT; };
/* End PBXFileReference section */

/* Begin PBXFrameworksBuildPhase section */
		1E480DA81859C4540052A2F2 /* Frameworks */ = {
			isa = PBXFrameworksBuildPhase;
			buildActionMask = 2147483647;
			files = (
				1E480DE21859C4A60052A2F2 /* AudioToolbox.framework in Frameworks */,
				1E480DE31859C4A60052A2F2 /* iAd.framework in Frameworks */,
				1E480DE41859C4A60052A2F2 /* OpenAL.framework in Frameworks */,
				1E480DE51859C4A60052A2F2 /* OpenGLES.framework in Frameworks */,
				1E480DE61859C4A60052A2F2 /* QuartzCore.framework in Frameworks */,
				1E480DB11859C4540052A2F2 /* CoreGraphics.framework in Frameworks */,
				1E480DB31859C4540052A2F2 /* UIKit.framework in Frameworks */,
				1E480DAF1859C4540052A2F2 /* Foundation.framework in Frameworks */,
			);
			runOnlyForDeploymentPostprocessing = 0;
		};
/* End PBXFrameworksBuildPhase section */

/* Begin PBXGroup section */
		1E480DA21859C4540052A2F2 = {
			isa = PBXGroup;
			children = (
				1E4AFEA625E00F4700213810 /* iHSP30 */,
				1E480DB41859C4540052A2F2 /* hspproj */,
				1E480DAD1859C4540052A2F2 /* Frameworks */,
				1E480DAC1859C4540052A2F2 /* Products */,
				51F1482BAD67E227D1241872 /* Canvas.h */,
				8DCA4DD8AC32E3E004457638 /* Canvas.mm */,
				AFCF4AB9975BA4E7F03A0727 /* Graphics.h */,
				48C84D04A97CFA48F4A0DF12 /* Graphics.mm */,
				5C46433493203D473B66D9D1 /* HspView.h */,
				437842539D098841C6761CD7 /* HspView.mm */,
				73404C0E948A2DE0C1CDFC47 /* HspViewController.h */,
				68E14AEDAA011A71D47B07C2 /* HspViewController.mm */,
				97564323B3A20F1F7DF37444 /* Image.h */,
				6B63464ABDDB528C62293A53 /* Image.mm */,
				2BB34BAAA8B5C92E7C450651 /* iOSBridge.h */,
				576C440088695789BF84BCC7 /* iOSBridge.mm */,
				A9BA40BEA2FCFFE4B5CAC2D4 /* iOSgpBridge.h */,
				B52C4917854E56049CB3BC5F /* iOSgpBridge.mm */,
				78A545FD82E784DFC41694EE /* PlatformiOS.mm */,
				2C694557A6D9E5091D365B01 /* dpmread.cpp */,
				189D44B194EC5A852100A38D /* dpmread.h */,
				C23B47DA9EAC866D0774FF25 /* essprite.cpp */,
				4294405CBB41294735DCBC44 /* essprite.h */,
				6E1D4115BD70A020F28FEF62 /* geometry.cpp */,
				C6894DC08279FB4E87388039 /* geometry.h */,
				6F6348628131B29C92B07EB5 /* hgio.h */,
				DC1043F5A1EC7BDE46CF68DE /* hsp3code.h */,
				D66741B8BDC770221069C75B /* hsp3config.h */,
				C5024E49948D3A6F29DCEED9 /* hsp3debug.cpp */,
				9B094900B9A3770EFFBDCCCA /* hsp3debug.h */,
				568A46088CF14ED2A778C544 /* hsp3ext.h */,
				3E494386AA73FC1DDEB7FCA6 /* hsp3gr.h */,
				C1B94A50A14C34CB4765B8B1 /* hsp3gr_dish.cpp */,
				89D64878B340238565DDEFD0 /* hsp3gr_dish.h */,
				D3B94E03AD69054AAE3F1C73 /* hsp3int.cpp */,
				02AC418D835E7331FB202386 /* hsp3int.h */,
				BC2F412A892F4C7C39336174 /* hsp3struct.h */,
				D3B54E7EAE05209C8D8AF619 /* hspvar_core.cpp */,
				FE8B46EF995921927DB047F6 /* hspvar_core.h */,
				E6D647F0806C0A900FF16F0B /* hspvar_double.cpp */,
				31A84B5FAB082A5C7DE4E40F /* hspvar_int.cpp */,
				EFFD462198CFD4A062953E29 /* hspvar_label.cpp */,
				E8B34CEEB9BB9132C2657CF7 /* hspvar_label.h */,
				F09B48FAA27C94FDC7D67830 /* hspvar_str.cpp */,
				C34C49929FCD17D8E56536C3 /* hspvar_struct.cpp */,
				4E96412C9C9DE45DCB6BA6D8 /* hspwnd.h */,
				681345B1B8AB2BAC01DF8A1A /* hspwnd_dish.cpp */,
				B94741CBBC439DBD33AF81A4 /* hspwnd_dish.h */,
				3FE149DCA6AC3923F9E75936 /* hspwnd_edit.cpp */,
				177A445A88B4F73686BB3C14 /* hspwnd_obj.cpp */,
				444D49358F3061C78C916AFE /* random.cpp */,
				6E6547FF97431224901783A7 /* random.h */,
				FACA4CD0B7DEFD90EE35A197 /* stack.cpp */,
				C451474B81512BBCFE9E1674 /* stack.h */,
				D9AA444FBD6FA4C08D950FCC /* strbuf.cpp */,
				90834AA895BD95FFEA04770D /* strbuf.h */,
				09884E6CA071DBB8DA305B2E /* strnote.cpp */,
				EA334E08A960BAC9CFD6A399 /* strnote.h */,
				B9B9430E863D38078BA6DA62 /* supio.h */,
				C0B340259F2EDAA919C35159 /* sysreq.cpp */,
				015648599B385BAD48470425 /* sysreq.h */,
				6D074F79AE9DCE2B6C4A4CF3 /* texmes.cpp */,
				F59943CC8889294E1A3B9F40 /* texmes.h */,
				98154407B249631A9B191755 /* webtask.h */,
				B04241EB8184EB8C1B1C641A /* appengine.h */,
				89B440D9BF95E10F77B232E5 /* fontsystem.cpp */,
				A2F54AC0981EF0E7AFF3C271 /* fontsystem.h */,
				6FFA4CA992EFEC016C22448E /* font_data.h */,
				08F54F3FA1C73B0733D23036 /* hgtex.cpp */,
				C40A4C22BC53695DF720371D /* hgtex.h */,
				0A0041F896930F89494DAF35 /* hsp3ext_ios.cpp */,
				0F6F45EF960A37C032A0419C /* hsp3ext_ios.h */,
				DABB479A9FD7932D3E97E796 /* mmman.h */,
				F9EA4B44B00CF588B6490DF0 /* mmman.mm */,
				18DC420594491EBFB676679D /* stb_image.c */,
				CEA34D8581CFD9D13C980A24 /* stb_image.h */,
				B6C64E2FB8C4E2FA45B9EC50 /* supio_ios.cpp */,
				F3E6420DBBF55544D8BEE839 /* supio_ios.h */,
				C239464DA3F9398E20343B24 /* game.cpp */,
				D7C243B1AB5DCBBCF1AD26B8 /* game.h */,
				2E3F485B94F43FA39C28CB6D /* hsp3dw.cpp */,
				E6CF4179B03CD50FD173BDC1 /* hsp3dw.h */,
				CCCD4C408E056BB053A66163 /* omkedraw.cpp */,
				2D9840168090E82E4FB44D7B /* omkedraw.h */,
				6F05442F9A0AB09137A82B86 /* hsp3code.cpp */,
				40994EE496C23F76667B5403 /* hsp3embed.cpp */,
				4FF4474BBBAA4A52CE99E88E /* hsp3embed.h */,
				18894477B9621CB712CE6476 /* hsp3r.cpp */,
				E1D5428B9F08DE1CD74189B2 /* hsp3r.h */,
				6F454AD0993D4BF3BC129266 /* hspvar_util.cpp */,
				40BA4F568FED60422A33E152 /* hspvar_util.h */,
				182547A19E5335A3D487B5A4 /* misc.h */,
				3DBF40AEBF5B9995BC1FD983 /* misc.mm */,
				052E4BD898F2AE601DF053C8 /* gamePhysics.h */,
				2D0B45508F399BEC888D5A56 /* OBAQlicense.txt */,
				0D11442A9FA5DF591B7086CE /* ptttypes.h */,
				9820455388E95665554FF533 /* rock.cpp */,
				41834F1A86E1AA4311D1FB83 /* rock.h */,
				91084CDFA5D72DFB10F87F51 /* vessel.cpp */,
				22EA4C55A50757A568C5C5CF /* vessel.h */,
			);
			sourceTree = "<group>";
		};
		1E480DAC1859C4540052A2F2 /* Products */ = {
			isa = PBXGroup;
			children = (
				1E480DAB1859C4540052A2F2 /* hspproj.app */,
			);
			name = Products;
			sourceTree = "<group>";
		};
		1E480DAD1859C4540052A2F2 /* Frameworks */ = {
			isa = PBXGroup;
			children = (
				1E480DDD1859C4A60052A2F2 /* AudioToolbox.framework */,
				1E480DDE1859C4A60052A2F2 /* iAd.framework */,
				1E480DDF1859C4A60052A2F2 /* OpenAL.framework */,
				1E480DE01859C4A60052A2F2 /* OpenGLES.framework */,
				1E480DE11859C4A60052A2F2 /* QuartzCore.framework */,
				1E480DAE1859C4540052A2F2 /* Foundation.framework */,
				1E480DB01859C4540052A2F2 /* CoreGraphics.framework */,
				1E480DB21859C4540052A2F2 /* UIKit.framework */,
			);
			name = Frameworks;
			sourceTree = "<group>";
		};
		1E480DB41859C4540052A2F2 /* hspproj */ = {
			isa = PBXGroup;
			children = (
				1E0417D0189A70E5003F87D6 /* Default-568h@2x.png */,
				1E0417D1189A70E5003F87D6 /* Default.png */,
				1E0417D2189A70E5003F87D6 /* Default@2x.png */,
				1EA5558C189A462D00344013 /* icon57.png */,
				1EA5558D189A462D00344013 /* icon58.png */,
				1EA5558E189A462D00344013 /* icon120.png */,
				1E63B6F3185B189D00E311DC /* Resources */,
				1E6849621859C5D200603D88 /* hspsource.cpp */,
				1E480DBD1859C4540052A2F2 /* AppDelegate.h */,
				1E480DBE1859C4540052A2F2 /* AppDelegate.m */,
				1E480DB51859C4540052A2F2 /* Supporting Files */,
			);
			path = hspproj;
			sourceTree = "<group>";
		};
		1E480DB51859C4540052A2F2 /* Supporting Files */ = {
			isa = PBXGroup;
			children = (
				1E480DB61859C4540052A2F2 /* hspproj-Info.plist */,
				1E480DB71859C4540052A2F2 /* InfoPlist.strings */,
				1E480DBA1859C4540052A2F2 /* main.m */,
				1E480DBC1859C4540052A2F2 /* hspproj-Prefix.pch */,
			);
			name = "Supporting Files";
			sourceTree = "<group>";
		};
		1E4AFEA625E00F4700213810 /* iHSP30 */ = {
			isa = PBXGroup;
			children = (
				1E4AFEA725E00F4700213810 /* obaq */,
				1E4AFEB025E00F4700213810 /* Classes */,
				1E4AFEC025E00F4700213810 /* hsp3embed */,
				1E4AFECA25E00F4700213810 /* hsp3 */,
			);
			name = iHSP30;
			path = ../iHSP30;
			sourceTree = "<group>";
		};
		1E4AFEA725E00F4700213810 /* obaq */ = {
			isa = PBXGroup;
			children = (
				1E4AFEA825E00F4700213810 /* physics */,
			);
			path = obaq;
			sourceTree = "<group>";
		};
		1E4AFEA825E00F4700213810 /* physics */ = {
			isa = PBXGroup;
			children = (
			);
			path = physics;
			sourceTree = "<group>";
		};
		1E4AFEB025E00F4700213810 /* Classes */ = {
			isa = PBXGroup;
			children = (
			);
			path = Classes;
			sourceTree = "<group>";
		};
		1E4AFEC025E00F4700213810 /* hsp3embed */ = {
			isa = PBXGroup;
			children = (
			);
			path = hsp3embed;
			sourceTree = "<group>";
		};
		1E4AFECA25E00F4700213810 /* hsp3 */ = {
			isa = PBXGroup;
			children = (
				1E4AFED225E00F4700213810 /* obaq */,
				1E4AFEE725E00F4700213810 /* ios */,
			);
			path = hsp3;
			sourceTree = "<group>";
		};
		1E4AFED225E00F4700213810 /* obaq */ = {
			isa = PBXGroup;
			children = (
			);
			path = obaq;
			sourceTree = "<group>";
		};
		1E4AFEE725E00F4700213810 /* ios */ = {
			isa = PBXGroup;
			children = (
			);
			path = ios;
			sourceTree = "<group>";
		};
		1E63B6F3185B189D00E311DC /* Resources */ = {
			isa = PBXGroup;
			children = (
			);
			path = Resources;
			sourceTree = "<group>";
		};
/* End PBXGroup section */

/* Begin PBXHeadersBuildPhase section */
		72D64B1CA86D4F057D051B4B /* Headers */ = {
			isa = PBXHeadersBuildPhase;
			buildActionMask = 2147483647;
			files = (
				A1D04056BF24663222B63239 /* Canvas.h in Headers */,
				6B974A75A4BF9656106F1CA4 /* Graphics.h in Headers */,
				22FA4D5B91122F775292530C /* HspView.h in Headers */,
				EE6E4ED5A07FC48DFD629377 /* HspViewController.h in Headers */,
				5B61415BA13D3B5CB7299620 /* Image.h in Headers */,
				B5B04792BF61CE0183BF52C7 /* iOSBridge.h in Headers */,
				1E7044C29B96A008F92F613C /* iOSgpBridge.h in Headers */,
				D6DD4FCD99C250CEE42EA60B /* dpmread.h in Headers */,
				9D4A434B8A4469890ACE5B4D /* essprite.h in Headers */,
				3BE542A287C047B5621347CF /* geometry.h in Headers */,
				1EE84634AA9D1FAFE01B3C4B /* hgio.h in Headers */,
				89FF43349B304C046626922D /* hsp3code.h in Headers */,
				769C4085AE1F79C89CDDBF6A /* hsp3config.h in Headers */,
				03D443E7917C9A43E380A81D /* hsp3debug.h in Headers */,
				BE1D4780BB9CB12D93449257 /* hsp3ext.h in Headers */,
				FAB24AA2B00FD48373643AA3 /* hsp3gr.h in Headers */,
				BE394D32AC1ECC92B394FD24 /* hsp3gr_dish.h in Headers */,
				24CA439795D3459DC6D12823 /* hsp3int.h in Headers */,
				DB824DB8866F79D92446B51C /* hsp3struct.h in Headers */,
				351E4DE9A04AF59861FEC669 /* hspvar_core.h in Headers */,
				080F4A5580608B3B45A99106 /* hspvar_label.h in Headers */,
				F6AD4435A2429FC7606918E5 /* hspwnd.h in Headers */,
				B01F43DA967AB68C2331E42B /* hspwnd_dish.h in Headers */,
				1ED34015B8ADDB4F685D5A83 /* random.h in Headers */,
				6B724FB1B49A4AE2D1C66807 /* stack.h in Headers */,
				AFDE499D83C03D87BA25701A /* strbuf.h in Headers */,
				F58F4A7DA41964A587C08465 /* strnote.h in Headers */,
				8B2446DB97103ADFFAF3946E /* supio.h in Headers */,
				E0D84280A919C5C3735AD700 /* sysreq.h in Headers */,
				A06C44A194C39FDDE2ADE329 /* texmes.h in Headers */,
				C88342DBBB828FCCF5882A7A /* webtask.h in Headers */,
				C33E4BEBAC5A55E6FE438E35 /* appengine.h in Headers */,
				F0F346CEADE93ADC7FD38002 /* fontsystem.h in Headers */,
				0757400895453E9015903F53 /* font_data.h in Headers */,
				610A45B98E5AF370BE8FF0E6 /* hgtex.h in Headers */,
				637C46E0A69BE65D2600D4B9 /* hsp3ext_ios.h in Headers */,
				448E460BAE4C9A88B49A73D3 /* mmman.h in Headers */,
				B77C499CAFC924206DD320E1 /* stb_image.h in Headers */,
				FB584469B8C650A84C867257 /* supio_ios.h in Headers */,
				2F5E4DA59475A5169B5CC277 /* game.h in Headers */,
				38D14D5BA5213AE622C8DF71 /* hsp3dw.h in Headers */,
				803842D3A956885C5BB0567C /* omkedraw.h in Headers */,
				8B7F4080B1622884C9059F83 /* hsp3embed.h in Headers */,
				835B4E269E9971C591C74E90 /* hsp3r.h in Headers */,
				A72D4BE8B67A311EBF3EF3F7 /* hspvar_util.h in Headers */,
				4FC546198B29027681790DC7 /* misc.h in Headers */,
				99784EFD90AEA7FB309BD821 /* gamePhysics.h in Headers */,
				FE634FB3BF8F1BE4A94D5368 /* ptttypes.h in Headers */,
				F0E94313B9006C5FB4206B25 /* rock.h in Headers */,
				44BC47B6B2D922168DC8AA7B /* vessel.h in Headers */,
			);
			runOnlyForDeploymentPostprocessing = 0;
		};
/* End PBXHeadersBuildPhase section */

/* Begin PBXNativeTarget section */
		1E480DAA1859C4540052A2F2 /* iosBuildTest */ = {
			isa = PBXNativeTarget;
			buildConfigurationList = 1E480DD71859C4540052A2F2 /* Build configuration list for PBXNativeTarget "iosBuildTest" */;
			buildPhases = (
				1E480DA71859C4540052A2F2 /* Sources */,
				1E480DA81859C4540052A2F2 /* Frameworks */,
				1E480DA91859C4540052A2F2 /* Resources */,
				72D64B1CA86D4F057D051B4B /* Headers */,
			);
			buildRules = (
			);
			dependencies = (
			);
			name = iosBuildTest;
			productName = iosBuildTest;
			productReference = 1E480DAB1859C4540052A2F2 /* hspproj.app */;
			productType = "com.apple.product-type.application";
		};
/* End PBXNativeTarget section */

/* Begin PBXProject section */
		1E480DA31859C4540052A2F2 /* Project object */ = {
			isa = PBXProject;
			attributes = {
				LastUpgradeCheck = 0500;
				ORGANIZATIONNAME = nennneko5787;
				TargetAttributes = {
					1E480DAA1859C4540052A2F2 = {
						DevelopmentTeam = 5FH2J53M7P;
						ProvisioningStyle = Automatic;
					};
				};
			};
			buildConfigurationList = 1E480DA61859C4540052A2F2 /* Build configuration list for PBXProject "iosBuildTest" */;
			compatibilityVersion = "Xcode 3.2";
			developmentRegion = English;
			hasScannedForEncodings = 0;
			knownRegions = (
				English,
				en,
				ja,
			);
			mainGroup = 1E480DA21859C4540052A2F2;
			productRefGroup = 1E480DAC1859C4540052A2F2 /* Products */;
			projectDirPath = "";
			projectRoot = "";
			targets = (
				1E480DAA1859C4540052A2F2 /* iosBuildTest */,
			);
		};
/* End PBXProject section */

/* Begin PBXResourcesBuildPhase section */
		1E480DA91859C4540052A2F2 /* Resources */ = {
			isa = PBXResourcesBuildPhase;
			buildActionMask = 2147483647;
			files = (
				1EA55590189A462D00344013 /* icon58.png in Resources */,
				1E0417D4189A70E5003F87D6 /* Default.png in Resources */,
				1EA5558F189A462D00344013 /* icon57.png in Resources */,
				1EA55591189A462D00344013 /* icon120.png in Resources */,
				1E0417D3189A70E5003F87D6 /* Default-568h@2x.png in Resources */,
				1E0417D5189A70E5003F87D6 /* Default@2x.png in Resources */,
				1E480DB91859C4540052A2F2 /* InfoPlist.strings in Resources */,
				A5D64A629C009FE41975BC55 /* OBAQlicense.txt in Resources */,
			);
			runOnlyForDeploymentPostprocessing = 0;
		};
/* End PBXResourcesBuildPhase section */

/* Begin PBXSourcesBuildPhase section */
		1E480DA71859C4540052A2F2 /* Sources */ = {
			isa = PBXSourcesBuildPhase;
			buildActionMask = 2147483647;
			files = (
				1E480DBF1859C4540052A2F2 /* AppDelegate.m in Sources */,
				1E6849631859C5D200603D88 /* hspsource.cpp in Sources */,
				1E480DBB1859C4540052A2F2 /* main.m in Sources */,
				DF824E70A247DA6A57AD2699 /* Canvas.mm in Sources */,
				C7CE4A4EAA216EC807EBB05B /* Graphics.mm in Sources */,
				301E417899666C201AEEB93C /* HspView.mm in Sources */,
				3B7A4A04B13CAFD3D6E02602 /* HspViewController.mm in Sources */,
				1A0D4ED49F2B456D6A3F4587 /* Image.mm in Sources */,
				86124230B6EBAE0B0F8B85A0 /* iOSBridge.mm in Sources */,
				A47147638845720C92648D56 /* iOSgpBridge.mm in Sources */,
				4041422389DB627C297FC58D /* PlatformiOS.mm in Sources */,
				694646A59A5A8B37C10AC5CD /* dpmread.cpp in Sources */,
				3D1E4EB4A7413A2136AA7B0E /* essprite.cpp in Sources */,
				23E849A6A4B9E068865C0AB0 /* geometry.cpp in Sources */,
				90C94CC18BE3BF3D87C1EF74 /* hsp3debug.cpp in Sources */,
				F05946568F5D217558638B34 /* hsp3gr_dish.cpp in Sources */,
				926E4C6E8B3639F3C8D96983 /* hsp3int.cpp in Sources */,
				62F9439DB1EBFC666E48DD38 /* hspvar_core.cpp in Sources */,
				06A0449EB9ED5B9D1EB37283 /* hspvar_double.cpp in Sources */,
				F08943C38903E364C68EE9E0 /* hspvar_int.cpp in Sources */,
				C47F43CFAAEA1E8BE1AF4DE2 /* hspvar_label.cpp in Sources */,
				30134E9DB3715ED4DFE91DB3 /* hspvar_str.cpp in Sources */,
				9DF14C619EA8C4A26DB61644 /* hspvar_struct.cpp in Sources */,
				D29C48D597A07FD8176CDECA /* hspwnd_dish.cpp in Sources */,
				F26D42849419CA7977D49BCD /* hspwnd_edit.cpp in Sources */,
				24914E48BC8AD30E9D36B0D2 /* hspwnd_obj.cpp in Sources */,
				6F3E483D972E461B04662762 /* random.cpp in Sources */,
				9E82458F8918F416D058A265 /* stack.cpp in Sources */,
				A10748128A1D8D9BF226D472 /* strbuf.cpp in Sources */,
				97434E7DB50EEE54A3F6779C /* strnote.cpp in Sources */,
				936A4052B269844243D57E41 /* sysreq.cpp in Sources */,
				E3BF4D169DB5ED11F8923EDD /* texmes.cpp in Sources */,
				66CF4827A1DF2254DFDF721A /* fontsystem.cpp in Sources */,
				314D4378BFF8C6C45C4C6A73 /* hgtex.cpp in Sources */,
				81BF43F897C6CDB045D261D1 /* hsp3ext_ios.cpp in Sources */,
				FBF74EF0A4BF09B2D877D33E /* mmman.mm in Sources */,
				EB9B49438A71BFCEB673E24C /* stb_image.c in Sources */,
				03C948A48C27AE807A2DB438 /* supio_ios.cpp in Sources */,
				6BE746DBBAB9B7CC2BC32F66 /* game.cpp in Sources */,
				1CF44711B4D08802D0FCAC1C /* hsp3dw.cpp in Sources */,
				22B345BFA87A2D55586F0E56 /* omkedraw.cpp in Sources */,
				27354AA2882E035E4996AF12 /* hsp3code.cpp in Sources */,
				48F24C3F93DC9E44DCFD13EC /* hsp3embed.cpp in Sources */,
				97A540E085FBA70D1A727401 /* hsp3r.cpp in Sources */,
				C5FD4C4F9CBCA1FBAE4D16DD /* hspvar_util.cpp in Sources */,
				176647D1896290BE8F4A4DC5 /* misc.mm in Sources */,
				355644499663F75A3097EC0C /* rock.cpp in Sources */,
				07E7440FBFCF72BA8C75500A /* vessel.cpp in Sources */,
			);
			runOnlyForDeploymentPostprocessing = 0;
		};
/* End PBXSourcesBuildPhase section */

/* Begin PBXVariantGroup section */
		1E480DB71859C4540052A2F2 /* InfoPlist.strings */ = {
			isa = PBXVariantGroup;
			children = (
				1E480DB81859C4540052A2F2 /* en */,
				1E63B6F2185B17B600E311DC /* ja */,
			);
			name = InfoPlist.strings;
			sourceTree = "<group>";
		};
/* End PBXVariantGroup section */

/* Begin XCBuildConfiguration section */
		1E480DD51859C4540052A2F2 /* Debug */ = {
			isa = XCBuildConfiguration;
			buildSettings = {
				ALWAYS_SEARCH_USER_PATHS = NO;
				ARCHS = "$(ARCHS_STANDARD)";
				CLANG_CXX_LANGUAGE_STANDARD = "gnu++0x";
				CLANG_CXX_LIBRARY = "libc++";
				CLANG_ENABLE_MODULES = YES;
				CLANG_ENABLE_OBJC_ARC = YES;
				CLANG_WARN_BOOL_CONVERSION = YES;
				CLANG_WARN_CONSTANT_CONVERSION = YES;
				CLANG_WARN_DIRECT_OBJC_ISA_USAGE = YES_ERROR;
				CLANG_WARN_EMPTY_BODY = YES;
				CLANG_WARN_ENUM_CONVERSION = YES;
				CLANG_WARN_INT_CONVERSION = YES;
				CLANG_WARN_OBJC_ROOT_CLASS = YES_ERROR;
				CLANG_WARN__DUPLICATE_METHOD_MATCH = YES;
				CODE_SIGN_IDENTITY = "iPhone Developer";
				"CODE_SIGN_IDENTITY[sdk=iphoneos*]" = "iPhone Developer: Yasushi Takeda (WZR8TP57UZ)";
				COPY_PHASE_STRIP = NO;
				GCC_C_LANGUAGE_STANDARD = gnu99;
				GCC_DYNAMIC_NO_PIC = NO;
				GCC_OPTIMIZATION_LEVEL = 0;
				GCC_PREPROCESSOR_DEFINITIONS = (
					"DEBUG=1",
					"$(inherited)",
				);
				GCC_SYMBOLS_PRIVATE_EXTERN = NO;
				GCC_WARN_64_TO_32_BIT_CONVERSION = YES;
				GCC_WARN_ABOUT_RETURN_TYPE = YES_ERROR;
				GCC_WARN_UNDECLARED_SELECTOR = YES;
				GCC_WARN_UNINITIALIZED_AUTOS = YES;
				GCC_WARN_UNUSED_FUNCTION = YES;
				GCC_WARN_UNUSED_VARIABLE = YES;
				IPHONEOS_DEPLOYMENT_TARGET = 12.0;
				ONLY_ACTIVE_ARCH = YES;
				SDKROOT = iphoneos;
			};
			name = Debug;
		};
		1E480DD61859C4540052A2F2 /* Release */ = {
			isa = XCBuildConfiguration;
			buildSettings = {
				ALWAYS_SEARCH_USER_PATHS = NO;
				ARCHS = "$(ARCHS_STANDARD)";
				CLANG_CXX_LANGUAGE_STANDARD = "gnu++0x";
				CLANG_CXX_LIBRARY = "libc++";
				CLANG_ENABLE_MODULES = YES;
				CLANG_ENABLE_OBJC_ARC = YES;
				CLANG_WARN_BOOL_CONVERSION = YES;
				CLANG_WARN_CONSTANT_CONVERSION = YES;
				CLANG_WARN_DIRECT_OBJC_ISA_USAGE = YES_ERROR;
				CLANG_WARN_EMPTY_BODY = YES;
				CLANG_WARN_ENUM_CONVERSION = YES;
				CLANG_WARN_INT_CONVERSION = YES;
				CLANG_WARN_OBJC_ROOT_CLASS = YES_ERROR;
				CLANG_WARN__DUPLICATE_METHOD_MATCH = YES;
				CODE_SIGN_IDENTITY = "iPhone Developer";
				"CODE_SIGN_IDENTITY[sdk=iphoneos*]" = "iPhone Developer: Yasushi Takeda (WZR8TP57UZ)";
				COPY_PHASE_STRIP = YES;
				ENABLE_NS_ASSERTIONS = NO;
				GCC_C_LANGUAGE_STANDARD = gnu99;
				GCC_WARN_64_TO_32_BIT_CONVERSION = YES;
				GCC_WARN_ABOUT_RETURN_TYPE = YES_ERROR;
				GCC_WARN_UNDECLARED_SELECTOR = YES;
				GCC_WARN_UNINITIALIZED_AUTOS = YES;
				GCC_WARN_UNUSED_FUNCTION = YES;
				GCC_WARN_UNUSED_VARIABLE = YES;
				IPHONEOS_DEPLOYMENT_TARGET = 12.0;
				SDKROOT = iphoneos;
				VALIDATE_PRODUCT = YES;
			};
			name = Release;
		};
		1E480DD81859C4540052A2F2 /* Debug */ = {
			isa = XCBuildConfiguration;
			buildSettings = {
				ARCHS = "$(ARCHS_STANDARD)";
				CLANG_CXX_LANGUAGE_STANDARD = "compiler-default";
				CLANG_CXX_LIBRARY = "compiler-default";
				CLANG_ENABLE_MODULES = NO;
				CLANG_ENABLE_OBJC_ARC = NO;
				CODE_SIGN_IDENTITY = "iPhone Developer";
				CODE_SIGN_STYLE = Automatic;
				COMPRESS_PNG_FILES = NO;
				DEVELOPMENT_TEAM = 5FH2J53M7P;
				GCC_PRECOMPILE_PREFIX_HEADER = YES;
				GCC_PREFIX_HEADER = "hspproj/hspproj-Prefix.pch";
				GCC_PREPROCESSOR_DEFINITIONS = (
					"DEBUG=1",
					HSPIOS,
					HSPDISH,
					HSPEMBED,
					USE_OBAQ,
				);
				INFOPLIST_FILE = "hspproj/hspproj-Info.plist";
				IPHONEOS_DEPLOYMENT_TARGET = 12.0;
				LIBRARY_SEARCH_PATHS = (
					"$(inherited)",
					../iHSP27/lib,
				);
				ONLY_ACTIVE_ARCH = YES;
				PRODUCT_BUNDLE_IDENTIFIER = onionsoftware.hsptv.hspproj;
				PRODUCT_NAME = hspproj;
				PROVISIONING_PROFILE_SPECIFIER = "";
				TARGETED_DEVICE_FAMILY = "1,2";
				TVOS_DEPLOYMENT_TARGET = 12.0;
				VALID_ARCHS = "armv7 armv7s arm64";
				WRAPPER_EXTENSION = app;
			};
			name = Debug;
		};
		1E480DD91859C4540052A2F2 /* Release */ = {
			isa = XCBuildConfiguration;
			buildSettings = {
				ARCHS = "$(ARCHS_STANDARD)";
				CLANG_CXX_LANGUAGE_STANDARD = "compiler-default";
				CLANG_CXX_LIBRARY = "compiler-default";
				CLANG_ENABLE_MODULES = NO;
				CLANG_ENABLE_OBJC_ARC = NO;
				CODE_SIGN_IDENTITY = "iPhone Developer";
				CODE_SIGN_STYLE = Automatic;
				COMPRESS_PNG_FILES = NO;
				DEVELOPMENT_TEAM = 5FH2J53M7P;
				GCC_PRECOMPILE_PREFIX_HEADER = YES;
				GCC_PREFIX_HEADER = "hspproj/hspproj-Prefix.pch";
				GCC_PREPROCESSOR_DEFINITIONS = (
					USE_OBAQ,
					HSPEMBED,
					HSPDISH,
					HSPIOS,
				);
				INFOPLIST_FILE = "hspproj/hspproj-Info.plist";
				IPHONEOS_DEPLOYMENT_TARGET = 12.0;
				LIBRARY_SEARCH_PATHS = (
					"$(inherited)",
					../iHSP27/lib,
				);
				ONLY_ACTIVE_ARCH = YES;
				PRODUCT_BUNDLE_IDENTIFIER = onionsoftware.hsptv.hspproj;
				PRODUCT_NAME = hspproj;
				PROVISIONING_PROFILE_SPECIFIER = "";
				TARGETED_DEVICE_FAMILY = "1,2";
				TVOS_DEPLOYMENT_TARGET = 12.0;
				VALID_ARCHS = "armv7 armv7s arm64";
				WRAPPER_EXTENSION = app;
			};
			name = Release;
		};
/* End XCBuildConfiguration section */

/* Begin XCConfigurationList section */
		1E480DA61859C4540052A2F2 /* Build configuration list for PBXProject "iosBuildTest" */ = {
			isa = XCConfigurationList;
			buildConfigurations = (
				1E480DD51859C4540052A2F2 /* Debug */,
				1E480DD61859C4540052A2F2 /* Release */,
			);
			defaultConfigurationIsVisible = 0;
			defaultConfigurationName = Release;
		};
		1E480DD71859C4540052A2F2 /* Build configuration list for PBXNativeTarget "iosBuildTest" */ = {
			isa = XCConfigurationList;
			buildConfigurations = (
				1E480DD81859C4540052A2F2 /* Debug */,
				1E480DD91859C4540052A2F2 /* Release */,
			);
			defaultConfigurationIsVisible = 0;
			defaultConfigurationName = Release;
		};
/* End XCConfigurationList section */
	};
	rootObject = 1E480DA31859C4540052A2F2 /* Project object */;
}
