// !$*UTF8*$!
{
	archiveVersion = 1;
	classes = {
	};
	objectVersion = 46;
	objects = {

/* Begin PBXBuildFile section */
		044F4253BC80DAFBF96AB091 /* rock.h in Headers */ = {isa = PBXBuildFile; fileRef = C9B44E61B1728EACACB1C5E7 /* rock.h */; };
		057F47029C94BF6DA110464E /* texmes.cpp in Sources */ = {isa = PBXBuildFile; fileRef = 176A4CABA2290A41D5290D49 /* texmes.cpp */; };
		081A47B9B00F439BBE5B8737 /* gamehsp.h in Headers */ = {isa = PBXBuildFile; fileRef = 60DB47F5A637CE839C1439BA /* gamehsp.h */; };
		0AE74EC890091ACAF098BCBF /* hsp3struct.h in Headers */ = {isa = PBXBuildFile; fileRef = 104A4B298E47E86EF3815F15 /* hsp3struct.h */; };
		0B5E4EBA8135644169890D33 /* supio_ios.cpp in Sources */ = {isa = PBXBuildFile; fileRef = 3D5C42A59768AE2FF67A2F47 /* supio_ios.cpp */; };
		0CD446F5B3C50C8FF3DF5F33 /* mmman.h in Headers */ = {isa = PBXBuildFile; fileRef = A56045E2A9B3BACF53E1B574 /* mmman.h */; };
		0CD84DBEB7BC3431F5D03B70 /* gamehsp.cpp in Sources */ = {isa = PBXBuildFile; fileRef = E4654CF1909C24C50B1F1D52 /* gamehsp.cpp */; };
		0FB14002AC1890E86F59D9F9 /* hsp3ext.h in Headers */ = {isa = PBXBuildFile; fileRef = F04A4A65A35501432B24FEF2 /* hsp3ext.h */; };
		10F943498CDB1B0DC53D4521 /* gpphy.h in Headers */ = {isa = PBXBuildFile; fileRef = 66AF4416B0BA7A3BCCD53C79 /* gpphy.h */; };
		11AC49EDB578192AE9190449 /* hsp3int.h in Headers */ = {isa = PBXBuildFile; fileRef = 4F8847F58B87FDA995CA2DC8 /* hsp3int.h */; };
		125A4042850BBC576F9FC1F2 /* misc.mm in Sources */ = {isa = PBXBuildFile; fileRef = 93E745BCAD61E483F1DCDFB2 /* misc.mm */; };
		17F947DBB826AE21F0EDD077 /* sysreq.cpp in Sources */ = {isa = PBXBuildFile; fileRef = 8FA941D1B811DE9EB45F1FDC /* sysreq.cpp */; };
		184645659A7CACE58A0BC5C1 /* mmman.mm in Sources */ = {isa = PBXBuildFile; fileRef = D20B453480BDC184265A6F23 /* mmman.mm */; };
		1BFF4A2BBC473E2C401921E6 /* essprite.cpp in Sources */ = {isa = PBXBuildFile; fileRef = 084A46B3A99C7C7A8642001D /* essprite.cpp */; };
		1E0417D3189A70E5003F87D6 /* Default-568h@2x.png in Resources */ = {isa = PBXBuildFile; fileRef = 1E0417D0189A70E5003F87D6 /* Default-568h@2x.png */; };
		1E0417D4189A70E5003F87D6 /* Default.png in Resources */ = {isa = PBXBuildFile; fileRef = 1E0417D1189A70E5003F87D6 /* Default.png */; };
		1E0417D5189A70E5003F87D6 /* Default@2x.png in Resources */ = {isa = PBXBuildFile; fileRef = 1E0417D2189A70E5003F87D6 /* Default@2x.png */; };
		1E480DAF1859C4540052A2F2 /* Foundation.framework in Frameworks */ = {isa = PBXBuildFile; fileRef = 1E480DAE1859C4540052A2F2 /* Foundation.framework */; };
		1E480DB11859C4540052A2F2 /* CoreGraphics.framework in Frameworks */ = {isa = PBXBuildFile; fileRef = 1E480DB01859C4540052A2F2 /* CoreGraphics.framework */; };
		1E480DB31859C4540052A2F2 /* UIKit.framework in Frameworks */ = {isa = PBXBuildFile; fileRef = 1E480DB21859C4540052A2F2 /* UIKit.framework */; };
		1E480DB91859C4540052A2F2 /* InfoPlist.strings in Resources */ = {isa = PBXBuildFile; fileRef = 1E480DB71859C4540052A2F2 /* InfoPlist.strings */; };
		1E480DBB1859C4540052A2F2 /* main.m in Sources */ = {isa = PBXBuildFile; fileRef = 1E480DBA1859C4540052A2F2 /* main.m */; };
		1E480DBF1859C4540052A2F2 /* AppDelegate.m in Sources */ = {isa = PBXBuildFile; fileRef = 1E480DBE1859C4540052A2F2 /* AppDelegate.m */; };
		1E480DE21859C4A60052A2F2 /* AudioToolbox.framework in Frameworks */ = {isa = PBXBuildFile; fileRef = 1E480DDD1859C4A60052A2F2 /* AudioToolbox.framework */; };
		1E480DE31859C4A60052A2F2 /* iAd.framework in Frameworks */ = {isa = PBXBuildFile; fileRef = 1E480DDE1859C4A60052A2F2 /* iAd.framework */; };
		1E480DE41859C4A60052A2F2 /* OpenAL.framework in Frameworks */ = {isa = PBXBuildFile; fileRef = 1E480DDF1859C4A60052A2F2 /* OpenAL.framework */; };
		1E480DE51859C4A60052A2F2 /* OpenGLES.framework in Frameworks */ = {isa = PBXBuildFile; fileRef = 1E480DE01859C4A60052A2F2 /* OpenGLES.framework */; };
		1E480DE61859C4A60052A2F2 /* QuartzCore.framework in Frameworks */ = {isa = PBXBuildFile; fileRef = 1E480DE11859C4A60052A2F2 /* QuartzCore.framework */; };
		1E6849631859C5D200603D88 /* hspsource.cpp in Sources */ = {isa = PBXBuildFile; fileRef = 1E6849621859C5D200603D88 /* hspsource.cpp */; };
		1EA5558F189A462D00344013 /* icon57.png in Resources */ = {isa = PBXBuildFile; fileRef = 1EA5558C189A462D00344013 /* icon57.png */; };
		1EA55590189A462D00344013 /* icon58.png in Resources */ = {isa = PBXBuildFile; fileRef = 1EA5558D189A462D00344013 /* icon58.png */; };
		1EA55591189A462D00344013 /* icon120.png in Resources */ = {isa = PBXBuildFile; fileRef = 1EA5558E189A462D00344013 /* icon120.png */; };
		209B45A1BE666CEF689A145D /* HspViewController.mm in Sources */ = {isa = PBXBuildFile; fileRef = 0FF1412EBCA70A50FC6C9FE9 /* HspViewController.mm */; };
		25634A24A7F597A815D8161F /* gpevent.h in Headers */ = {isa = PBXBuildFile; fileRef = 4A5F41818ADAE0508DE621E1 /* gpevent.h */; };
		29EE4477BE218168F4FA2CFC /* hsp3gr_dish.h in Headers */ = {isa = PBXBuildFile; fileRef = 2AFF4557973FE3857D05866F /* hsp3gr_dish.h */; };
		2B8D44E197D1178C2A8ECFB8 /* hsp3ext_ios.cpp in Sources */ = {isa = PBXBuildFile; fileRef = 8121411E8CDFBC2A97CB1ED2 /* hsp3ext_ios.cpp */; };
		2E44457F87D8AA872C06556A /* hsp3ext_ios.h in Headers */ = {isa = PBXBuildFile; fileRef = CBCF4596A3B02561017545A9 /* hsp3ext_ios.h */; };
		315F48D48805ED97B588CC6B /* hgiox.h in Headers */ = {isa = PBXBuildFile; fileRef = 3F1745078213045604F77E04 /* hgiox.h */; };
		350A495295DE08D77FC399DC /* hspvar_label.h in Headers */ = {isa = PBXBuildFile; fileRef = 09624AC399D683E16EBC424A /* hspvar_label.h */; };
		37B84B76917717F607010C5B /* hspwnd.h in Headers */ = {isa = PBXBuildFile; fileRef = CB614A268265F1869A0C70E3 /* hspwnd.h */; };
		37F34B0BAABEA095B4CE0280 /* hspwnd_dish.cpp in Sources */ = {isa = PBXBuildFile; fileRef = 01A84837AFBBE6B8B28AF124 /* hspwnd_dish.cpp */; };
		3884436C8C61CD2D5B0D0196 /* random.h in Headers */ = {isa = PBXBuildFile; fileRef = D610483A9E751D854B0AD86F /* random.h */; };
		399F4EA592C8E7B6B30CBC01 /* hsp3code.cpp in Sources */ = {isa = PBXBuildFile; fileRef = 979C4D37B21EE5FF52D91795 /* hsp3code.cpp */; };
		3A54497AB5110AA21F52B9D0 /* strbuf.cpp in Sources */ = {isa = PBXBuildFile; fileRef = 4B77432DACED0CE30521F170 /* strbuf.cpp */; };
		3B354085844D26D48AF19899 /* hspvar_core.cpp in Sources */ = {isa = PBXBuildFile; fileRef = 06ED4362A17AA72163174B61 /* hspvar_core.cpp */; };
		40B143EB8DF7BFF8DEA798C7 /* dpmread.cpp in Sources */ = {isa = PBXBuildFile; fileRef = 4BA348569882A88D85E3C291 /* dpmread.cpp */; };
		46AE4F929FBA8D2C9F772799 /* stb_image.c in Sources */ = {isa = PBXBuildFile; fileRef = 10CD44A6B80E36536B1EFEAE /* stb_image.c */; };
		47D14D56AA3AB8CB4136520A /* hgtex.h in Headers */ = {isa = PBXBuildFile; fileRef = 09414166A8095DDE09E65F8C /* hgtex.h */; };
		49134458824A42E6F3DEB42F /* OBAQlicense.txt in Resources */ = {isa = PBXBuildFile; fileRef = A70B4B61BB0820D2D7158AB4 /* OBAQlicense.txt */; };
		49F24A59A8F450EF91439414 /* hspwnd_obj.cpp in Sources */ = {isa = PBXBuildFile; fileRef = 264D4283ADEBE5CF0D041C32 /* hspwnd_obj.cpp */; };
		4A294DCC93682BC78F8A01B7 /* ptttypes.h in Headers */ = {isa = PBXBuildFile; fileRef = 77AE4087A6F0456F5B9A592D /* ptttypes.h */; };
		4A5946B29D39C5709B20166D /* gpmat.h in Headers */ = {isa = PBXBuildFile; fileRef = A90B4B9487A697D39DB03A08 /* gpmat.h */; };
		5069451DB935B191DA416FEF /* game.cpp in Sources */ = {isa = PBXBuildFile; fileRef = 5C4F4822979CEB14475B2692 /* game.cpp */; };
		52124768AA0732826008D81C /* Graphics.h in Headers */ = {isa = PBXBuildFile; fileRef = 1B474D74BD910271EF5B1FFD /* Graphics.h */; };
		522B46829BD968BEBE877BBB /* hsp3config.h in Headers */ = {isa = PBXBuildFile; fileRef = F2D24233B36AE2A2188B1207 /* hsp3config.h */; };
		539B4358A9A32E59FC0F3ECB /* webtask_ios.h in Headers */ = {isa = PBXBuildFile; fileRef = 5EA9494295A578517390AE86 /* webtask_ios.h */; };
		53D44D49844F2F118AE4EBFA /* hsp3dw.cpp in Sources */ = {isa = PBXBuildFile; fileRef = 20A84EC28B881E8D89B8140B /* hsp3dw.cpp */; };
		54F64554BAD802241AC47C4B /* hsp3debug.cpp in Sources */ = {isa = PBXBuildFile; fileRef = 5C2445FE871A05928541DAAB /* hsp3debug.cpp */; };
		55B442489FEE97F5D6EF2CEE /* texmes.h in Headers */ = {isa = PBXBuildFile; fileRef = 04F9470FA1DCFC478F29AADE /* texmes.h */; };
		5ADF4FEEBC24C869B77A0EDC /* random.cpp in Sources */ = {isa = PBXBuildFile; fileRef = 8E9E40D39EE7D3BCD234049A /* random.cpp */; };
		5CDD4824A26C79DC3AE1B47A /* hgio.h in Headers */ = {isa = PBXBuildFile; fileRef = 89FF48EBA69B7A46D6366647 /* hgio.h */; };
		60014A2CBB7C29A0A66B4058 /* strbuf.h in Headers */ = {isa = PBXBuildFile; fileRef = 523442BA8ED45A8F0DB8F85D /* strbuf.h */; };
		606D45C6A24F4C78C89DAFB8 /* iOSgpBridge.mm in Sources */ = {isa = PBXBuildFile; fileRef = B5F84E058056072B280FBAEA /* iOSgpBridge.mm */; };
		62A54F37A5B4B5DF3538E9A2 /* font_data.h in Headers */ = {isa = PBXBuildFile; fileRef = 0F4146B2B4240563B117FAD4 /* font_data.h */; };
		6C7C415BB2FCE38FB9169F3E /* gpcam.cpp in Sources */ = {isa = PBXBuildFile; fileRef = 694141A1AA0F2B1BB94A1668 /* gpcam.cpp */; };
		6FD2437A912AC881A1FBD9FC /* hsp3gr_dish.cpp in Sources */ = {isa = PBXBuildFile; fileRef = 6A844F6CA488DDB251198EBC /* hsp3gr_dish.cpp */; };
		72A6478083A385DAF0C2E73C /* gpmat.cpp in Sources */ = {isa = PBXBuildFile; fileRef = B98448F9B122A9C584A67A2F /* gpmat.cpp */; };
		72CD4B8F81D904EA9855A6F1 /* hspvar_util.h in Headers */ = {isa = PBXBuildFile; fileRef = 56DA4879B0A3C014E6B7C5CE /* hspvar_util.h */; };
		742A4E96859351616EB72F6F /* fontsystem.cpp in Sources */ = {isa = PBXBuildFile; fileRef = 3C0442A886B417AF112A2E01 /* fontsystem.cpp */; };
		78E64DCE86AD658579C4A012 /* webtask_ios.cpp in Sources */ = {isa = PBXBuildFile; fileRef = A37345FEB0F39462E7E08C1F /* webtask_ios.cpp */; };
		7BB14A9A9BF0D226D82AC6A3 /* webtask.h in Headers */ = {isa = PBXBuildFile; fileRef = 9A704EE881DC606D75AD88D3 /* webtask.h */; };
		7D5A48D885999276EB1458F2 /* fontsystem.h in Headers */ = {isa = PBXBuildFile; fileRef = 0C4F4C4D98F34C9B022889C7 /* fontsystem.h */; };
		7E934FCA8B272D4592E0DA52 /* hsp3dw.h in Headers */ = {isa = PBXBuildFile; fileRef = 0F8C4DF69042F56EE1592BF2 /* hsp3dw.h */; };
		80F846029812AA894A8B4132 /* hspvar_str.cpp in Sources */ = {isa = PBXBuildFile; fileRef = B166480B9EFC7C3A130E2905 /* hspvar_str.cpp */; };
		810B433B84ABA546F20AB8E9 /* HspView.mm in Sources */ = {isa = PBXBuildFile; fileRef = E9974FE286C42CBB7511C2A3 /* HspView.mm */; };
		84A04EFD87195F780935C2C8 /* hspvar_util.cpp in Sources */ = {isa = PBXBuildFile; fileRef = 755440C79CA05CB91127CDB2 /* hspvar_util.cpp */; };
		88EE4F21A3B8F0EF31D49193 /* iOSBridge.h in Headers */ = {isa = PBXBuildFile; fileRef = 4EAC49A1A947F05F00497568 /* iOSBridge.h */; };
		88F1464883CE0D2F92B46F96 /* Graphics.mm in Sources */ = {isa = PBXBuildFile; fileRef = 507E4B0785A63192C64CBA3A /* Graphics.mm */; };
		8B8C4E0EA8EC55CAF562857D /* hgiox.cpp in Sources */ = {isa = PBXBuildFile; fileRef = 5767444BB640355A10DCE34F /* hgiox.cpp */; };
		8DF8404D8A01BF8CB0EC04DD /* hsp3r.cpp in Sources */ = {isa = PBXBuildFile; fileRef = 3CAD4BB9934804AEF6557421 /* hsp3r.cpp */; };
		8E2C4B788D34323591A9E245 /* gpcam.h in Headers */ = {isa = PBXBuildFile; fileRef = 0CAC4B9CBC82DE51ED5B90A1 /* gpcam.h */; };
		8EE745C78EA7CBA7D3AED01B /* gpevent.cpp in Sources */ = {isa = PBXBuildFile; fileRef = F77146F4BCF71C95BBDEF296 /* gpevent.cpp */; };
		90F840FF8370CF3931690793 /* geometry.cpp in Sources */ = {isa = PBXBuildFile; fileRef = 38154F40B489835609D083B8 /* geometry.cpp */; };
		934946B6AA0679D553ACD8F7 /* gamePhysics.h in Headers */ = {isa = PBXBuildFile; fileRef = 227249C1AC61CFA82C5551C0 /* gamePhysics.h */; };
		944B464F9015CC935329E9E0 /* strnote.h in Headers */ = {isa = PBXBuildFile; fileRef = 5980400BAC743C2C3FCD34AF /* strnote.h */; };
		95FB4414BE0859654A757B27 /* hsp3int.cpp in Sources */ = {isa = PBXBuildFile; fileRef = B7454735A5D2578D00825D3F /* hsp3int.cpp */; };
		96674B6180F75122B28A1B1E /* hsp3r.h in Headers */ = {isa = PBXBuildFile; fileRef = 527A4DB9B7BAF06B7DD5A255 /* hsp3r.h */; };
		9FD24EB79F4C9601B3EF3610 /* essprite.h in Headers */ = {isa = PBXBuildFile; fileRef = 9FC54798A85B61B14E049230 /* essprite.h */; };
		AA9A4D6CA5151B9ECC3EC2E6 /* vessel.cpp in Sources */ = {isa = PBXBuildFile; fileRef = AA584D92A7BE72BD3DBA7484 /* vessel.cpp */; };
		AB1E4CAA8E60B5CEA16DAA92 /* Canvas.mm in Sources */ = {isa = PBXBuildFile; fileRef = 192F45EC95E23352A697A4DD /* Canvas.mm */; };
		ACA448F8A6CC939152B540A8 /* hspvar_int.cpp in Sources */ = {isa = PBXBuildFile; fileRef = 29EB4D6E8D0A43876DC89599 /* hspvar_int.cpp */; };
		AEE548C6BE1B6D4BECF6969F /* supio.h in Headers */ = {isa = PBXBuildFile; fileRef = 37C544A28F5E724FA7AC2E89 /* supio.h */; };
		AF2646139FB75FBCF9ED5AB3 /* rock.cpp in Sources */ = {isa = PBXBuildFile; fileRef = 5D2F4CE88DAEA77D8E3B33D9 /* rock.cpp */; };
		B0AB4011A3944EA3FB4649BE /* vessel.h in Headers */ = {isa = PBXBuildFile; fileRef = 68224933B495EAA60DF4CBE8 /* vessel.h */; };
		B1B641E39C30024956EC8097 /* geometry.h in Headers */ = {isa = PBXBuildFile; fileRef = 87A04EB4BC5349E11958C016 /* geometry.h */; };
		B28047119A6E5B0FBE1D467A /* iOSBridge.mm in Sources */ = {isa = PBXBuildFile; fileRef = 1BD046E2BDB8394282D015CC /* iOSBridge.mm */; };
		B5004B30A9B425ED2DC73CA4 /* HspView.h in Headers */ = {isa = PBXBuildFile; fileRef = D090498EB5C4F83C1C2E16BB /* HspView.h */; };
		B97A473D9610EF0A47E8AE0E /* hsp3embed.cpp in Sources */ = {isa = PBXBuildFile; fileRef = 2ACD4862815333A0676211BB /* hsp3embed.cpp */; };
		BB494AE9AB1A8F6633985AEE /* iOSgpBridge.h in Headers */ = {isa = PBXBuildFile; fileRef = 480E43939CCA2E47BC1D177A /* iOSgpBridge.h */; };
		BBD44BCB964BF6658838DC49 /* hspvar_double.cpp in Sources */ = {isa = PBXBuildFile; fileRef = 133A441BA0CC1A8F4421A6A2 /* hspvar_double.cpp */; };
		BCF3476B872AE61892BF1AAC /* HspViewController.h in Headers */ = {isa = PBXBuildFile; fileRef = B3A34BC6A4F3814BEA0389DF /* HspViewController.h */; };
		BD0249EDA0FCEF7629A201A8 /* dpmread.h in Headers */ = {isa = PBXBuildFile; fileRef = 441444139323C8F82F772E09 /* dpmread.h */; };
		BD714FA98F993E081DBB265D /* hspwnd_edit.cpp in Sources */ = {isa = PBXBuildFile; fileRef = E56A4F79A3A730EFA2D7812B /* hspwnd_edit.cpp */; };
		BF86489C8D044F5D5F1433C4 /* gpphy.cpp in Sources */ = {isa = PBXBuildFile; fileRef = 1E6F44D79CD7EB382EE30335 /* gpphy.cpp */; };
		BFC14FEFB944D72D8CDF165F /* hspvar_struct.cpp in Sources */ = {isa = PBXBuildFile; fileRef = FBA040AF9C60549F6A4968A4 /* hspvar_struct.cpp */; };
		C0CC4D29A56B6630434D801E /* Image.mm in Sources */ = {isa = PBXBuildFile; fileRef = A7DC45BDAB58F36D4A1F7660 /* Image.mm */; };
		C16646838DBABD33F9B63B38 /* hspwnd_dish.h in Headers */ = {isa = PBXBuildFile; fileRef = 45DA4E2EB531D534ACDF7890 /* hspwnd_dish.h */; };
		C6B74E6BAD5F1514E0DE8110 /* Canvas.h in Headers */ = {isa = PBXBuildFile; fileRef = 9CCA478E901349A7562D948E /* Canvas.h */; };
		CBA2448FB3D88C3E0935BD00 /* hgtex.cpp in Sources */ = {isa = PBXBuildFile; fileRef = 66274825A246486FFAC4EA3B /* hgtex.cpp */; };
		CDD0447BB1C913226A2C16DE /* appengine.h in Headers */ = {isa = PBXBuildFile; fileRef = F5F046C8A41369E9CC7C2DFF /* appengine.h */; };
		D1CA41A88B2A4D061E495508 /* stack.h in Headers */ = {isa = PBXBuildFile; fileRef = 419A4EAB8C307B02ADA8EC18 /* stack.h */; };
		D5384F7785FE57CB80FB356F /* hspvar_core.h in Headers */ = {isa = PBXBuildFile; fileRef = F1E44D86B355A4822AB97AC2 /* hspvar_core.h */; };
		E74E431F8F0AC863986D010E /* omkedraw.h in Headers */ = {isa = PBXBuildFile; fileRef = DADB4EE08C6ECB38C1AEF58F /* omkedraw.h */; };
		E7B54809A1478BA082F4D3F3 /* shader_sprite.h in Headers */ = {isa = PBXBuildFile; fileRef = 4772410D8A79EB07E8841708 /* shader_sprite.h */; };
		E7DC41BDAD41403386121003 /* hspvar_label.cpp in Sources */ = {isa = PBXBuildFile; fileRef = 763D4647992B50E2AC0FC8D0 /* hspvar_label.cpp */; };
		E8354C6EABF28177F1ED9A29 /* sysreq.h in Headers */ = {isa = PBXBuildFile; fileRef = 704B47B6873DCE2D32B1B72A /* sysreq.h */; };
		E9B64883AE437DB8B72B9411 /* stack.cpp in Sources */ = {isa = PBXBuildFile; fileRef = 1B354A6B9A4C85FAEF39497D /* stack.cpp */; };
		EBEE4D648411CD962F4F0183 /* supio_ios.h in Headers */ = {isa = PBXBuildFile; fileRef = B8B9472A88A6A7AB72B01C2C /* supio_ios.h */; };
		EDE34F1CA08BE39FCF7F03E6 /* game.h in Headers */ = {isa = PBXBuildFile; fileRef = A235442DBB7F84DE076E69F2 /* game.h */; };
		EFD646D6BFC822E4A4A2F97C /* hsp3embed.h in Headers */ = {isa = PBXBuildFile; fileRef = C6D74B108F1B93A5A2A40CEF /* hsp3embed.h */; };
		F0F14E54B7F8B4B4F75409BE /* hsp3code.h in Headers */ = {isa = PBXBuildFile; fileRef = C2BB4E16994BD215B22452BB /* hsp3code.h */; };
		F6FA41389A0C8B3B3C79C038 /* hsp3debug.h in Headers */ = {isa = PBXBuildFile; fileRef = 19144A01888FDB2D6996BB89 /* hsp3debug.h */; };
		F7764CD7AFEFAE6903410F85 /* strnote.cpp in Sources */ = {isa = PBXBuildFile; fileRef = 2D604537AA2B5A75E587C0AF /* strnote.cpp */; };
		F8BC4760971E0AEE02EB6572 /* misc.h in Headers */ = {isa = PBXBuildFile; fileRef = 3E4B4B64A541D53E5E745585 /* misc.h */; };
		FBB1426DBBE2A1BEF114D88A /* omkedraw.cpp in Sources */ = {isa = PBXBuildFile; fileRef = E9484F4DAC59D90C1840C7DB /* omkedraw.cpp */; };
		FBE24D8199AB12A48B225A30 /* gplgt.cpp in Sources */ = {isa = PBXBuildFile; fileRef = 2D7A46628FF45BDAD44E08F0 /* gplgt.cpp */; };
		FC3B427FB731FB0938D1F943 /* gplgt.h in Headers */ = {isa = PBXBuildFile; fileRef = DB744A45A4C2CDCDF6C73EDD /* gplgt.h */; };
		FCE140A1B81A32CDEDA15B1C /* hsp3gr.h in Headers */ = {isa = PBXBuildFile; fileRef = 71664EA196D4B9B4ADF6B080 /* hsp3gr.h */; };
/* End PBXBuildFile section */

/* Begin PBXFileReference section */
		01A84837AFBBE6B8B28AF124 /* hspwnd_dish.cpp */ = {isa = PBXFileReference; lastKnownFileType = sourcecode.cpp.cpp; name = hspwnd_dish.cpp; path = iHSP30/hsp3/hspwnd_dish.cpp; sourceTree = SOURCE_ROOT; };
		04F9470FA1DCFC478F29AADE /* texmes.h */ = {isa = PBXFileReference; lastKnownFileType = sourcecode.c.h; name = texmes.h; path = iHSP30/hsp3/texmes.h; sourceTree = SOURCE_ROOT; };
		06ED4362A17AA72163174B61 /* hspvar_core.cpp */ = {isa = PBXFileReference; lastKnownFileType = sourcecode.cpp.cpp; name = hspvar_core.cpp; path = iHSP30/hsp3/hspvar_core.cpp; sourceTree = SOURCE_ROOT; };
		084A46B3A99C7C7A8642001D /* essprite.cpp */ = {isa = PBXFileReference; lastKnownFileType = sourcecode.cpp.cpp; name = essprite.cpp; path = iHSP30/hsp3/essprite.cpp; sourceTree = SOURCE_ROOT; };
		09414166A8095DDE09E65F8C /* hgtex.h */ = {isa = PBXFileReference; lastKnownFileType = sourcecode.c.h; name = hgtex.h; path = iHSP30/hsp3/ios/hgtex.h; sourceTree = SOURCE_ROOT; };
		09624AC399D683E16EBC424A /* hspvar_label.h */ = {isa = PBXFileReference; lastKnownFileType = sourcecode.c.h; name = hspvar_label.h; path = iHSP30/hsp3/hspvar_label.h; sourceTree = SOURCE_ROOT; };
		0C4F4C4D98F34C9B022889C7 /* fontsystem.h */ = {isa = PBXFileReference; lastKnownFileType = sourcecode.c.h; name = fontsystem.h; path = iHSP30/hsp3/ios/fontsystem.h; sourceTree = SOURCE_ROOT; };
		0CAC4B9CBC82DE51ED5B90A1 /* gpcam.h */ = {isa = PBXFileReference; lastKnownFileType = sourcecode.c.h; name = gpcam.h; path = iHSP30/hsp3/iosgp/gpcam.h; sourceTree = SOURCE_ROOT; };
		0F4146B2B4240563B117FAD4 /* font_data.h */ = {isa = PBXFileReference; lastKnownFileType = sourcecode.c.h; name = font_data.h; path = iHSP30/hsp3/ios/font_data.h; sourceTree = SOURCE_ROOT; };
		0F8C4DF69042F56EE1592BF2 /* hsp3dw.h */ = {isa = PBXFileReference; lastKnownFileType = sourcecode.c.h; name = hsp3dw.h; path = iHSP30/hsp3/obaq/hsp3dw.h; sourceTree = SOURCE_ROOT; };
		0FF1412EBCA70A50FC6C9FE9 /* HspViewController.mm */ = {isa = PBXFileReference; lastKnownFileType = sourcecode.cpp.objcpp; name = HspViewController.mm; path = iHSP30/Classes/HspViewController.mm; sourceTree = SOURCE_ROOT; };
		104A4B298E47E86EF3815F15 /* hsp3struct.h */ = {isa = PBXFileReference; lastKnownFileType = sourcecode.c.h; name = hsp3struct.h; path = iHSP30/hsp3/hsp3struct.h; sourceTree = SOURCE_ROOT; };
		10CD44A6B80E36536B1EFEAE /* stb_image.c */ = {isa = PBXFileReference; lastKnownFileType = sourcecode.c.c; name = stb_image.c; path = iHSP30/hsp3/ios/stb_image.c; sourceTree = SOURCE_ROOT; };
		133A441BA0CC1A8F4421A6A2 /* hspvar_double.cpp */ = {isa = PBXFileReference; lastKnownFileType = sourcecode.cpp.cpp; name = hspvar_double.cpp; path = iHSP30/hsp3/hspvar_double.cpp; sourceTree = SOURCE_ROOT; };
		176A4CABA2290A41D5290D49 /* texmes.cpp */ = {isa = PBXFileReference; lastKnownFileType = sourcecode.cpp.cpp; name = texmes.cpp; path = iHSP30/hsp3/texmes.cpp; sourceTree = SOURCE_ROOT; };
		19144A01888FDB2D6996BB89 /* hsp3debug.h */ = {isa = PBXFileReference; lastKnownFileType = sourcecode.c.h; name = hsp3debug.h; path = iHSP30/hsp3/hsp3debug.h; sourceTree = SOURCE_ROOT; };
		192F45EC95E23352A697A4DD /* Canvas.mm */ = {isa = PBXFileReference; lastKnownFileType = sourcecode.cpp.objcpp; name = Canvas.mm; path = iHSP30/Classes/Canvas.mm; sourceTree = SOURCE_ROOT; };
		1B354A6B9A4C85FAEF39497D /* stack.cpp */ = {isa = PBXFileReference; lastKnownFileType = sourcecode.cpp.cpp; name = stack.cpp; path = iHSP30/hsp3/stack.cpp; sourceTree = SOURCE_ROOT; };
		1B474D74BD910271EF5B1FFD /* Graphics.h */ = {isa = PBXFileReference; lastKnownFileType = sourcecode.c.h; name = Graphics.h; path = iHSP30/Classes/Graphics.h; sourceTree = SOURCE_ROOT; };
		1BD046E2BDB8394282D015CC /* iOSBridge.mm */ = {isa = PBXFileReference; lastKnownFileType = sourcecode.cpp.objcpp; name = iOSBridge.mm; path = iHSP30/Classes/iOSBridge.mm; sourceTree = SOURCE_ROOT; };
		1E0417D0189A70E5003F87D6 /* Default-568h@2x.png */ = {isa = PBXFileReference; lastKnownFileType = image.png; path = "Default-568h@2x.png"; sourceTree = "<group>"; };
		1E0417D1189A70E5003F87D6 /* Default.png */ = {isa = PBXFileReference; lastKnownFileType = image.png; path = Default.png; sourceTree = "<group>"; };
		1E0417D2189A70E5003F87D6 /* Default@2x.png */ = {isa = PBXFileReference; lastKnownFileType = image.png; path = "Default@2x.png"; sourceTree = "<group>"; };
		1E480DAB1859C4540052A2F2 /* hspproj.app */ = {isa = PBXFileReference; explicitFileType = wrapper.application; includeInIndex = 0; path = hspproj.app; sourceTree = BUILT_PRODUCTS_DIR; };
		1E480DAE1859C4540052A2F2 /* Foundation.framework */ = {isa = PBXFileReference; lastKnownFileType = wrapper.framework; name = Foundation.framework; path = System/Library/Frameworks/Foundation.framework; sourceTree = SDKROOT; };
		1E480DB01859C4540052A2F2 /* CoreGraphics.framework */ = {isa = PBXFileReference; lastKnownFileType = wrapper.framework; name = CoreGraphics.framework; path = System/Library/Frameworks/CoreGraphics.framework; sourceTree = SDKROOT; };
		1E480DB21859C4540052A2F2 /* UIKit.framework */ = {isa = PBXFileReference; lastKnownFileType = wrapper.framework; name = UIKit.framework; path = System/Library/Frameworks/UIKit.framework; sourceTree = SDKROOT; };
		1E480DB61859C4540052A2F2 /* hspproj-Info.plist */ = {isa = PBXFileReference; lastKnownFileType = text.plist.xml; path = "hspproj-Info.plist"; sourceTree = "<group>"; };
		1E480DB81859C4540052A2F2 /* en */ = {isa = PBXFileReference; lastKnownFileType = text.plist.strings; name = en; path = en.lproj/InfoPlist.strings; sourceTree = "<group>"; };
		1E480DBA1859C4540052A2F2 /* main.m */ = {isa = PBXFileReference; lastKnownFileType = sourcecode.c.objc; path = main.m; sourceTree = "<group>"; };
		1E480DBC1859C4540052A2F2 /* hspproj-Prefix.pch */ = {isa = PBXFileReference; lastKnownFileType = sourcecode.c.h; path = "hspproj-Prefix.pch"; sourceTree = "<group>"; };
		1E480DBD1859C4540052A2F2 /* AppDelegate.h */ = {isa = PBXFileReference; lastKnownFileType = sourcecode.c.h; path = AppDelegate.h; sourceTree = "<group>"; };
		1E480DBE1859C4540052A2F2 /* AppDelegate.m */ = {isa = PBXFileReference; lastKnownFileType = sourcecode.c.objc; path = AppDelegate.m; sourceTree = "<group>"; };
		1E480DDD1859C4A60052A2F2 /* AudioToolbox.framework */ = {isa = PBXFileReference; lastKnownFileType = wrapper.framework; name = AudioToolbox.framework; path = System/Library/Frameworks/AudioToolbox.framework; sourceTree = SDKROOT; };
		1E480DDE1859C4A60052A2F2 /* iAd.framework */ = {isa = PBXFileReference; lastKnownFileType = wrapper.framework; name = iAd.framework; path = System/Library/Frameworks/iAd.framework; sourceTree = SDKROOT; };
		1E480DDF1859C4A60052A2F2 /* OpenAL.framework */ = {isa = PBXFileReference; lastKnownFileType = wrapper.framework; name = OpenAL.framework; path = System/Library/Frameworks/OpenAL.framework; sourceTree = SDKROOT; };
		1E480DE01859C4A60052A2F2 /* OpenGLES.framework */ = {isa = PBXFileReference; lastKnownFileType = wrapper.framework; name = OpenGLES.framework; path = System/Library/Frameworks/OpenGLES.framework; sourceTree = SDKROOT; };
		1E480DE11859C4A60052A2F2 /* QuartzCore.framework */ = {isa = PBXFileReference; lastKnownFileType = wrapper.framework; name = QuartzCore.framework; path = System/Library/Frameworks/QuartzCore.framework; sourceTree = SDKROOT; };
		1E63B6F2185B17B600E311DC /* ja */ = {isa = PBXFileReference; lastKnownFileType = text.plist.strings; name = ja; path = ja.lproj/InfoPlist.strings; sourceTree = "<group>"; };
		1E6849621859C5D200603D88 /* hspsource.cpp */ = {isa = PBXFileReference; fileEncoding = 4; lastKnownFileType = sourcecode.cpp.cpp; path = hspsource.cpp; sourceTree = "<group>"; };
		1E6F44D79CD7EB382EE30335 /* gpphy.cpp */ = {isa = PBXFileReference; lastKnownFileType = sourcecode.cpp.cpp; name = gpphy.cpp; path = iHSP30/hsp3/iosgp/gpphy.cpp; sourceTree = SOURCE_ROOT; };
		1EA5558C189A462D00344013 /* icon57.png */ = {isa = PBXFileReference; lastKnownFileType = image.png; path = icon57.png; sourceTree = "<group>"; };
		1EA5558D189A462D00344013 /* icon58.png */ = {isa = PBXFileReference; lastKnownFileType = image.png; path = icon58.png; sourceTree = "<group>"; };
		1EA5558E189A462D00344013 /* icon120.png */ = {isa = PBXFileReference; lastKnownFileType = image.png; path = icon120.png; sourceTree = "<group>"; };
		20A84EC28B881E8D89B8140B /* hsp3dw.cpp */ = {isa = PBXFileReference; lastKnownFileType = sourcecode.cpp.cpp; name = hsp3dw.cpp; path = iHSP30/hsp3/obaq/hsp3dw.cpp; sourceTree = SOURCE_ROOT; };
		227249C1AC61CFA82C5551C0 /* gamePhysics.h */ = {isa = PBXFileReference; lastKnownFileType = sourcecode.c.h; name = gamePhysics.h; path = iHSP30/obaq/physics/gamePhysics.h; sourceTree = SOURCE_ROOT; };
		264D4283ADEBE5CF0D041C32 /* hspwnd_obj.cpp */ = {isa = PBXFileReference; lastKnownFileType = sourcecode.cpp.cpp; name = hspwnd_obj.cpp; path = iHSP30/hsp3/hspwnd_obj.cpp; sourceTree = SOURCE_ROOT; };
		29EB4D6E8D0A43876DC89599 /* hspvar_int.cpp */ = {isa = PBXFileReference; lastKnownFileType = sourcecode.cpp.cpp; name = hspvar_int.cpp; path = iHSP30/hsp3/hspvar_int.cpp; sourceTree = SOURCE_ROOT; };
		2ACD4862815333A0676211BB /* hsp3embed.cpp */ = {isa = PBXFileReference; lastKnownFileType = sourcecode.cpp.cpp; name = hsp3embed.cpp; path = iHSP30/hsp3embed/hsp3embed.cpp; sourceTree = SOURCE_ROOT; };
		2AFF4557973FE3857D05866F /* hsp3gr_dish.h */ = {isa = PBXFileReference; lastKnownFileType = sourcecode.c.h; name = hsp3gr_dish.h; path = iHSP30/hsp3/hsp3gr_dish.h; sourceTree = SOURCE_ROOT; };
		2D604537AA2B5A75E587C0AF /* strnote.cpp */ = {isa = PBXFileReference; lastKnownFileType = sourcecode.cpp.cpp; name = strnote.cpp; path = iHSP30/hsp3/strnote.cpp; sourceTree = SOURCE_ROOT; };
		2D7A46628FF45BDAD44E08F0 /* gplgt.cpp */ = {isa = PBXFileReference; lastKnownFileType = sourcecode.cpp.cpp; name = gplgt.cpp; path = iHSP30/hsp3/iosgp/gplgt.cpp; sourceTree = SOURCE_ROOT; };
		37C544A28F5E724FA7AC2E89 /* supio.h */ = {isa = PBXFileReference; lastKnownFileType = sourcecode.c.h; name = supio.h; path = iHSP30/hsp3/supio.h; sourceTree = SOURCE_ROOT; };
		38154F40B489835609D083B8 /* geometry.cpp */ = {isa = PBXFileReference; lastKnownFileType = sourcecode.cpp.cpp; name = geometry.cpp; path = iHSP30/hsp3/geometry.cpp; sourceTree = SOURCE_ROOT; };
		3C0442A886B417AF112A2E01 /* fontsystem.cpp */ = {isa = PBXFileReference; lastKnownFileType = sourcecode.cpp.cpp; name = fontsystem.cpp; path = iHSP30/hsp3/ios/fontsystem.cpp; sourceTree = SOURCE_ROOT; };
		3CAD4BB9934804AEF6557421 /* hsp3r.cpp */ = {isa = PBXFileReference; lastKnownFileType = sourcecode.cpp.cpp; name = hsp3r.cpp; path = iHSP30/hsp3embed/hsp3r.cpp; sourceTree = SOURCE_ROOT; };
		3D5C42A59768AE2FF67A2F47 /* supio_ios.cpp */ = {isa = PBXFileReference; lastKnownFileType = sourcecode.cpp.cpp; name = supio_ios.cpp; path = iHSP30/hsp3/ios/supio_ios.cpp; sourceTree = SOURCE_ROOT; };
		3E4B4B64A541D53E5E745585 /* misc.h */ = {isa = PBXFileReference; lastKnownFileType = sourcecode.c.h; name = misc.h; path = iHSP30/hsp3embed/misc.h; sourceTree = SOURCE_ROOT; };
		3F1745078213045604F77E04 /* hgiox.h */ = {isa = PBXFileReference; lastKnownFileType = sourcecode.c.h; name = hgiox.h; path = iHSP30/hsp3/iosgp/hgiox.h; sourceTree = SOURCE_ROOT; };
		419A4EAB8C307B02ADA8EC18 /* stack.h */ = {isa = PBXFileReference; lastKnownFileType = sourcecode.c.h; name = stack.h; path = iHSP30/hsp3/stack.h; sourceTree = SOURCE_ROOT; };
		441444139323C8F82F772E09 /* dpmread.h */ = {isa = PBXFileReference; lastKnownFileType = sourcecode.c.h; name = dpmread.h; path = iHSP30/hsp3/dpmread.h; sourceTree = SOURCE_ROOT; };
		45DA4E2EB531D534ACDF7890 /* hspwnd_dish.h */ = {isa = PBXFileReference; lastKnownFileType = sourcecode.c.h; name = hspwnd_dish.h; path = iHSP30/hsp3/hspwnd_dish.h; sourceTree = SOURCE_ROOT; };
		4772410D8A79EB07E8841708 /* shader_sprite.h */ = {isa = PBXFileReference; lastKnownFileType = sourcecode.c.h; name = shader_sprite.h; path = iHSP30/hsp3/iosgp/shader_sprite.h; sourceTree = SOURCE_ROOT; };
		480E43939CCA2E47BC1D177A /* iOSgpBridge.h */ = {isa = PBXFileReference; lastKnownFileType = sourcecode.c.h; name = iOSgpBridge.h; path = iHSP30/Classes/iOSgpBridge.h; sourceTree = SOURCE_ROOT; };
		4A5F41818ADAE0508DE621E1 /* gpevent.h */ = {isa = PBXFileReference; lastKnownFileType = sourcecode.c.h; name = gpevent.h; path = iHSP30/hsp3/iosgp/gpevent.h; sourceTree = SOURCE_ROOT; };
		4B77432DACED0CE30521F170 /* strbuf.cpp */ = {isa = PBXFileReference; lastKnownFileType = sourcecode.cpp.cpp; name = strbuf.cpp; path = iHSP30/hsp3/strbuf.cpp; sourceTree = SOURCE_ROOT; };
		4BA348569882A88D85E3C291 /* dpmread.cpp */ = {isa = PBXFileReference; lastKnownFileType = sourcecode.cpp.cpp; name = dpmread.cpp; path = iHSP30/hsp3/dpmread.cpp; sourceTree = SOURCE_ROOT; };
		4EAC49A1A947F05F00497568 /* iOSBridge.h */ = {isa = PBXFileReference; lastKnownFileType = sourcecode.c.h; name = iOSBridge.h; path = iHSP30/Classes/iOSBridge.h; sourceTree = SOURCE_ROOT; };
		4F8847F58B87FDA995CA2DC8 /* hsp3int.h */ = {isa = PBXFileReference; lastKnownFileType = sourcecode.c.h; name = hsp3int.h; path = iHSP30/hsp3/hsp3int.h; sourceTree = SOURCE_ROOT; };
		507E4B0785A63192C64CBA3A /* Graphics.mm */ = {isa = PBXFileReference; lastKnownFileType = sourcecode.cpp.objcpp; name = Graphics.mm; path = iHSP30/Classes/Graphics.mm; sourceTree = SOURCE_ROOT; };
		523442BA8ED45A8F0DB8F85D /* strbuf.h */ = {isa = PBXFileReference; lastKnownFileType = sourcecode.c.h; name = strbuf.h; path = iHSP30/hsp3/strbuf.h; sourceTree = SOURCE_ROOT; };
		527A4DB9B7BAF06B7DD5A255 /* hsp3r.h */ = {isa = PBXFileReference; lastKnownFileType = sourcecode.c.h; name = hsp3r.h; path = iHSP30/hsp3embed/hsp3r.h; sourceTree = SOURCE_ROOT; };
		56DA4879B0A3C014E6B7C5CE /* hspvar_util.h */ = {isa = PBXFileReference; lastKnownFileType = sourcecode.c.h; name = hspvar_util.h; path = iHSP30/hsp3embed/hspvar_util.h; sourceTree = SOURCE_ROOT; };
		5767444BB640355A10DCE34F /* hgiox.cpp */ = {isa = PBXFileReference; lastKnownFileType = sourcecode.cpp.cpp; name = hgiox.cpp; path = iHSP30/hsp3/iosgp/hgiox.cpp; sourceTree = SOURCE_ROOT; };
		5980400BAC743C2C3FCD34AF /* strnote.h */ = {isa = PBXFileReference; lastKnownFileType = sourcecode.c.h; name = strnote.h; path = iHSP30/hsp3/strnote.h; sourceTree = SOURCE_ROOT; };
		5C2445FE871A05928541DAAB /* hsp3debug.cpp */ = {isa = PBXFileReference; lastKnownFileType = sourcecode.cpp.cpp; name = hsp3debug.cpp; path = iHSP30/hsp3/hsp3debug.cpp; sourceTree = SOURCE_ROOT; };
		5C4F4822979CEB14475B2692 /* game.cpp */ = {isa = PBXFileReference; lastKnownFileType = sourcecode.cpp.cpp; name = game.cpp; path = iHSP30/hsp3/obaq/game.cpp; sourceTree = SOURCE_ROOT; };
		5D2F4CE88DAEA77D8E3B33D9 /* rock.cpp */ = {isa = PBXFileReference; lastKnownFileType = sourcecode.cpp.cpp; name = rock.cpp; path = iHSP30/obaq/physics/rock.cpp; sourceTree = SOURCE_ROOT; };
		5EA9494295A578517390AE86 /* webtask_ios.h */ = {isa = PBXFileReference; lastKnownFileType = sourcecode.c.h; name = webtask_ios.h; path = iHSP30/hsp3/iosgp/webtask_ios.h; sourceTree = SOURCE_ROOT; };
		60DB47F5A637CE839C1439BA /* gamehsp.h */ = {isa = PBXFileReference; lastKnownFileType = sourcecode.c.h; name = gamehsp.h; path = iHSP30/hsp3/iosgp/gamehsp.h; sourceTree = SOURCE_ROOT; };
		66274825A246486FFAC4EA3B /* hgtex.cpp */ = {isa = PBXFileReference; lastKnownFileType = sourcecode.cpp.cpp; name = hgtex.cpp; path = iHSP30/hsp3/ios/hgtex.cpp; sourceTree = SOURCE_ROOT; };
		66AF4416B0BA7A3BCCD53C79 /* gpphy.h */ = {isa = PBXFileReference; lastKnownFileType = sourcecode.c.h; name = gpphy.h; path = iHSP30/hsp3/iosgp/gpphy.h; sourceTree = SOURCE_ROOT; };
		68224933B495EAA60DF4CBE8 /* vessel.h */ = {isa = PBXFileReference; lastKnownFileType = sourcecode.c.h; name = vessel.h; path = iHSP30/obaq/physics/vessel.h; sourceTree = SOURCE_ROOT; };
		694141A1AA0F2B1BB94A1668 /* gpcam.cpp */ = {isa = PBXFileReference; lastKnownFileType = sourcecode.cpp.cpp; name = gpcam.cpp; path = iHSP30/hsp3/iosgp/gpcam.cpp; sourceTree = SOURCE_ROOT; };
		6A844F6CA488DDB251198EBC /* hsp3gr_dish.cpp */ = {isa = PBXFileReference; lastKnownFileType = sourcecode.cpp.cpp; name = hsp3gr_dish.cpp; path = iHSP30/hsp3/hsp3gr_dish.cpp; sourceTree = SOURCE_ROOT; };
		704B47B6873DCE2D32B1B72A /* sysreq.h */ = {isa = PBXFileReference; lastKnownFileType = sourcecode.c.h; name = sysreq.h; path = iHSP30/hsp3/sysreq.h; sourceTree = SOURCE_ROOT; };
		71664EA196D4B9B4ADF6B080 /* hsp3gr.h */ = {isa = PBXFileReference; lastKnownFileType = sourcecode.c.h; name = hsp3gr.h; path = iHSP30/hsp3/hsp3gr.h; sourceTree = SOURCE_ROOT; };
		755440C79CA05CB91127CDB2 /* hspvar_util.cpp */ = {isa = PBXFileReference; lastKnownFileType = sourcecode.cpp.cpp; name = hspvar_util.cpp; path = iHSP30/hsp3embed/hspvar_util.cpp; sourceTree = SOURCE_ROOT; };
		763D4647992B50E2AC0FC8D0 /* hspvar_label.cpp */ = {isa = PBXFileReference; lastKnownFileType = sourcecode.cpp.cpp; name = hspvar_label.cpp; path = iHSP30/hsp3/hspvar_label.cpp; sourceTree = SOURCE_ROOT; };
		77AE4087A6F0456F5B9A592D /* ptttypes.h */ = {isa = PBXFileReference; lastKnownFileType = sourcecode.c.h; name = ptttypes.h; path = iHSP30/obaq/physics/ptttypes.h; sourceTree = SOURCE_ROOT; };
		8121411E8CDFBC2A97CB1ED2 /* hsp3ext_ios.cpp */ = {isa = PBXFileReference; lastKnownFileType = sourcecode.cpp.cpp; name = hsp3ext_ios.cpp; path = iHSP30/hsp3/ios/hsp3ext_ios.cpp; sourceTree = SOURCE_ROOT; };
		87A04EB4BC5349E11958C016 /* geometry.h */ = {isa = PBXFileReference; lastKnownFileType = sourcecode.c.h; name = geometry.h; path = iHSP30/hsp3/geometry.h; sourceTree = SOURCE_ROOT; };
		89FF48EBA69B7A46D6366647 /* hgio.h */ = {isa = PBXFileReference; lastKnownFileType = sourcecode.c.h; name = hgio.h; path = iHSP30/hsp3/hgio.h; sourceTree = SOURCE_ROOT; };
		8E9E40D39EE7D3BCD234049A /* random.cpp */ = {isa = PBXFileReference; lastKnownFileType = sourcecode.cpp.cpp; name = random.cpp; path = iHSP30/hsp3/random.cpp; sourceTree = SOURCE_ROOT; };
		8FA941D1B811DE9EB45F1FDC /* sysreq.cpp */ = {isa = PBXFileReference; lastKnownFileType = sourcecode.cpp.cpp; name = sysreq.cpp; path = iHSP30/hsp3/sysreq.cpp; sourceTree = SOURCE_ROOT; };
		93E745BCAD61E483F1DCDFB2 /* misc.mm */ = {isa = PBXFileReference; lastKnownFileType = sourcecode.cpp.objcpp; name = misc.mm; path = iHSP30/hsp3embed/misc.mm; sourceTree = SOURCE_ROOT; };
		979C4D37B21EE5FF52D91795 /* hsp3code.cpp */ = {isa = PBXFileReference; lastKnownFileType = sourcecode.cpp.cpp; name = hsp3code.cpp; path = iHSP30/hsp3embed/hsp3code.cpp; sourceTree = SOURCE_ROOT; };
		9A704EE881DC606D75AD88D3 /* webtask.h */ = {isa = PBXFileReference; lastKnownFileType = sourcecode.c.h; name = webtask.h; path = iHSP30/hsp3/webtask.h; sourceTree = SOURCE_ROOT; };
		9CCA478E901349A7562D948E /* Canvas.h */ = {isa = PBXFileReference; lastKnownFileType = sourcecode.c.h; name = Canvas.h; path = iHSP30/Classes/Canvas.h; sourceTree = SOURCE_ROOT; };
		9FC54798A85B61B14E049230 /* essprite.h */ = {isa = PBXFileReference; lastKnownFileType = sourcecode.c.h; name = essprite.h; path = iHSP30/hsp3/essprite.h; sourceTree = SOURCE_ROOT; };
		A235442DBB7F84DE076E69F2 /* game.h */ = {isa = PBXFileReference; lastKnownFileType = sourcecode.c.h; name = game.h; path = iHSP30/hsp3/obaq/game.h; sourceTree = SOURCE_ROOT; };
		A37345FEB0F39462E7E08C1F /* webtask_ios.cpp */ = {isa = PBXFileReference; lastKnownFileType = sourcecode.cpp.cpp; name = webtask_ios.cpp; path = iHSP30/hsp3/iosgp/webtask_ios.cpp; sourceTree = SOURCE_ROOT; };
		A56045E2A9B3BACF53E1B574 /* mmman.h */ = {isa = PBXFileReference; lastKnownFileType = sourcecode.c.h; name = mmman.h; path = iHSP30/hsp3/ios/mmman.h; sourceTree = SOURCE_ROOT; };
		A70B4B61BB0820D2D7158AB4 /* OBAQlicense.txt */ = {isa = PBXFileReference; lastKnownFileType = text; name = OBAQlicense.txt; path = iHSP30/obaq/physics/OBAQlicense.txt; sourceTree = SOURCE_ROOT; };
		A7DC45BDAB58F36D4A1F7660 /* Image.mm */ = {isa = PBXFileReference; lastKnownFileType = sourcecode.cpp.objcpp; name = Image.mm; path = iHSP30/Classes/Image.mm; sourceTree = SOURCE_ROOT; };
		A90B4B9487A697D39DB03A08 /* gpmat.h */ = {isa = PBXFileReference; lastKnownFileType = sourcecode.c.h; name = gpmat.h; path = iHSP30/hsp3/iosgp/gpmat.h; sourceTree = SOURCE_ROOT; };
		AA584D92A7BE72BD3DBA7484 /* vessel.cpp */ = {isa = PBXFileReference; lastKnownFileType = sourcecode.cpp.cpp; name = vessel.cpp; path = iHSP30/obaq/physics/vessel.cpp; sourceTree = SOURCE_ROOT; };
		B166480B9EFC7C3A130E2905 /* hspvar_str.cpp */ = {isa = PBXFileReference; lastKnownFileType = sourcecode.cpp.cpp; name = hspvar_str.cpp; path = iHSP30/hsp3/hspvar_str.cpp; sourceTree = SOURCE_ROOT; };
		B3A34BC6A4F3814BEA0389DF /* HspViewController.h */ = {isa = PBXFileReference; lastKnownFileType = sourcecode.c.h; name = HspViewController.h; path = iHSP30/Classes/HspViewController.h; sourceTree = SOURCE_ROOT; };
		B5F84E058056072B280FBAEA /* iOSgpBridge.mm */ = {isa = PBXFileReference; lastKnownFileType = sourcecode.cpp.objcpp; name = iOSgpBridge.mm; path = iHSP30/Classes/iOSgpBridge.mm; sourceTree = SOURCE_ROOT; };
		B7454735A5D2578D00825D3F /* hsp3int.cpp */ = {isa = PBXFileReference; lastKnownFileType = sourcecode.cpp.cpp; name = hsp3int.cpp; path = iHSP30/hsp3/hsp3int.cpp; sourceTree = SOURCE_ROOT; };
		B8B9472A88A6A7AB72B01C2C /* supio_ios.h */ = {isa = PBXFileReference; lastKnownFileType = sourcecode.c.h; name = supio_ios.h; path = iHSP30/hsp3/ios/supio_ios.h; sourceTree = SOURCE_ROOT; };
		B98448F9B122A9C584A67A2F /* gpmat.cpp */ = {isa = PBXFileReference; lastKnownFileType = sourcecode.cpp.cpp; name = gpmat.cpp; path = iHSP30/hsp3/iosgp/gpmat.cpp; sourceTree = SOURCE_ROOT; };
		C2BB4E16994BD215B22452BB /* hsp3code.h */ = {isa = PBXFileReference; lastKnownFileType = sourcecode.c.h; name = hsp3code.h; path = iHSP30/hsp3/hsp3code.h; sourceTree = SOURCE_ROOT; };
		C6D74B108F1B93A5A2A40CEF /* hsp3embed.h */ = {isa = PBXFileReference; lastKnownFileType = sourcecode.c.h; name = hsp3embed.h; path = iHSP30/hsp3embed/hsp3embed.h; sourceTree = SOURCE_ROOT; };
		C9B44E61B1728EACACB1C5E7 /* rock.h */ = {isa = PBXFileReference; lastKnownFileType = sourcecode.c.h; name = rock.h; path = iHSP30/obaq/physics/rock.h; sourceTree = SOURCE_ROOT; };
		CB614A268265F1869A0C70E3 /* hspwnd.h */ = {isa = PBXFileReference; lastKnownFileType = sourcecode.c.h; name = hspwnd.h; path = iHSP30/hsp3/hspwnd.h; sourceTree = SOURCE_ROOT; };
		CBCF4596A3B02561017545A9 /* hsp3ext_ios.h */ = {isa = PBXFileReference; lastKnownFileType = sourcecode.c.h; name = hsp3ext_ios.h; path = iHSP30/hsp3/ios/hsp3ext_ios.h; sourceTree = SOURCE_ROOT; };
		D090498EB5C4F83C1C2E16BB /* HspView.h */ = {isa = PBXFileReference; lastKnownFileType = sourcecode.c.h; name = HspView.h; path = iHSP30/Classes/HspView.h; sourceTree = SOURCE_ROOT; };
		D20B453480BDC184265A6F23 /* mmman.mm */ = {isa = PBXFileReference; lastKnownFileType = sourcecode.cpp.objcpp; name = mmman.mm; path = iHSP30/hsp3/ios/mmman.mm; sourceTree = SOURCE_ROOT; };
		D610483A9E751D854B0AD86F /* random.h */ = {isa = PBXFileReference; lastKnownFileType = sourcecode.c.h; name = random.h; path = iHSP30/hsp3/random.h; sourceTree = SOURCE_ROOT; };
		DADB4EE08C6ECB38C1AEF58F /* omkedraw.h */ = {isa = PBXFileReference; lastKnownFileType = sourcecode.c.h; name = omkedraw.h; path = iHSP30/hsp3/obaq/omkedraw.h; sourceTree = SOURCE_ROOT; };
		DB744A45A4C2CDCDF6C73EDD /* gplgt.h */ = {isa = PBXFileReference; lastKnownFileType = sourcecode.c.h; name = gplgt.h; path = iHSP30/hsp3/iosgp/gplgt.h; sourceTree = SOURCE_ROOT; };
		E4654CF1909C24C50B1F1D52 /* gamehsp.cpp */ = {isa = PBXFileReference; lastKnownFileType = sourcecode.cpp.cpp; name = gamehsp.cpp; path = iHSP30/hsp3/iosgp/gamehsp.cpp; sourceTree = SOURCE_ROOT; };
		E56A4F79A3A730EFA2D7812B /* hspwnd_edit.cpp */ = {isa = PBXFileReference; lastKnownFileType = sourcecode.cpp.cpp; name = hspwnd_edit.cpp; path = iHSP30/hsp3/hspwnd_edit.cpp; sourceTree = SOURCE_ROOT; };
		E9484F4DAC59D90C1840C7DB /* omkedraw.cpp */ = {isa = PBXFileReference; lastKnownFileType = sourcecode.cpp.cpp; name = omkedraw.cpp; path = iHSP30/hsp3/obaq/omkedraw.cpp; sourceTree = SOURCE_ROOT; };
		E9974FE286C42CBB7511C2A3 /* HspView.mm */ = {isa = PBXFileReference; lastKnownFileType = sourcecode.cpp.objcpp; name = HspView.mm; path = iHSP30/Classes/HspView.mm; sourceTree = SOURCE_ROOT; };
		F04A4A65A35501432B24FEF2 /* hsp3ext.h */ = {isa = PBXFileReference; lastKnownFileType = sourcecode.c.h; name = hsp3ext.h; path = iHSP30/hsp3/hsp3ext.h; sourceTree = SOURCE_ROOT; };
		F1E44D86B355A4822AB97AC2 /* hspvar_core.h */ = {isa = PBXFileReference; lastKnownFileType = sourcecode.c.h; name = hspvar_core.h; path = iHSP30/hsp3/hspvar_core.h; sourceTree = SOURCE_ROOT; };
		F2D24233B36AE2A2188B1207 /* hsp3config.h */ = {isa = PBXFileReference; lastKnownFileType = sourcecode.c.h; name = hsp3config.h; path = iHSP30/hsp3/hsp3config.h; sourceTree = SOURCE_ROOT; };
		F5F046C8A41369E9CC7C2DFF /* appengine.h */ = {isa = PBXFileReference; lastKnownFileType = sourcecode.c.h; name = appengine.h; path = iHSP30/hsp3/ios/appengine.h; sourceTree = SOURCE_ROOT; };
		F77146F4BCF71C95BBDEF296 /* gpevent.cpp */ = {isa = PBXFileReference; lastKnownFileType = sourcecode.cpp.cpp; name = gpevent.cpp; path = iHSP30/hsp3/iosgp/gpevent.cpp; sourceTree = SOURCE_ROOT; };
		FBA040AF9C60549F6A4968A4 /* hspvar_struct.cpp */ = {isa = PBXFileReference; lastKnownFileType = sourcecode.cpp.cpp; name = hspvar_struct.cpp; path = iHSP30/hsp3/hspvar_struct.cpp; sourceTree = SOURCE_ROOT; };
/* End PBXFileReference section */

/* Begin PBXFrameworksBuildPhase section */
		1E480DA81859C4540052A2F2 /* Frameworks */ = {
			isa = PBXFrameworksBuildPhase;
			buildActionMask = 2147483647;
			files = (
				1E480DE21859C4A60052A2F2 /* AudioToolbox.framework in Frameworks */,
				1E480DE31859C4A60052A2F2 /* iAd.framework in Frameworks */,
				1E480DE41859C4A60052A2F2 /* OpenAL.framework in Frameworks */,
				1E480DE51859C4A60052A2F2 /* OpenGLES.framework in Frameworks */,
				1E480DE61859C4A60052A2F2 /* QuartzCore.framework in Frameworks */,
				1E480DB11859C4540052A2F2 /* CoreGraphics.framework in Frameworks */,
				1E480DB31859C4540052A2F2 /* UIKit.framework in Frameworks */,
				1E480DAF1859C4540052A2F2 /* Foundation.framework in Frameworks */,
			);
			runOnlyForDeploymentPostprocessing = 0;
		};
/* End PBXFrameworksBuildPhase section */

/* Begin PBXGroup section */
		1E480DA21859C4540052A2F2 = {
			isa = PBXGroup;
			children = (
				1E4AFEA625E00F4700213810 /* iHSP30 */,
				1E480DB41859C4540052A2F2 /* hspproj */,
				1E480DAD1859C4540052A2F2 /* Frameworks */,
				1E480DAC1859C4540052A2F2 /* Products */,
				9CCA478E901349A7562D948E /* Canvas.h */,
				192F45EC95E23352A697A4DD /* Canvas.mm */,
				1B474D74BD910271EF5B1FFD /* Graphics.h */,
				507E4B0785A63192C64CBA3A /* Graphics.mm */,
				D090498EB5C4F83C1C2E16BB /* HspView.h */,
				E9974FE286C42CBB7511C2A3 /* HspView.mm */,
				B3A34BC6A4F3814BEA0389DF /* HspViewController.h */,
				0FF1412EBCA70A50FC6C9FE9 /* HspViewController.mm */,
				A7DC45BDAB58F36D4A1F7660 /* Image.mm */,
				4EAC49A1A947F05F00497568 /* iOSBridge.h */,
				1BD046E2BDB8394282D015CC /* iOSBridge.mm */,
				480E43939CCA2E47BC1D177A /* iOSgpBridge.h */,
				B5F84E058056072B280FBAEA /* iOSgpBridge.mm */,
				4BA348569882A88D85E3C291 /* dpmread.cpp */,
				441444139323C8F82F772E09 /* dpmread.h */,
				084A46B3A99C7C7A8642001D /* essprite.cpp */,
				9FC54798A85B61B14E049230 /* essprite.h */,
				38154F40B489835609D083B8 /* geometry.cpp */,
				87A04EB4BC5349E11958C016 /* geometry.h */,
				89FF48EBA69B7A46D6366647 /* hgio.h */,
				C2BB4E16994BD215B22452BB /* hsp3code.h */,
				F2D24233B36AE2A2188B1207 /* hsp3config.h */,
				5C2445FE871A05928541DAAB /* hsp3debug.cpp */,
				19144A01888FDB2D6996BB89 /* hsp3debug.h */,
				F04A4A65A35501432B24FEF2 /* hsp3ext.h */,
				71664EA196D4B9B4ADF6B080 /* hsp3gr.h */,
				6A844F6CA488DDB251198EBC /* hsp3gr_dish.cpp */,
				2AFF4557973FE3857D05866F /* hsp3gr_dish.h */,
				B7454735A5D2578D00825D3F /* hsp3int.cpp */,
				4F8847F58B87FDA995CA2DC8 /* hsp3int.h */,
				104A4B298E47E86EF3815F15 /* hsp3struct.h */,
				06ED4362A17AA72163174B61 /* hspvar_core.cpp */,
				F1E44D86B355A4822AB97AC2 /* hspvar_core.h */,
				133A441BA0CC1A8F4421A6A2 /* hspvar_double.cpp */,
				29EB4D6E8D0A43876DC89599 /* hspvar_int.cpp */,
				763D4647992B50E2AC0FC8D0 /* hspvar_label.cpp */,
				09624AC399D683E16EBC424A /* hspvar_label.h */,
				B166480B9EFC7C3A130E2905 /* hspvar_str.cpp */,
				FBA040AF9C60549F6A4968A4 /* hspvar_struct.cpp */,
				CB614A268265F1869A0C70E3 /* hspwnd.h */,
				01A84837AFBBE6B8B28AF124 /* hspwnd_dish.cpp */,
				45DA4E2EB531D534ACDF7890 /* hspwnd_dish.h */,
				E56A4F79A3A730EFA2D7812B /* hspwnd_edit.cpp */,
				264D4283ADEBE5CF0D041C32 /* hspwnd_obj.cpp */,
				8E9E40D39EE7D3BCD234049A /* random.cpp */,
				D610483A9E751D854B0AD86F /* random.h */,
				1B354A6B9A4C85FAEF39497D /* stack.cpp */,
				419A4EAB8C307B02ADA8EC18 /* stack.h */,
				4B77432DACED0CE30521F170 /* strbuf.cpp */,
				523442BA8ED45A8F0DB8F85D /* strbuf.h */,
				2D604537AA2B5A75E587C0AF /* strnote.cpp */,
				5980400BAC743C2C3FCD34AF /* strnote.h */,
				37C544A28F5E724FA7AC2E89 /* supio.h */,
				8FA941D1B811DE9EB45F1FDC /* sysreq.cpp */,
				704B47B6873DCE2D32B1B72A /* sysreq.h */,
				176A4CABA2290A41D5290D49 /* texmes.cpp */,
				04F9470FA1DCFC478F29AADE /* texmes.h */,
				9A704EE881DC606D75AD88D3 /* webtask.h */,
				F5F046C8A41369E9CC7C2DFF /* appengine.h */,
				3C0442A886B417AF112A2E01 /* fontsystem.cpp */,
				0C4F4C4D98F34C9B022889C7 /* fontsystem.h */,
				0F4146B2B4240563B117FAD4 /* font_data.h */,
				66274825A246486FFAC4EA3B /* hgtex.cpp */,
				09414166A8095DDE09E65F8C /* hgtex.h */,
				8121411E8CDFBC2A97CB1ED2 /* hsp3ext_ios.cpp */,
				CBCF4596A3B02561017545A9 /* hsp3ext_ios.h */,
				A56045E2A9B3BACF53E1B574 /* mmman.h */,
				D20B453480BDC184265A6F23 /* mmman.mm */,
				10CD44A6B80E36536B1EFEAE /* stb_image.c */,
				3D5C42A59768AE2FF67A2F47 /* supio_ios.cpp */,
				B8B9472A88A6A7AB72B01C2C /* supio_ios.h */,
				E4654CF1909C24C50B1F1D52 /* gamehsp.cpp */,
				60DB47F5A637CE839C1439BA /* gamehsp.h */,
				694141A1AA0F2B1BB94A1668 /* gpcam.cpp */,
				0CAC4B9CBC82DE51ED5B90A1 /* gpcam.h */,
				F77146F4BCF71C95BBDEF296 /* gpevent.cpp */,
				4A5F41818ADAE0508DE621E1 /* gpevent.h */,
				2D7A46628FF45BDAD44E08F0 /* gplgt.cpp */,
				DB744A45A4C2CDCDF6C73EDD /* gplgt.h */,
				B98448F9B122A9C584A67A2F /* gpmat.cpp */,
				A90B4B9487A697D39DB03A08 /* gpmat.h */,
				1E6F44D79CD7EB382EE30335 /* gpphy.cpp */,
				66AF4416B0BA7A3BCCD53C79 /* gpphy.h */,
				5767444BB640355A10DCE34F /* hgiox.cpp */,
				3F1745078213045604F77E04 /* hgiox.h */,
				4772410D8A79EB07E8841708 /* shader_sprite.h */,
				A37345FEB0F39462E7E08C1F /* webtask_ios.cpp */,
				5EA9494295A578517390AE86 /* webtask_ios.h */,
				5C4F4822979CEB14475B2692 /* game.cpp */,
				A235442DBB7F84DE076E69F2 /* game.h */,
				20A84EC28B881E8D89B8140B /* hsp3dw.cpp */,
				0F8C4DF69042F56EE1592BF2 /* hsp3dw.h */,
				E9484F4DAC59D90C1840C7DB /* omkedraw.cpp */,
				DADB4EE08C6ECB38C1AEF58F /* omkedraw.h */,
				979C4D37B21EE5FF52D91795 /* hsp3code.cpp */,
				2ACD4862815333A0676211BB /* hsp3embed.cpp */,
				C6D74B108F1B93A5A2A40CEF /* hsp3embed.h */,
				3CAD4BB9934804AEF6557421 /* hsp3r.cpp */,
				527A4DB9B7BAF06B7DD5A255 /* hsp3r.h */,
				755440C79CA05CB91127CDB2 /* hspvar_util.cpp */,
				56DA4879B0A3C014E6B7C5CE /* hspvar_util.h */,
				3E4B4B64A541D53E5E745585 /* misc.h */,
				93E745BCAD61E483F1DCDFB2 /* misc.mm */,
				227249C1AC61CFA82C5551C0 /* gamePhysics.h */,
				A70B4B61BB0820D2D7158AB4 /* OBAQlicense.txt */,
				77AE4087A6F0456F5B9A592D /* ptttypes.h */,
				5D2F4CE88DAEA77D8E3B33D9 /* rock.cpp */,
				C9B44E61B1728EACACB1C5E7 /* rock.h */,
				AA584D92A7BE72BD3DBA7484 /* vessel.cpp */,
				68224933B495EAA60DF4CBE8 /* vessel.h */,
			);
			sourceTree = "<group>";
		};
		1E480DAC1859C4540052A2F2 /* Products */ = {
			isa = PBXGroup;
			children = (
				1E480DAB1859C4540052A2F2 /* hspproj.app */,
			);
			name = Products;
			sourceTree = "<group>";
		};
		1E480DAD1859C4540052A2F2 /* Frameworks */ = {
			isa = PBXGroup;
			children = (
				1E480DDD1859C4A60052A2F2 /* AudioToolbox.framework */,
				1E480DDE1859C4A60052A2F2 /* iAd.framework */,
				1E480DDF1859C4A60052A2F2 /* OpenAL.framework */,
				1E480DE01859C4A60052A2F2 /* OpenGLES.framework */,
				1E480DE11859C4A60052A2F2 /* QuartzCore.framework */,
				1E480DAE1859C4540052A2F2 /* Foundation.framework */,
				1E480DB01859C4540052A2F2 /* CoreGraphics.framework */,
				1E480DB21859C4540052A2F2 /* UIKit.framework */,
			);
			name = Frameworks;
			sourceTree = "<group>";
		};
		1E480DB41859C4540052A2F2 /* hspproj */ = {
			isa = PBXGroup;
			children = (
				1E0417D0189A70E5003F87D6 /* Default-568h@2x.png */,
				1E0417D1189A70E5003F87D6 /* Default.png */,
				1E0417D2189A70E5003F87D6 /* Default@2x.png */,
				1EA5558C189A462D00344013 /* icon57.png */,
				1EA5558D189A462D00344013 /* icon58.png */,
				1EA5558E189A462D00344013 /* icon120.png */,
				1E63B6F3185B189D00E311DC /* Resources */,
				1E6849621859C5D200603D88 /* hspsource.cpp */,
				1E480DBD1859C4540052A2F2 /* AppDelegate.h */,
				1E480DBE1859C4540052A2F2 /* AppDelegate.m */,
				1E480DB51859C4540052A2F2 /* Supporting Files */,
			);
			path = hspproj;
			sourceTree = "<group>";
		};
		1E480DB51859C4540052A2F2 /* Supporting Files */ = {
			isa = PBXGroup;
			children = (
				1E480DB61859C4540052A2F2 /* hspproj-Info.plist */,
				1E480DB71859C4540052A2F2 /* InfoPlist.strings */,
				1E480DBA1859C4540052A2F2 /* main.m */,
				1E480DBC1859C4540052A2F2 /* hspproj-Prefix.pch */,
			);
			name = "Supporting Files";
			sourceTree = "<group>";
		};
		1E4AFEA625E00F4700213810 /* iHSP30 */ = {
			isa = PBXGroup;
			children = (
				1E4AFEA725E00F4700213810 /* obaq */,
				1E4AFEB025E00F4700213810 /* Classes */,
				1E4AFEC025E00F4700213810 /* hsp3embed */,
				1E4AFECA25E00F4700213810 /* hsp3 */,
			);
			name = iHSP30;
			path = ../iHSP30;
			sourceTree = "<group>";
		};
		1E4AFEA725E00F4700213810 /* obaq */ = {
			isa = PBXGroup;
			children = (
				1E4AFEA825E00F4700213810 /* physics */,
			);
			path = obaq;
			sourceTree = "<group>";
		};
		1E4AFEA825E00F4700213810 /* physics */ = {
			isa = PBXGroup;
			children = (
			);
			path = physics;
			sourceTree = "<group>";
		};
		1E4AFEB025E00F4700213810 /* Classes */ = {
			isa = PBXGroup;
			children = (
			);
			path = Classes;
			sourceTree = "<group>";
		};
		1E4AFEC025E00F4700213810 /* hsp3embed */ = {
			isa = PBXGroup;
			children = (
			);
			path = hsp3embed;
			sourceTree = "<group>";
		};
		1E4AFECA25E00F4700213810 /* hsp3 */ = {
			isa = PBXGroup;
			children = (
				1E4AFED225E00F4700213810 /* obaq */,
				1E4AFEE725E00F4700213810 /* ios */,
			);
			path = hsp3;
			sourceTree = "<group>";
		};
		1E4AFED225E00F4700213810 /* obaq */ = {
			isa = PBXGroup;
			children = (
			);
			path = obaq;
			sourceTree = "<group>";
		};
		1E4AFEE725E00F4700213810 /* ios */ = {
			isa = PBXGroup;
			children = (
			);
			path = ios;
			sourceTree = "<group>";
		};
		1E63B6F3185B189D00E311DC /* Resources */ = {
			isa = PBXGroup;
			children = (
			);
			path = Resources;
			sourceTree = "<group>";
		};
/* End PBXGroup section */

/* Begin PBXHeadersBuildPhase section */
		72D64B1CA86D4F057D051B4B /* Headers */ = {
			isa = PBXHeadersBuildPhase;
			buildActionMask = 2147483647;
			files = (
				C6B74E6BAD5F1514E0DE8110 /* Canvas.h in Headers */,
				52124768AA0732826008D81C /* Graphics.h in Headers */,
				B5004B30A9B425ED2DC73CA4 /* HspView.h in Headers */,
				BCF3476B872AE61892BF1AAC /* HspViewController.h in Headers */,
				88EE4F21A3B8F0EF31D49193 /* iOSBridge.h in Headers */,
				BB494AE9AB1A8F6633985AEE /* iOSgpBridge.h in Headers */,
				BD0249EDA0FCEF7629A201A8 /* dpmread.h in Headers */,
				9FD24EB79F4C9601B3EF3610 /* essprite.h in Headers */,
				B1B641E39C30024956EC8097 /* geometry.h in Headers */,
				5CDD4824A26C79DC3AE1B47A /* hgio.h in Headers */,
				F0F14E54B7F8B4B4F75409BE /* hsp3code.h in Headers */,
				522B46829BD968BEBE877BBB /* hsp3config.h in Headers */,
				F6FA41389A0C8B3B3C79C038 /* hsp3debug.h in Headers */,
				0FB14002AC1890E86F59D9F9 /* hsp3ext.h in Headers */,
				FCE140A1B81A32CDEDA15B1C /* hsp3gr.h in Headers */,
				29EE4477BE218168F4FA2CFC /* hsp3gr_dish.h in Headers */,
				11AC49EDB578192AE9190449 /* hsp3int.h in Headers */,
				0AE74EC890091ACAF098BCBF /* hsp3struct.h in Headers */,
				D5384F7785FE57CB80FB356F /* hspvar_core.h in Headers */,
				350A495295DE08D77FC399DC /* hspvar_label.h in Headers */,
				37B84B76917717F607010C5B /* hspwnd.h in Headers */,
				C16646838DBABD33F9B63B38 /* hspwnd_dish.h in Headers */,
				3884436C8C61CD2D5B0D0196 /* random.h in Headers */,
				D1CA41A88B2A4D061E495508 /* stack.h in Headers */,
				60014A2CBB7C29A0A66B4058 /* strbuf.h in Headers */,
				944B464F9015CC935329E9E0 /* strnote.h in Headers */,
				AEE548C6BE1B6D4BECF6969F /* supio.h in Headers */,
				E8354C6EABF28177F1ED9A29 /* sysreq.h in Headers */,
				55B442489FEE97F5D6EF2CEE /* texmes.h in Headers */,
				7BB14A9A9BF0D226D82AC6A3 /* webtask.h in Headers */,
				CDD0447BB1C913226A2C16DE /* appengine.h in Headers */,
				7D5A48D885999276EB1458F2 /* fontsystem.h in Headers */,
				62A54F37A5B4B5DF3538E9A2 /* font_data.h in Headers */,
				47D14D56AA3AB8CB4136520A /* hgtex.h in Headers */,
				2E44457F87D8AA872C06556A /* hsp3ext_ios.h in Headers */,
				0CD446F5B3C50C8FF3DF5F33 /* mmman.h in Headers */,
				EBEE4D648411CD962F4F0183 /* supio_ios.h in Headers */,
				081A47B9B00F439BBE5B8737 /* gamehsp.h in Headers */,
				8E2C4B788D34323591A9E245 /* gpcam.h in Headers */,
				25634A24A7F597A815D8161F /* gpevent.h in Headers */,
				FC3B427FB731FB0938D1F943 /* gplgt.h in Headers */,
				4A5946B29D39C5709B20166D /* gpmat.h in Headers */,
				10F943498CDB1B0DC53D4521 /* gpphy.h in Headers */,
				315F48D48805ED97B588CC6B /* hgiox.h in Headers */,
				E7B54809A1478BA082F4D3F3 /* shader_sprite.h in Headers */,
				539B4358A9A32E59FC0F3ECB /* webtask_ios.h in Headers */,
				EDE34F1CA08BE39FCF7F03E6 /* game.h in Headers */,
				7E934FCA8B272D4592E0DA52 /* hsp3dw.h in Headers */,
				E74E431F8F0AC863986D010E /* omkedraw.h in Headers */,
				EFD646D6BFC822E4A4A2F97C /* hsp3embed.h in Headers */,
				96674B6180F75122B28A1B1E /* hsp3r.h in Headers */,
				72CD4B8F81D904EA9855A6F1 /* hspvar_util.h in Headers */,
				F8BC4760971E0AEE02EB6572 /* misc.h in Headers */,
				934946B6AA0679D553ACD8F7 /* gamePhysics.h in Headers */,
				4A294DCC93682BC78F8A01B7 /* ptttypes.h in Headers */,
				044F4253BC80DAFBF96AB091 /* rock.h in Headers */,
				B0AB4011A3944EA3FB4649BE /* vessel.h in Headers */,
			);
			runOnlyForDeploymentPostprocessing = 0;
		};
/* End PBXHeadersBuildPhase section */

/* Begin PBXNativeTarget section */
		1E480DAA1859C4540052A2F2 /* iosBuildTest */ = {
			isa = PBXNativeTarget;
			buildConfigurationList = 1E480DD71859C4540052A2F2 /* Build configuration list for PBXNativeTarget "iosBuildTest" */;
			buildPhases = (
				1E480DA71859C4540052A2F2 /* Sources */,
				1E480DA81859C4540052A2F2 /* Frameworks */,
				1E480DA91859C4540052A2F2 /* Resources */,
				72D64B1CA86D4F057D051B4B /* Headers */,
			);
			buildRules = (
			);
			dependencies = (
			);
			name = iosBuildTest;
			productName = iosBuildTest;
			productReference = 1E480DAB1859C4540052A2F2 /* hspproj.app */;
			productType = "com.apple.product-type.application";
		};
/* End PBXNativeTarget section */

/* Begin PBXProject section */
		1E480DA31859C4540052A2F2 /* Project object */ = {
			isa = PBXProject;
			attributes = {
				LastUpgradeCheck = 0500;
				ORGANIZATIONNAME = nennneko5787;
				TargetAttributes = {
					1E480DAA1859C4540052A2F2 = {
						DevelopmentTeam = 5FH2J53M7P;
						ProvisioningStyle = Automatic;
					};
				};
			};
			buildConfigurationList = 1E480DA61859C4540052A2F2 /* Build configuration list for PBXProject "iosBuildTest" */;
			compatibilityVersion = "Xcode 3.2";
			developmentRegion = English;
			hasScannedForEncodings = 0;
			knownRegions = (
				English,
				en,
				ja,
			);
			mainGroup = 1E480DA21859C4540052A2F2;
			productRefGroup = 1E480DAC1859C4540052A2F2 /* Products */;
			projectDirPath = "";
			projectRoot = "";
			targets = (
				1E480DAA1859C4540052A2F2 /* iosBuildTest */,
			);
		};
/* End PBXProject section */

/* Begin PBXResourcesBuildPhase section */
		1E480DA91859C4540052A2F2 /* Resources */ = {
			isa = PBXResourcesBuildPhase;
			buildActionMask = 2147483647;
			files = (
				1EA55590189A462D00344013 /* icon58.png in Resources */,
				1E0417D4189A70E5003F87D6 /* Default.png in Resources */,
				1EA5558F189A462D00344013 /* icon57.png in Resources */,
				1EA55591189A462D00344013 /* icon120.png in Resources */,
				1E0417D3189A70E5003F87D6 /* Default-568h@2x.png in Resources */,
				1E0417D5189A70E5003F87D6 /* Default@2x.png in Resources */,
				1E480DB91859C4540052A2F2 /* InfoPlist.strings in Resources */,
				49134458824A42E6F3DEB42F /* OBAQlicense.txt in Resources */,
			);
			runOnlyForDeploymentPostprocessing = 0;
		};
/* End PBXResourcesBuildPhase section */

/* Begin PBXSourcesBuildPhase section */
		1E480DA71859C4540052A2F2 /* Sources */ = {
			isa = PBXSourcesBuildPhase;
			buildActionMask = 2147483647;
			files = (
				1E480DBF1859C4540052A2F2 /* AppDelegate.m in Sources */,
				1E6849631859C5D200603D88 /* hspsource.cpp in Sources */,
				1E480DBB1859C4540052A2F2 /* main.m in Sources */,
				AB1E4CAA8E60B5CEA16DAA92 /* Canvas.mm in Sources */,
				88F1464883CE0D2F92B46F96 /* Graphics.mm in Sources */,
				810B433B84ABA546F20AB8E9 /* HspView.mm in Sources */,
				209B45A1BE666CEF689A145D /* HspViewController.mm in Sources */,
				C0CC4D29A56B6630434D801E /* Image.mm in Sources */,
				B28047119A6E5B0FBE1D467A /* iOSBridge.mm in Sources */,
				606D45C6A24F4C78C89DAFB8 /* iOSgpBridge.mm in Sources */,
				40B143EB8DF7BFF8DEA798C7 /* dpmread.cpp in Sources */,
				1BFF4A2BBC473E2C401921E6 /* essprite.cpp in Sources */,
				90F840FF8370CF3931690793 /* geometry.cpp in Sources */,
				54F64554BAD802241AC47C4B /* hsp3debug.cpp in Sources */,
				6FD2437A912AC881A1FBD9FC /* hsp3gr_dish.cpp in Sources */,
				95FB4414BE0859654A757B27 /* hsp3int.cpp in Sources */,
				3B354085844D26D48AF19899 /* hspvar_core.cpp in Sources */,
				BBD44BCB964BF6658838DC49 /* hspvar_double.cpp in Sources */,
				ACA448F8A6CC939152B540A8 /* hspvar_int.cpp in Sources */,
				E7DC41BDAD41403386121003 /* hspvar_label.cpp in Sources */,
				80F846029812AA894A8B4132 /* hspvar_str.cpp in Sources */,
				BFC14FEFB944D72D8CDF165F /* hspvar_struct.cpp in Sources */,
				37F34B0BAABEA095B4CE0280 /* hspwnd_dish.cpp in Sources */,
				BD714FA98F993E081DBB265D /* hspwnd_edit.cpp in Sources */,
				49F24A59A8F450EF91439414 /* hspwnd_obj.cpp in Sources */,
				5ADF4FEEBC24C869B77A0EDC /* random.cpp in Sources */,
				E9B64883AE437DB8B72B9411 /* stack.cpp in Sources */,
				3A54497AB5110AA21F52B9D0 /* strbuf.cpp in Sources */,
				F7764CD7AFEFAE6903410F85 /* strnote.cpp in Sources */,
				17F947DBB826AE21F0EDD077 /* sysreq.cpp in Sources */,
				057F47029C94BF6DA110464E /* texmes.cpp in Sources */,
				742A4E96859351616EB72F6F /* fontsystem.cpp in Sources */,
				CBA2448FB3D88C3E0935BD00 /* hgtex.cpp in Sources */,
				2B8D44E197D1178C2A8ECFB8 /* hsp3ext_ios.cpp in Sources */,
				184645659A7CACE58A0BC5C1 /* mmman.mm in Sources */,
				46AE4F929FBA8D2C9F772799 /* stb_image.c in Sources */,
				0B5E4EBA8135644169890D33 /* supio_ios.cpp in Sources */,
				0CD84DBEB7BC3431F5D03B70 /* gamehsp.cpp in Sources */,
				6C7C415BB2FCE38FB9169F3E /* gpcam.cpp in Sources */,
				8EE745C78EA7CBA7D3AED01B /* gpevent.cpp in Sources */,
				FBE24D8199AB12A48B225A30 /* gplgt.cpp in Sources */,
				72A6478083A385DAF0C2E73C /* gpmat.cpp in Sources */,
				BF86489C8D044F5D5F1433C4 /* gpphy.cpp in Sources */,
				8B8C4E0EA8EC55CAF562857D /* hgiox.cpp in Sources */,
				78E64DCE86AD658579C4A012 /* webtask_ios.cpp in Sources */,
				5069451DB935B191DA416FEF /* game.cpp in Sources */,
				53D44D49844F2F118AE4EBFA /* hsp3dw.cpp in Sources */,
				FBB1426DBBE2A1BEF114D88A /* omkedraw.cpp in Sources */,
				399F4EA592C8E7B6B30CBC01 /* hsp3code.cpp in Sources */,
				B97A473D9610EF0A47E8AE0E /* hsp3embed.cpp in Sources */,
				8DF8404D8A01BF8CB0EC04DD /* hsp3r.cpp in Sources */,
				84A04EFD87195F780935C2C8 /* hspvar_util.cpp in Sources */,
				125A4042850BBC576F9FC1F2 /* misc.mm in Sources */,
				AF2646139FB75FBCF9ED5AB3 /* rock.cpp in Sources */,
				AA9A4D6CA5151B9ECC3EC2E6 /* vessel.cpp in Sources */,
			);
			runOnlyForDeploymentPostprocessing = 0;
		};
/* End PBXSourcesBuildPhase section */

/* Begin PBXVariantGroup section */
		1E480DB71859C4540052A2F2 /* InfoPlist.strings */ = {
			isa = PBXVariantGroup;
			children = (
				1E480DB81859C4540052A2F2 /* en */,
				1E63B6F2185B17B600E311DC /* ja */,
			);
			name = InfoPlist.strings;
			sourceTree = "<group>";
		};
/* End PBXVariantGroup section */

/* Begin XCBuildConfiguration section */
		1E480DD51859C4540052A2F2 /* Debug */ = {
			isa = XCBuildConfiguration;
			buildSettings = {
				ALWAYS_SEARCH_USER_PATHS = NO;
				ARCHS = "$(ARCHS_STANDARD)";
				CLANG_CXX_LANGUAGE_STANDARD = "gnu++0x";
				CLANG_CXX_LIBRARY = "libc++";
				CLANG_ENABLE_MODULES = YES;
				CLANG_ENABLE_OBJC_ARC = YES;
				CLANG_WARN_BOOL_CONVERSION = YES;
				CLANG_WARN_CONSTANT_CONVERSION = YES;
				CLANG_WARN_DIRECT_OBJC_ISA_USAGE = YES_ERROR;
				CLANG_WARN_EMPTY_BODY = YES;
				CLANG_WARN_ENUM_CONVERSION = YES;
				CLANG_WARN_INT_CONVERSION = YES;
				CLANG_WARN_OBJC_ROOT_CLASS = YES_ERROR;
				CLANG_WARN__DUPLICATE_METHOD_MATCH = YES;
				CODE_SIGN_IDENTITY = "iPhone Developer";
				"CODE_SIGN_IDENTITY[sdk=iphoneos*]" = "iPhone Developer: Yasushi Takeda (WZR8TP57UZ)";
				COPY_PHASE_STRIP = NO;
				GCC_C_LANGUAGE_STANDARD = gnu99;
				GCC_DYNAMIC_NO_PIC = NO;
				GCC_OPTIMIZATION_LEVEL = 0;
				GCC_PREPROCESSOR_DEFINITIONS = (
					"DEBUG=1",
					"$(inherited)",
				);
				GCC_SYMBOLS_PRIVATE_EXTERN = NO;
				GCC_WARN_64_TO_32_BIT_CONVERSION = YES;
				GCC_WARN_ABOUT_RETURN_TYPE = YES_ERROR;
				GCC_WARN_UNDECLARED_SELECTOR = YES;
				GCC_WARN_UNINITIALIZED_AUTOS = YES;
				GCC_WARN_UNUSED_FUNCTION = YES;
				GCC_WARN_UNUSED_VARIABLE = YES;
				IPHONEOS_DEPLOYMENT_TARGET = 12.0;
				ONLY_ACTIVE_ARCH = YES;
				SDKROOT = iphoneos;
			};
			name = Debug;
		};
		1E480DD61859C4540052A2F2 /* Release */ = {
			isa = XCBuildConfiguration;
			buildSettings = {
				ALWAYS_SEARCH_USER_PATHS = NO;
				ARCHS = "$(ARCHS_STANDARD)";
				CLANG_CXX_LANGUAGE_STANDARD = "gnu++0x";
				CLANG_CXX_LIBRARY = "libc++";
				CLANG_ENABLE_MODULES = YES;
				CLANG_ENABLE_OBJC_ARC = YES;
				CLANG_WARN_BOOL_CONVERSION = YES;
				CLANG_WARN_CONSTANT_CONVERSION = YES;
				CLANG_WARN_DIRECT_OBJC_ISA_USAGE = YES_ERROR;
				CLANG_WARN_EMPTY_BODY = YES;
				CLANG_WARN_ENUM_CONVERSION = YES;
				CLANG_WARN_INT_CONVERSION = YES;
				CLANG_WARN_OBJC_ROOT_CLASS = YES_ERROR;
				CLANG_WARN__DUPLICATE_METHOD_MATCH = YES;
				CODE_SIGN_IDENTITY = "iPhone Developer";
				"CODE_SIGN_IDENTITY[sdk=iphoneos*]" = "iPhone Developer: Yasushi Takeda (WZR8TP57UZ)";
				COPY_PHASE_STRIP = YES;
				ENABLE_NS_ASSERTIONS = NO;
				GCC_C_LANGUAGE_STANDARD = gnu99;
				GCC_WARN_64_TO_32_BIT_CONVERSION = YES;
				GCC_WARN_ABOUT_RETURN_TYPE = YES_ERROR;
				GCC_WARN_UNDECLARED_SELECTOR = YES;
				GCC_WARN_UNINITIALIZED_AUTOS = YES;
				GCC_WARN_UNUSED_FUNCTION = YES;
				GCC_WARN_UNUSED_VARIABLE = YES;
				IPHONEOS_DEPLOYMENT_TARGET = 12.0;
				SDKROOT = iphoneos;
				VALIDATE_PRODUCT = YES;
			};
			name = Release;
		};
		1E480DD81859C4540052A2F2 /* Debug */ = {
			isa = XCBuildConfiguration;
			buildSettings = {
				ARCHS = "$(ARCHS_STANDARD)";
				CLANG_CXX_LANGUAGE_STANDARD = "compiler-default";
				CLANG_CXX_LIBRARY = "compiler-default";
				CLANG_ENABLE_MODULES = NO;
				CLANG_ENABLE_OBJC_ARC = NO;
				CODE_SIGN_IDENTITY = "iPhone Developer";
				CODE_SIGN_STYLE = Automatic;
				COMPRESS_PNG_FILES = NO;
				DEVELOPMENT_TEAM = 5FH2J53M7P;
				GCC_PRECOMPILE_PREFIX_HEADER = YES;
				GCC_PREFIX_HEADER = "hspproj/hspproj-Prefix.pch";
				GCC_PREPROCESSOR_DEFINITIONS = (
					"DEBUG=1",
					HSPIOS,
					HSPDISH,
					HSPEMBED,
					USE_OBAQ,
				);
				HEADER_SEARCH_PATHS = (
					"gameplay\\**",
					"external-deps\\**",
					"gameplay/src\\**",
					"external-deps/include\\**",
					".\\**",
				);
				INFOPLIST_FILE = "hspproj/hspproj-Info.plist";
				IPHONEOS_DEPLOYMENT_TARGET = 12.0;
				LIBRARY_SEARCH_PATHS = (
					"$(inherited)",
					../iHSP27/lib,
				);
				ONLY_ACTIVE_ARCH = YES;
				PRODUCT_BUNDLE_IDENTIFIER = onionsoftware.hsptv.hspproj;
				PRODUCT_NAME = hspproj;
				PROVISIONING_PROFILE_SPECIFIER = "";
				TARGETED_DEVICE_FAMILY = "1,2";
				TVOS_DEPLOYMENT_TARGET = 12.0;
				VALID_ARCHS = "armv7 armv7s arm64";
				WRAPPER_EXTENSION = app;
			};
			name = Debug;
		};
		1E480DD91859C4540052A2F2 /* Release */ = {
			isa = XCBuildConfiguration;
			buildSettings = {
				ARCHS = "$(ARCHS_STANDARD)";
				CLANG_CXX_LANGUAGE_STANDARD = "compiler-default";
				CLANG_CXX_LIBRARY = "compiler-default";
				CLANG_ENABLE_MODULES = NO;
				CLANG_ENABLE_OBJC_ARC = NO;
				CODE_SIGN_IDENTITY = "iPhone Developer";
				CODE_SIGN_STYLE = Automatic;
				COMPRESS_PNG_FILES = NO;
				DEVELOPMENT_TEAM = 5FH2J53M7P;
				GCC_PRECOMPILE_PREFIX_HEADER = YES;
				GCC_PREFIX_HEADER = "hspproj/hspproj-Prefix.pch";
				GCC_PREPROCESSOR_DEFINITIONS = (
					USE_OBAQ,
					HSPEMBED,
					HSPDISH,
					HSPIOS,
				);
				HEADER_SEARCH_PATHS = (
					"gameplay\\**",
					"external-deps\\**",
					"gameplay/src\\**",
					"external-deps/include\\**",
					".\\**",
				);
				INFOPLIST_FILE = "hspproj/hspproj-Info.plist";
				IPHONEOS_DEPLOYMENT_TARGET = 12.0;
				LIBRARY_SEARCH_PATHS = (
					"$(inherited)",
					../iHSP27/lib,
				);
				ONLY_ACTIVE_ARCH = YES;
				PRODUCT_BUNDLE_IDENTIFIER = onionsoftware.hsptv.hspproj;
				PRODUCT_NAME = hspproj;
				PROVISIONING_PROFILE_SPECIFIER = "";
				TARGETED_DEVICE_FAMILY = "1,2";
				TVOS_DEPLOYMENT_TARGET = 12.0;
				VALID_ARCHS = "armv7 armv7s arm64";
				WRAPPER_EXTENSION = app;
			};
			name = Release;
		};
/* End XCBuildConfiguration section */

/* Begin XCConfigurationList section */
		1E480DA61859C4540052A2F2 /* Build configuration list for PBXProject "iosBuildTest" */ = {
			isa = XCConfigurationList;
			buildConfigurations = (
				1E480DD51859C4540052A2F2 /* Debug */,
				1E480DD61859C4540052A2F2 /* Release */,
			);
			defaultConfigurationIsVisible = 0;
			defaultConfigurationName = Release;
		};
		1E480DD71859C4540052A2F2 /* Build configuration list for PBXNativeTarget "iosBuildTest" */ = {
			isa = XCConfigurationList;
			buildConfigurations = (
				1E480DD81859C4540052A2F2 /* Debug */,
				1E480DD91859C4540052A2F2 /* Release */,
			);
			defaultConfigurationIsVisible = 0;
			defaultConfigurationName = Release;
		};
/* End XCConfigurationList section */
	};
	rootObject = 1E480DA31859C4540052A2F2 /* Project object */;
}
